{
  "name": "@einsteinindustries/tinacms-react-modals",
  "version": "0.43.15",
  "lockfileVersion": 2,
  "requires": true,
  "packages": {
    "": {
      "name": "@einsteinindustries/tinacms-react-modals",
      "version": "0.43.15",
      "license": "Apache-2.0",
      "devDependencies": {
        "@einsteinindustries/tinacms-icons": "^0.43.15",
        "@einsteinindustries/tinacms-react-core": "^0.43.15",
        "@einsteinindustries/tinacms-scripts": "^0.43.15",
        "@einsteinindustries/tinacms-styles": "^0.43.15"
      },
      "peerDependencies": {
        "@einsteinindustries/tinacms-icons": ">=0.7",
        "@einsteinindustries/tinacms-react-core": ">=0.2",
        "@einsteinindustries/tinacms-styles": ">=0.3",
        "react": ">=16.8",
        "react-dom": ">=16.8",
        "styled-components": ">=4.1"
      }
    },
    "node_modules/@babel/runtime": {
      "version": "7.16.7",
      "resolved": "https://registry.npmjs.org/@babel/runtime/-/runtime-7.16.7.tgz",
      "integrity": "sha512-9E9FJowqAsytyOY6LG+1KuueckRL+aQW+mKvXRXnuFGyRAyepJPmEo9vgMfXUA6O9u3IeEdv9MAkppFcaQwogQ==",
      "dev": true,
      "dependencies": {
        "regenerator-runtime": "^0.13.4"
      },
      "engines": {
        "node": ">=6.9.0"
      }
    },
    "node_modules/@einsteinindustries/tinacms-core": {
      "version": "0.43.15",
      "resolved": "https://registry.npmjs.org/@einsteinindustries/tinacms-core/-/tinacms-core-0.43.15.tgz",
      "integrity": "sha512-yUqwHXcXZ66VxGFnfLyTEnPLZjIQlNYgM53r/oF1rE0/rtBsvCGEZI75n1scPOInOGCZNANwoDrLMlrJx0eEGA==",
      "dev": true
    },
    "node_modules/@einsteinindustries/tinacms-forms": {
      "version": "0.43.15",
      "resolved": "https://registry.npmjs.org/@einsteinindustries/tinacms-forms/-/tinacms-forms-0.43.15.tgz",
      "integrity": "sha512-IJejnB/LH4AQvQVbNP+9bTHsU8SUzGf+QCInKtkGc6FjVdATmBz2fZxq3KhPhw6xh94walmWpMLN6cFJQhWD2Q==",
      "dev": true,
      "dependencies": {
        "final-form": "^4.20.2",
        "final-form-arrays": "^3.0.1"
      },
      "peerDependencies": {
        "react": ">=16.8"
      }
    },
    "node_modules/@einsteinindustries/tinacms-icons": {
      "version": "0.43.15",
      "resolved": "https://registry.npmjs.org/@einsteinindustries/tinacms-icons/-/tinacms-icons-0.43.15.tgz",
      "integrity": "sha512-94lbb5uzazlN/ksqUp0FwBQqHRQYRdNOF6Fjp6C+v+OQMZo2n18s2DQ83L28GGjC29PuPoLRwChm5znU+82acQ==",
      "dev": true
    },
    "node_modules/@einsteinindustries/tinacms-react-core": {
      "version": "0.43.15",
      "resolved": "https://registry.npmjs.org/@einsteinindustries/tinacms-react-core/-/tinacms-react-core-0.43.15.tgz",
      "integrity": "sha512-KwT/c8Air9dagSir3G2SPlM90xJC+sW3Ot/lc+7AJhPTjy6aQev5loi+wDGxy/ZLMZutlsVLbQgP/kVm0OEIjA==",
      "dev": true,
      "dependencies": {
        "@einsteinindustries/tinacms-core": "^0.43.15",
        "@einsteinindustries/tinacms-forms": "^0.43.15"
      },
      "peerDependencies": {
        "react": ">=16.8"
      }
    },
    "node_modules/@einsteinindustries/tinacms-scripts": {
      "version": "0.43.15",
      "resolved": "https://registry.npmjs.org/@einsteinindustries/tinacms-scripts/-/tinacms-scripts-0.43.15.tgz",
      "integrity": "sha512-FY11X3VirVhgFfOg07ml0fwNJmMF+CP7nQ/2SaCpg1k9wYcaPa4uUM6ZyXfJUGM9syGyGjMGhIa5UfkUuhj2zQ==",
      "dev": true,
      "bin": {
        "tinacms-scripts": "bin/scripts.js"
      }
    },
    "node_modules/@einsteinindustries/tinacms-styles": {
      "version": "0.43.15",
      "resolved": "https://registry.npmjs.org/@einsteinindustries/tinacms-styles/-/tinacms-styles-0.43.15.tgz",
      "integrity": "sha512-sTtz9q4ZWXcFPFcJsFftGJLl7tAPfkbkGyYiF/8i/F2rNcipNYZDBYL2o+dWkm7tYoO2LbMFTuCgnDEbOGjHig==",
      "dev": true,
      "dependencies": {
        "webfontloader": "^1.6.28"
      },
      "peerDependencies": {
        "styled-components": ">=4.1"
      }
    },
    "node_modules/final-form": {
      "version": "4.20.6",
      "resolved": "https://registry.npmjs.org/final-form/-/final-form-4.20.6.tgz",
      "integrity": "sha512-fCdwIj49KOaFfDRlXB57Eo+GghIMZQWrA9TakQI3C9uQxHwaFHXqZSNRlUdfnQmNNeySwGOaGPZCvjy58hyv4w==",
      "dev": true,
      "dependencies": {
        "@babel/runtime": "^7.10.0"
      },
      "funding": {
        "type": "opencollective",
        "url": "https://opencollective.com/final-form"
      }
    },
    "node_modules/final-form-arrays": {
      "version": "3.0.2",
      "resolved": "https://registry.npmjs.org/final-form-arrays/-/final-form-arrays-3.0.2.tgz",
      "integrity": "sha512-TfO8aZNz3RrsZCDx8GHMQcyztDNpGxSSi9w4wpSNKlmv2PfFWVVM8P7Yj5tj4n0OWax+x5YwTLhT5BnqSlCi+w==",
      "dev": true,
      "peerDependencies": {
        "final-form": "^4.18.2"
      }
    },
    "node_modules/regenerator-runtime": {
      "version": "0.13.9",
      "resolved": "https://registry.npmjs.org/regenerator-runtime/-/regenerator-runtime-0.13.9.tgz",
      "integrity": "sha512-p3VT+cOEgxFsRRA9X4lkI1E+k2/CtnKtU4gcxyaCUreilL/vqI6CdZ3wxVUx3UOUg+gnUOQQcRI7BmSI656MYA==",
      "dev": true
    },
    "node_modules/webfontloader": {
      "version": "1.6.28",
      "resolved": "https://registry.npmjs.org/webfontloader/-/webfontloader-1.6.28.tgz",
      "integrity": "sha1-23hhKSU8tujq5UwvsF+HCvZnW64=",
      "dev": true
    }
  },
  "dependencies": {
    "@babel/runtime": {
      "version": "7.16.7",
      "resolved": "https://registry.npmjs.org/@babel/runtime/-/runtime-7.16.7.tgz",
      "integrity": "sha512-9E9FJowqAsytyOY6LG+1KuueckRL+aQW+mKvXRXnuFGyRAyepJPmEo9vgMfXUA6O9u3IeEdv9MAkppFcaQwogQ==",
      "dev": true,
      "requires": {
        "regenerator-runtime": "^0.13.4"
      }
    },
    "@einsteinindustries/tinacms-core": {
      "version": "0.43.15",
      "resolved": "https://registry.npmjs.org/@einsteinindustries/tinacms-core/-/tinacms-core-0.43.15.tgz",
      "integrity": "sha512-yUqwHXcXZ66VxGFnfLyTEnPLZjIQlNYgM53r/oF1rE0/rtBsvCGEZI75n1scPOInOGCZNANwoDrLMlrJx0eEGA==",
      "dev": true
    },
    "@einsteinindustries/tinacms-forms": {
      "version": "0.43.15",
      "resolved": "https://registry.npmjs.org/@einsteinindustries/tinacms-forms/-/tinacms-forms-0.43.15.tgz",
      "integrity": "sha512-IJejnB/LH4AQvQVbNP+9bTHsU8SUzGf+QCInKtkGc6FjVdATmBz2fZxq3KhPhw6xh94walmWpMLN6cFJQhWD2Q==",
      "dev": true,
      "requires": {
        "final-form": "^4.20.2",
        "final-form-arrays": "^3.0.1"
      }
    },
    "@einsteinindustries/tinacms-icons": {
      "version": "0.43.15",
      "resolved": "https://registry.npmjs.org/@einsteinindustries/tinacms-icons/-/tinacms-icons-0.43.15.tgz",
      "integrity": "sha512-94lbb5uzazlN/ksqUp0FwBQqHRQYRdNOF6Fjp6C+v+OQMZo2n18s2DQ83L28GGjC29PuPoLRwChm5znU+82acQ==",
      "dev": true
    },
    "@einsteinindustries/tinacms-react-core": {
      "version": "0.43.15",
      "resolved": "https://registry.npmjs.org/@einsteinindustries/tinacms-react-core/-/tinacms-react-core-0.43.15.tgz",
      "integrity": "sha512-KwT/c8Air9dagSir3G2SPlM90xJC+sW3Ot/lc+7AJhPTjy6aQev5loi+wDGxy/ZLMZutlsVLbQgP/kVm0OEIjA==",
      "dev": true,
      "requires": {
        "@einsteinindustries/tinacms-core": "^0.43.15",
        "@einsteinindustries/tinacms-forms": "^0.43.15"
      }
    },
    "@einsteinindustries/tinacms-scripts": {
      "version": "0.43.15",
      "resolved": "https://registry.npmjs.org/@einsteinindustries/tinacms-scripts/-/tinacms-scripts-0.43.15.tgz",
      "integrity": "sha512-FY11X3VirVhgFfOg07ml0fwNJmMF+CP7nQ/2SaCpg1k9wYcaPa4uUM6ZyXfJUGM9syGyGjMGhIa5UfkUuhj2zQ==",
      "dev": true
    },
    "@einsteinindustries/tinacms-styles": {
      "version": "0.43.15",
      "resolved": "https://registry.npmjs.org/@einsteinindustries/tinacms-styles/-/tinacms-styles-0.43.15.tgz",
      "integrity": "sha512-sTtz9q4ZWXcFPFcJsFftGJLl7tAPfkbkGyYiF/8i/F2rNcipNYZDBYL2o+dWkm7tYoO2LbMFTuCgnDEbOGjHig==",
      "dev": true,
      "requires": {
        "webfontloader": "^1.6.28"
      }
    },
    "final-form": {
      "version": "4.20.6",
      "resolved": "https://registry.npmjs.org/final-form/-/final-form-4.20.6.tgz",
      "integrity": "sha512-fCdwIj49KOaFfDRlXB57Eo+GghIMZQWrA9TakQI3C9uQxHwaFHXqZSNRlUdfnQmNNeySwGOaGPZCvjy58hyv4w==",
      "dev": true,
      "requires": {
        "@babel/runtime": "^7.10.0"
      }
    },
    "final-form-arrays": {
      "version": "3.0.2",
      "resolved": "https://registry.npmjs.org/final-form-arrays/-/final-form-arrays-3.0.2.tgz",
      "integrity": "sha512-TfO8aZNz3RrsZCDx8GHMQcyztDNpGxSSi9w4wpSNKlmv2PfFWVVM8P7Yj5tj4n0OWax+x5YwTLhT5BnqSlCi+w==",
      "dev": true
    },
    "regenerator-runtime": {
      "version": "0.13.9",
      "resolved": "https://registry.npmjs.org/regenerator-runtime/-/regenerator-runtime-0.13.9.tgz",
      "integrity": "sha512-p3VT+cOEgxFsRRA9X4lkI1E+k2/CtnKtU4gcxyaCUreilL/vqI6CdZ3wxVUx3UOUg+gnUOQQcRI7BmSI656MYA==",
      "dev": true
    },
    "webfontloader": {
      "version": "1.6.28",
      "resolved": "https://registry.npmjs.org/webfontloader/-/webfontloader-1.6.28.tgz",
      "integrity": "sha1-23hhKSU8tujq5UwvsF+HCvZnW64=",
      "dev": true
    }
  }
}
