{
  "name": "@einsteinindustries/tinacms-core",
  "version": "0.43.16",
  "lockfileVersion": 1,
  "requires": true,
  "dependencies": {
    "@einsteinindustries/tinacms-scripts": {
      "version": "0.43.16",
      "resolved": "https://registry.npmjs.org/@einsteinindustries/tinacms-scripts/-/tinacms-scripts-0.43.16.tgz",
      "integrity": "sha512-ymYN+Hk4J/b0NjudRgxWEhuoRlMUzT6cMKtwWiyw+KLMlGLAygOruNIh7VuJ83HoyfRK0/vTixMt0+0Xy88+Sw==",
      "dev": true
    }
  }
}
