{
	"name": "@einsteinindustries/tinacms-core",
	"version": "0.43.14",
	"lockfileVersion": 2,
	"requires": true,
	"packages": {
		"": {
			"name": "@einsteinindustries/tinacms-core",
			"version": "0.43.12",
			"license": "Apache-2.0",
			"devDependencies": {
				"@tinacms/scripts": "^0.42.1"
			}
		},
		"node_modules/@tinacms/scripts": {
			"version": "0.42.1",
			"resolved": "https://registry.npmjs.org/@tinacms/scripts/-/scripts-0.42.1.tgz",
			"integrity": "sha512-M3UHJDkYkDXXVPU4sFbz6FMI+hkszxlCAzY0dkiBNbSaXMWbjSgX7WeKhio0AdagQuBtRBmdzPD6ENhEeaQlcg==",
			"dev": true,
			"bin": {
				"tinacms-scripts": "bin/scripts.js"
			}
		}
	},
	"dependencies": {
		"@tinacms/scripts": {
			"version": "0.42.1",
			"resolved": "https://registry.npmjs.org/@tinacms/scripts/-/scripts-0.42.1.tgz",
			"integrity": "sha512-M3UHJDkYkDXXVPU4sFbz6FMI+hkszxlCAzY0dkiBNbSaXMWbjSgX7WeKhio0AdagQuBtRBmdzPD6ENhEeaQlcg==",
			"dev": true
		}
	}
}
