{
  "name": "@einsteinindustries/tinacms-react-sidebar",
  "version": "0.44.312",
  "lockfileVersion": 1,
  "requires": true,
  "dependencies": {
    "@babel/runtime": {
      "version": "7.17.2",
      "resolved": "https://registry.npmjs.org/@babel/runtime/-/runtime-7.17.2.tgz",
      "integrity": "sha512-hzeyJyMA1YGdJTuWU0e/j4wKXrU4OMFvY2MSlaI9B7VQb0r5cxTE3EAIS2Q7Tn2RIcDkRvTA/v2JsAEhxe99uw==",
      "requires": {
        "regenerator-runtime": "^0.13.4"
      }
    },
    "@babel/runtime-corejs2": {
      "version": "7.17.2",
      "resolved": "https://registry.npmjs.org/@babel/runtime-corejs2/-/runtime-corejs2-7.17.2.tgz",
      "integrity": "sha512-EamjJvKlHTdSmJ8t6yHtqttdiA3xThvTNdmGb0Kh0oqRhV1SU2JGFU5TjVCg35Vnn8MYfUBHHtLZYHIY+W28qw==",
      "dev": true,
      "requires": {
        "core-js": "^2.6.5",
        "regenerator-runtime": "^0.13.4"
      }
    },
    "@einsteinindustries/tinacms-core": {
      "version": "0.43.19",
      "resolved": "https://registry.npmjs.org/@einsteinindustries/tinacms-core/-/tinacms-core-0.43.19.tgz",
      "integrity": "sha512-Wnp71UVM8bQhvauJA+1h8drqqU/HxkncTThMmXQ0HY+f//9BCZMkyTJpObEP6dC5T3BTEjxOJEHUH/yrDU7qgA=="
    },
    "@einsteinindustries/tinacms-form-builder": {
      "version": "0.43.19",
      "resolved": "https://registry.npmjs.org/@einsteinindustries/tinacms-form-builder/-/tinacms-form-builder-0.43.19.tgz",
      "integrity": "sha512-+Gd6SpFMyotDj/PdjX6E4VqphNFHXjaPwffEAOvxgDDjBMj+7coE0qXrOKUwF2Vfl1veZ1MH8OadlxcJHWMmBA==",
      "dev": true,
      "requires": {
        "@einsteinindustries/tinacms-forms": "^0.43.19",
        "@einsteinindustries/tinacms-icons": "^0.43.19",
        "@einsteinindustries/tinacms-react-core": "^0.43.19",
        "@einsteinindustries/tinacms-react-modals": "^0.43.19",
        "@einsteinindustries/tinacms-styles": "^0.43.19",
        "react-final-form": "^6.3.0"
      }
    },
    "@einsteinindustries/tinacms-forms": {
      "version": "0.43.19",
      "resolved": "https://registry.npmjs.org/@einsteinindustries/tinacms-forms/-/tinacms-forms-0.43.19.tgz",
      "integrity": "sha512-2A0S0ZUeAshPVGmolK07Ju3eoeCfebsM1Cgf0t4p9c5FuOlWfkYvigSpYs3Wvngi4NvM5qNAsfNNovd4Yp/G1A==",
      "requires": {
        "final-form": "^4.20.2",
        "final-form-arrays": "^3.0.1"
      }
    },
    "@einsteinindustries/tinacms-icons": {
      "version": "0.43.19",
      "resolved": "https://registry.npmjs.org/@einsteinindustries/tinacms-icons/-/tinacms-icons-0.43.19.tgz",
      "integrity": "sha512-kY1hCwV0IHxxnKQHMBByXvKFnC3arIpok5n/MyTkCtKfNVsDecDyC5SGD/FsmPoy3TJWPkpH/QoQhat39AYscA==",
      "dev": true
    },
    "@einsteinindustries/tinacms-react-core": {
      "version": "0.43.19",
      "resolved": "https://registry.npmjs.org/@einsteinindustries/tinacms-react-core/-/tinacms-react-core-0.43.19.tgz",
      "integrity": "sha512-sE4v6VFWDIQk6dSeo2wQo+w8CTM0LeJ1lSbVh3cYw0+kfHur1TR06+zs7ID9IoSYkCo7VLwu7N/AKejtB0AFkw==",
      "dev": true,
      "requires": {
        "@einsteinindustries/tinacms-core": "^0.43.19",
        "@einsteinindustries/tinacms-forms": "^0.43.19"
      }
    },
    "@einsteinindustries/tinacms-react-forms": {
      "version": "0.43.19",
      "resolved": "https://registry.npmjs.org/@einsteinindustries/tinacms-react-forms/-/tinacms-react-forms-0.43.19.tgz",
      "integrity": "sha512-vhAck4S904Yp5oaMzf0wyzd93wKvA/Bq0sMZtR5tnhau3fROhuWZ6fWlQiwTI9nrJ5+XaHCw0s/pR6eKiaozBw==",
      "dev": true,
      "requires": {
        "@einsteinindustries/tinacms-form-builder": "^0.43.19",
        "react-beautiful-dnd": "^11.0.5",
        "react-dismissible": "^1.3.0"
      }
    },
    "@einsteinindustries/tinacms-react-modals": {
      "version": "0.43.19",
      "resolved": "https://registry.npmjs.org/@einsteinindustries/tinacms-react-modals/-/tinacms-react-modals-0.43.19.tgz",
      "integrity": "sha512-UJOg4D1dCzH1UNEegTeh1FZ0uyXyOLZVahUZw9l5C7fSUyKanhdhKNdZR4Dj6Co42uJhOqK3lHiLrvzsLqYRPQ==",
      "dev": true
    },
    "@einsteinindustries/tinacms-react-screens": {
      "version": "0.43.19",
      "resolved": "https://registry.npmjs.org/@einsteinindustries/tinacms-react-screens/-/tinacms-react-screens-0.43.19.tgz",
      "integrity": "sha512-BQI7X/b78ohHLzNJKIoLp/yFFwJ7LoZNE7WE6xm0JUXdtgfbXLdwJfPnEazZgH2MW3iLeMzp41zYNNT3h+SCpw==",
      "dev": true
    },
    "@einsteinindustries/tinacms-scripts": {
      "version": "0.43.19",
      "resolved": "https://registry.npmjs.org/@einsteinindustries/tinacms-scripts/-/tinacms-scripts-0.43.19.tgz",
      "integrity": "sha512-yax2DXkgSYNFdIa7iI4dtzyHUq9vTg3zXy6By9SRVVNscnbhq6RAfP5Y6Qb0Gr3O2RZVC6oLmBOwW0TVXQiDmw==",
      "dev": true
    },
    "@einsteinindustries/tinacms-styles": {
      "version": "0.43.19",
      "resolved": "https://registry.npmjs.org/@einsteinindustries/tinacms-styles/-/tinacms-styles-0.43.19.tgz",
      "integrity": "sha512-HFzhXxFs/2xvNsbenFLb0bF5ByUwC6inD3h3HC5BGN4uuE2F8WFb7CoKZJf7jiB9qFjYaYhyHcx+wKS0sz1jsg==",
      "dev": true,
      "requires": {
        "webfontloader": "^1.6.28"
      }
    },
    "@types/hoist-non-react-statics": {
      "version": "3.3.1",
      "resolved": "https://registry.npmjs.org/@types/hoist-non-react-statics/-/hoist-non-react-statics-3.3.1.tgz",
      "integrity": "sha512-iMIqiko6ooLrTh1joXodJK5X9xeEALT1kM5G3ZLhD3hszxBdIEd5C75U834D9mLcINgD4OyZf5uQXjkuYydWvA==",
      "dev": true,
      "requires": {
        "@types/react": "*",
        "hoist-non-react-statics": "^3.3.0"
      }
    },
    "@types/prop-types": {
      "version": "15.7.4",
      "resolved": "https://registry.npmjs.org/@types/prop-types/-/prop-types-15.7.4.tgz",
      "integrity": "sha512-rZ5drC/jWjrArrS8BR6SIr4cWpW09RNTYt9AMZo3Jwwif+iacXAqgVjm0B0Bv/S1jhDXKHqRVNCbACkJ89RAnQ==",
      "dev": true
    },
    "@types/react": {
      "version": "17.0.39",
      "resolved": "https://registry.npmjs.org/@types/react/-/react-17.0.39.tgz",
      "integrity": "sha512-UVavlfAxDd/AgAacMa60Azl7ygyQNRwC/DsHZmKgNvPmRR5p70AJ5Q9EAmL2NWOJmeV+vVUI4IAP7GZrN8h8Ug==",
      "dev": true,
      "requires": {
        "@types/prop-types": "*",
        "@types/scheduler": "*",
        "csstype": "^3.0.2"
      }
    },
    "@types/react-redux": {
      "version": "7.1.22",
      "resolved": "https://registry.npmjs.org/@types/react-redux/-/react-redux-7.1.22.tgz",
      "integrity": "sha512-GxIA1kM7ClU73I6wg9IRTVwSO9GS+SAKZKe0Enj+82HMU6aoESFU2HNAdNi3+J53IaOHPiUfT3kSG4L828joDQ==",
      "dev": true,
      "requires": {
        "@types/hoist-non-react-statics": "^3.3.0",
        "@types/react": "*",
        "hoist-non-react-statics": "^3.3.0",
        "redux": "^4.0.0"
      }
    },
    "@types/scheduler": {
      "version": "0.16.2",
      "resolved": "https://registry.npmjs.org/@types/scheduler/-/scheduler-0.16.2.tgz",
      "integrity": "sha512-hppQEBDmlwhFAXKJX2KnWLYu5yMfi91yazPb2l+lbJiwW+wdo1gNeRA+3RgNSO39WYX2euey41KEwnqesU2Jew==",
      "dev": true
    },
    "core-js": {
      "version": "2.6.12",
      "resolved": "https://registry.npmjs.org/core-js/-/core-js-2.6.12.tgz",
      "integrity": "sha512-Kb2wC0fvsWfQrgk8HU5lW6U/Lcs8+9aaYcy4ZFc6DDlo4nZ7n70dEgE5rtR0oG6ufKDUnrwfWL1mXR5ljDatrQ==",
      "dev": true
    },
    "css-box-model": {
      "version": "1.2.1",
      "resolved": "https://registry.npmjs.org/css-box-model/-/css-box-model-1.2.1.tgz",
      "integrity": "sha512-a7Vr4Q/kd/aw96bnJG332W9V9LkJO69JRcaCYDUqjp6/z0w6VcZjgAcTbgFxEPfBgdnAwlh3iwu+hLopa+flJw==",
      "dev": true,
      "requires": {
        "tiny-invariant": "^1.0.6"
      }
    },
    "csstype": {
      "version": "3.0.10",
      "resolved": "https://registry.npmjs.org/csstype/-/csstype-3.0.10.tgz",
      "integrity": "sha512-2u44ZG2OcNUO9HDp/Jl8C07x6pU/eTR3ncV91SiK3dhG9TWvRVsCoJw14Ckx5DgWkzGA3waZWO3d7pgqpUI/XA==",
      "dev": true
    },
    "final-form": {
      "version": "4.20.6",
      "resolved": "https://registry.npmjs.org/final-form/-/final-form-4.20.6.tgz",
      "integrity": "sha512-fCdwIj49KOaFfDRlXB57Eo+GghIMZQWrA9TakQI3C9uQxHwaFHXqZSNRlUdfnQmNNeySwGOaGPZCvjy58hyv4w==",
      "requires": {
        "@babel/runtime": "^7.10.0"
      }
    },
    "final-form-arrays": {
      "version": "3.0.2",
      "resolved": "https://registry.npmjs.org/final-form-arrays/-/final-form-arrays-3.0.2.tgz",
      "integrity": "sha512-TfO8aZNz3RrsZCDx8GHMQcyztDNpGxSSi9w4wpSNKlmv2PfFWVVM8P7Yj5tj4n0OWax+x5YwTLhT5BnqSlCi+w=="
    },
    "hoist-non-react-statics": {
      "version": "3.3.2",
      "resolved": "https://registry.npmjs.org/hoist-non-react-statics/-/hoist-non-react-statics-3.3.2.tgz",
      "integrity": "sha512-/gGivxi8JPKWNm/W0jSmzcMPpfpPLc3dY/6GxhX2hQ9iGj3aDfklV4ET7NjKpSinLpJ5vafa9iiGIEZg10SfBw==",
      "dev": true,
      "requires": {
        "react-is": "^16.7.0"
      },
      "dependencies": {
        "react-is": {
          "version": "16.13.1",
          "resolved": "https://registry.npmjs.org/react-is/-/react-is-16.13.1.tgz",
          "integrity": "sha512-24e6ynE2H+OKt4kqsOvNd8kBpV65zoxbA4BVsEOB3ARVWQki/DHzaUoC5KuON/BiccDaCCTZBuOcfZs70kR8bQ==",
          "dev": true
        }
      }
    },
    "js-tokens": {
      "version": "4.0.0",
      "resolved": "https://registry.npmjs.org/js-tokens/-/js-tokens-4.0.0.tgz",
      "integrity": "sha512-RdJUflcE3cUzKiMqQgsCu06FPu9UdIJO0beYbPhHN4k6apgJtifcoCtT9bcxOpYBtpD2kCM6Sbzg4CausW/PKQ==",
      "dev": true
    },
    "loose-envify": {
      "version": "1.4.0",
      "resolved": "https://registry.npmjs.org/loose-envify/-/loose-envify-1.4.0.tgz",
      "integrity": "sha512-lyuxPGr/Wfhrlem2CL/UcnUc1zcqKAImBDzukY7Y5F/yQiNdko6+fRLevlw1HgMySw7f611UIY408EtxRSoK3Q==",
      "dev": true,
      "requires": {
        "js-tokens": "^3.0.0 || ^4.0.0"
      }
    },
    "memoize-one": {
      "version": "5.2.1",
      "resolved": "https://registry.npmjs.org/memoize-one/-/memoize-one-5.2.1.tgz",
      "integrity": "sha512-zYiwtZUcYyXKo/np96AGZAckk+FWWsUdJ3cHGGmld7+AhvcWmQyGCYUh1hc4Q/pkOhb65dQR/pqCyK0cOaHz4Q==",
      "dev": true
    },
    "object-assign": {
      "version": "4.1.1",
      "resolved": "https://registry.npmjs.org/object-assign/-/object-assign-4.1.1.tgz",
      "integrity": "sha1-IQmtx5ZYh8/AXLvUQsrIv7s2CGM=",
      "dev": true
    },
    "prop-types": {
      "version": "15.8.1",
      "resolved": "https://registry.npmjs.org/prop-types/-/prop-types-15.8.1.tgz",
      "integrity": "sha512-oj87CgZICdulUohogVAR7AjlC0327U4el4L6eAvOqCeudMDVU0NThNaV+b9Df4dXgSP1gXMTnPdhfe/2qDH5cg==",
      "dev": true,
      "requires": {
        "loose-envify": "^1.4.0",
        "object-assign": "^4.1.1",
        "react-is": "^16.13.1"
      },
      "dependencies": {
        "react-is": {
          "version": "16.13.1",
          "resolved": "https://registry.npmjs.org/react-is/-/react-is-16.13.1.tgz",
          "integrity": "sha512-24e6ynE2H+OKt4kqsOvNd8kBpV65zoxbA4BVsEOB3ARVWQki/DHzaUoC5KuON/BiccDaCCTZBuOcfZs70kR8bQ==",
          "dev": true
        }
      }
    },
    "raf-schd": {
      "version": "4.0.3",
      "resolved": "https://registry.npmjs.org/raf-schd/-/raf-schd-4.0.3.tgz",
      "integrity": "sha512-tQkJl2GRWh83ui2DiPTJz9wEiMN20syf+5oKfB03yYP7ioZcJwsIK8FjrtLwH1m7C7e+Tt2yYBlrOpdT+dyeIQ==",
      "dev": true
    },
    "react-beautiful-dnd": {
      "version": "11.0.5",
      "resolved": "https://registry.npmjs.org/react-beautiful-dnd/-/react-beautiful-dnd-11.0.5.tgz",
      "integrity": "sha512-7llby9U+jIfkINcyxPHVWU0HFYzqxMemUYgGHsFsbx4fZo1n/pW6sYKYzhxGxR3Ap5HxqswcQkKUZX4uEUWhlw==",
      "dev": true,
      "requires": {
        "@babel/runtime-corejs2": "^7.4.5",
        "css-box-model": "^1.1.2",
        "memoize-one": "^5.0.4",
        "raf-schd": "^4.0.0",
        "react-redux": "^7.0.3",
        "redux": "^4.0.1",
        "tiny-invariant": "^1.0.4",
        "use-memo-one": "^1.1.0"
      }
    },
    "react-dismissible": {
      "version": "1.3.0",
      "resolved": "https://registry.npmjs.org/react-dismissible/-/react-dismissible-1.3.0.tgz",
      "integrity": "sha512-KqShOnw84Ft2Hx/O5KrwTDY1bXmICcJ8HlRIqSdn6j4Lg3OLVrETBiPgGUB4CRNRquVihcd5JmgDa0WUVdBG9g=="
    },
    "react-final-form": {
      "version": "6.5.8",
      "resolved": "https://registry.npmjs.org/react-final-form/-/react-final-form-6.5.8.tgz",
      "integrity": "sha512-j8Rmr5zAaMliNbh+CPnY734exHfk7MjQ8I6ZcykcChmPDFPV2aF40PFAcmQ/KreA10AI8ew0tff6q0gVqwFaGA==",
      "dev": true,
      "requires": {
        "@babel/runtime": "^7.15.4"
      }
    },
    "react-is": {
      "version": "17.0.2",
      "resolved": "https://registry.npmjs.org/react-is/-/react-is-17.0.2.tgz",
      "integrity": "sha512-w2GsyukL62IJnlaff/nRegPQR94C/XXamvMWmSHRJ4y7Ts/4ocGRmTHvOs8PSE6pB3dWOrD/nueuU5sduBsQ4w==",
      "dev": true
    },
    "react-redux": {
      "version": "7.2.6",
      "resolved": "https://registry.npmjs.org/react-redux/-/react-redux-7.2.6.tgz",
      "integrity": "sha512-10RPdsz0UUrRL1NZE0ejTkucnclYSgXp5q+tB5SWx2qeG2ZJQJyymgAhwKy73yiL/13btfB6fPr+rgbMAaZIAQ==",
      "dev": true,
      "requires": {
        "@babel/runtime": "^7.15.4",
        "@types/react-redux": "^7.1.20",
        "hoist-non-react-statics": "^3.3.2",
        "loose-envify": "^1.4.0",
        "prop-types": "^15.7.2",
        "react-is": "^17.0.2"
      }
    },
    "redux": {
      "version": "4.1.2",
      "resolved": "https://registry.npmjs.org/redux/-/redux-4.1.2.tgz",
      "integrity": "sha512-SH8PglcebESbd/shgf6mii6EIoRM0zrQyjcuQ+ojmfxjTtE0z9Y8pa62iA/OJ58qjP6j27uyW4kUF4jl/jd6sw==",
      "dev": true,
      "requires": {
        "@babel/runtime": "^7.9.2"
      }
    },
    "regenerator-runtime": {
      "version": "0.13.9",
      "resolved": "https://registry.npmjs.org/regenerator-runtime/-/regenerator-runtime-0.13.9.tgz",
      "integrity": "sha512-p3VT+cOEgxFsRRA9X4lkI1E+k2/CtnKtU4gcxyaCUreilL/vqI6CdZ3wxVUx3UOUg+gnUOQQcRI7BmSI656MYA=="
    },
    "tiny-invariant": {
      "version": "1.2.0",
      "resolved": "https://registry.npmjs.org/tiny-invariant/-/tiny-invariant-1.2.0.tgz",
      "integrity": "sha512-1Uhn/aqw5C6RI4KejVeTg6mIS7IqxnLJ8Mv2tV5rTc0qWobay7pDUz6Wi392Cnc8ak1H0F2cjoRzb2/AW4+Fvg==",
      "dev": true
    },
    "use-memo-one": {
      "version": "1.1.2",
      "resolved": "https://registry.npmjs.org/use-memo-one/-/use-memo-one-1.1.2.tgz",
      "integrity": "sha512-u2qFKtxLsia/r8qG0ZKkbytbztzRb317XCkT7yP8wxL0tZ/CzK2G+WWie5vWvpyeP7+YoPIwbJoIHJ4Ba4k0oQ==",
      "dev": true
    },
    "webfontloader": {
      "version": "1.6.28",
      "resolved": "https://registry.npmjs.org/webfontloader/-/webfontloader-1.6.28.tgz",
      "integrity": "sha1-23hhKSU8tujq5UwvsF+HCvZnW64=",
      "dev": true
    }
  }
}
