{
  "name": "@tinacms/react-sidebar",
  "version": "0.31.0",
  "lockfileVersion": 1,
  "requires": true,
  "dependencies": {
    "react-dismissible": {
      "version": "1.3.0",
      "resolved": "https://registry.npmjs.org/react-dismissible/-/react-dismissible-1.3.0.tgz",
      "integrity": "sha512-KqShOnw84Ft2Hx/O5KrwTDY1bXmICcJ8HlRIqSdn6j4Lg3OLVrETBiPgGUB4CRNRquVihcd5JmgDa0WUVdBG9g=="
    }
  }
}
