{
  "name": "@einsteinindustries/tinacms-icons",
  "version": "0.43.16",
  "lockfileVersion": 2,
  "requires": true,
  "packages": {
    "": {
      "name": "@einsteinindustries/tinacms-icons",
      "version": "0.43.15",
      "license": "Apache-2.0",
      "devDependencies": {
        "@einsteinindustries/tinacms-scripts": "^0.43.15"
      }
    },
    "node_modules/@einsteinindustries/tinacms-scripts": {
      "version": "0.43.15",
      "resolved": "https://registry.npmjs.org/@einsteinindustries/tinacms-scripts/-/tinacms-scripts-0.43.15.tgz",
      "integrity": "sha512-FY11X3VirVhgFfOg07ml0fwNJmMF+CP7nQ/2SaCpg1k9wYcaPa4uUM6ZyXfJUGM9syGyGjMGhIa5UfkUuhj2zQ==",
      "dev": true,
      "bin": {
        "tinacms-scripts": "bin/scripts.js"
      }
    }
  },
  "dependencies": {
    "@einsteinindustries/tinacms-scripts": {
      "version": "0.43.15",
      "resolved": "https://registry.npmjs.org/@einsteinindustries/tinacms-scripts/-/tinacms-scripts-0.43.15.tgz",
      "integrity": "sha512-FY11X3VirVhgFfOg07ml0fwNJmMF+CP7nQ/2SaCpg1k9wYcaPa4uUM6ZyXfJUGM9syGyGjMGhIa5UfkUuhj2zQ==",
      "dev": true
    }
  }
}
