{
  "name": "@einsteinindustries/tinacms-icons",
  "version": "0.44.314",
  "lockfileVersion": 1,
  "requires": true,
  "dependencies": {
    "@einsteinindustries/tinacms-scripts": {
      "version": "0.43.19",
      "resolved": "https://registry.npmjs.org/@einsteinindustries/tinacms-scripts/-/tinacms-scripts-0.43.19.tgz",
      "integrity": "sha512-yax2DXkgSYNFdIa7iI4dtzyHUq9vTg3zXy6By9SRVVNscnbhq6RAfP5Y6Qb0Gr3O2RZVC6oLmBOwW0TVXQiDmw==",
      "dev": true
    }
  }
}
