{
  "name": "@einsteinindustries/tinacms-icons",
  "version": "0.43.18",
  "lockfileVersion": 1,
  "requires": true,
  "dependencies": {
    "@einsteinindustries/tinacms-scripts": {
      "version": "0.43.17",
      "resolved": "https://registry.npmjs.org/@einsteinindustries/tinacms-scripts/-/tinacms-scripts-0.43.17.tgz",
      "integrity": "sha512-exWa+zfjxbf07cQXTU3hav24OO+We37n8Ok2VPcBzRzMLwfnriZD3SAHO8pzxamXKP1CvzE2amdVp7xG7HYgUg==",
      "dev": true
    }
  }
}
