{
  "name": "@einsteinindustries/tinacms-browser-storage",
  "version": "0.43.17",
  "lockfileVersion": 1,
  "requires": true,
  "dependencies": {
    "@babel/runtime": {
      "version": "7.16.7",
      "resolved": "https://registry.npmjs.org/@babel/runtime/-/runtime-7.16.7.tgz",
      "integrity": "sha512-9E9FJowqAsytyOY6LG+1KuueckRL+aQW+mKvXRXnuFGyRAyepJPmEo9vgMfXUA6O9u3IeEdv9MAkppFcaQwogQ==",
      "dev": true,
      "requires": {
        "regenerator-runtime": "^0.13.4"
      }
    },
    "@einsteinindustries/tinacms-core": {
      "version": "0.43.17",
      "resolved": "https://registry.npmjs.org/@einsteinindustries/tinacms-core/-/tinacms-core-0.43.17.tgz",
      "integrity": "sha512-1eVJl0oLHtj5NDSzx2el9LDHklyO3cNwraQnq4qPWQKp40Q/DHU4haiBSzNKuyfPc6WauXTRdxp5/o3kE6wIgw==",
      "dev": true
    },
    "@einsteinindustries/tinacms-forms": {
      "version": "0.43.17",
      "resolved": "https://registry.npmjs.org/@einsteinindustries/tinacms-forms/-/tinacms-forms-0.43.17.tgz",
      "integrity": "sha512-mC6RMqFd6BNNDXKSrvlWm7NZK5VYx4yYPOGH4g6ePQHsD11da1nVcg2k4PCqHtpfS0y/jsqQiC+iSDLHWU67HQ==",
      "dev": true,
      "requires": {
        "final-form": "^4.20.2",
        "final-form-arrays": "^3.0.1"
      }
    },
    "@einsteinindustries/tinacms-react-core": {
      "version": "0.43.17",
      "resolved": "https://registry.npmjs.org/@einsteinindustries/tinacms-react-core/-/tinacms-react-core-0.43.17.tgz",
      "integrity": "sha512-gmsy6acFNelt9iN9qTd2LG9LnGWZwJv7K56wjam7Bl3CNmUBVlPH6U+oDDGU0A2Bf7afB9ngF1Pvu5GS/NbkJw==",
      "dev": true,
      "requires": {
        "@einsteinindustries/tinacms-core": "^0.43.17",
        "@einsteinindustries/tinacms-forms": "^0.43.17"
      }
    },
    "@einsteinindustries/tinacms-scripts": {
      "version": "0.43.17",
      "resolved": "https://registry.npmjs.org/@einsteinindustries/tinacms-scripts/-/tinacms-scripts-0.43.17.tgz",
      "integrity": "sha512-exWa+zfjxbf07cQXTU3hav24OO+We37n8Ok2VPcBzRzMLwfnriZD3SAHO8pzxamXKP1CvzE2amdVp7xG7HYgUg==",
      "dev": true
    },
    "final-form": {
      "version": "4.20.6",
      "resolved": "https://registry.npmjs.org/final-form/-/final-form-4.20.6.tgz",
      "integrity": "sha512-fCdwIj49KOaFfDRlXB57Eo+GghIMZQWrA9TakQI3C9uQxHwaFHXqZSNRlUdfnQmNNeySwGOaGPZCvjy58hyv4w==",
      "dev": true,
      "requires": {
        "@babel/runtime": "^7.10.0"
      }
    },
    "final-form-arrays": {
      "version": "3.0.2",
      "resolved": "https://registry.npmjs.org/final-form-arrays/-/final-form-arrays-3.0.2.tgz",
      "integrity": "sha512-TfO8aZNz3RrsZCDx8GHMQcyztDNpGxSSi9w4wpSNKlmv2PfFWVVM8P7Yj5tj4n0OWax+x5YwTLhT5BnqSlCi+w==",
      "dev": true
    },
    "lodash.get": {
      "version": "4.4.2",
      "resolved": "https://registry.npmjs.org/lodash.get/-/lodash.get-4.4.2.tgz",
      "integrity": "sha1-LRd/ZS+jHpObRDjVNBSZ36OCXpk="
    },
    "regenerator-runtime": {
      "version": "0.13.9",
      "resolved": "https://registry.npmjs.org/regenerator-runtime/-/regenerator-runtime-0.13.9.tgz",
      "integrity": "sha512-p3VT+cOEgxFsRRA9X4lkI1E+k2/CtnKtU4gcxyaCUreilL/vqI6CdZ3wxVUx3UOUg+gnUOQQcRI7BmSI656MYA==",
      "dev": true
    }
  }
}
