{
	"name": "@einsteinindustries/tinacms-browser-storage",
	"version": "0.43.15",
	"lockfileVersion": 2,
	"requires": true,
	"packages": {
		"": {
			"name": "@einsteinindustries/tinacms-browser-storage",
			"version": "0.43.15",
			"license": "Apache-2.0",
			"dependencies": {
				"lodash.get": "^4.4.2"
			}
		},
		"node_modules/lodash.get": {
			"version": "4.4.2",
			"resolved": "https://registry.npmjs.org/lodash.get/-/lodash.get-4.4.2.tgz",
			"integrity": "sha1-LRd/ZS+jHpObRDjVNBSZ36OCXpk="
		}
	},
	"dependencies": {
		"lodash.get": {
			"version": "4.4.2",
			"resolved": "https://registry.npmjs.org/lodash.get/-/lodash.get-4.4.2.tgz",
			"integrity": "sha1-LRd/ZS+jHpObRDjVNBSZ36OCXpk="
		}
	}
}
