{
  "name": "@einsteinindustries/tinacms-browser-storage",
  "version": "0.45.2",
  "lockfileVersion": 1,
  "requires": true,
  "dependencies": {
    "@babel/runtime": {
      "version": "7.17.2",
      "resolved": "https://registry.npmjs.org/@babel/runtime/-/runtime-7.17.2.tgz",
      "integrity": "sha512-hzeyJyMA1YGdJTuWU0e/j4wKXrU4OMFvY2MSlaI9B7VQb0r5cxTE3EAIS2Q7Tn2RIcDkRvTA/v2JsAEhxe99uw==",
      "dev": true,
      "requires": {
        "regenerator-runtime": "^0.13.4"
      }
    },
    "@einsteinindustries/tinacms-core": {
      "version": "0.43.19",
      "resolved": "https://registry.npmjs.org/@einsteinindustries/tinacms-core/-/tinacms-core-0.43.19.tgz",
      "integrity": "sha512-Wnp71UVM8bQhvauJA+1h8drqqU/HxkncTThMmXQ0HY+f//9BCZMkyTJpObEP6dC5T3BTEjxOJEHUH/yrDU7qgA==",
      "dev": true
    },
    "@einsteinindustries/tinacms-forms": {
      "version": "0.43.19",
      "resolved": "https://registry.npmjs.org/@einsteinindustries/tinacms-forms/-/tinacms-forms-0.43.19.tgz",
      "integrity": "sha512-2A0S0ZUeAshPVGmolK07Ju3eoeCfebsM1Cgf0t4p9c5FuOlWfkYvigSpYs3Wvngi4NvM5qNAsfNNovd4Yp/G1A==",
      "dev": true,
      "requires": {
        "final-form": "^4.20.2",
        "final-form-arrays": "^3.0.1"
      }
    },
    "@einsteinindustries/tinacms-react-core": {
      "version": "0.43.19",
      "resolved": "https://registry.npmjs.org/@einsteinindustries/tinacms-react-core/-/tinacms-react-core-0.43.19.tgz",
      "integrity": "sha512-sE4v6VFWDIQk6dSeo2wQo+w8CTM0LeJ1lSbVh3cYw0+kfHur1TR06+zs7ID9IoSYkCo7VLwu7N/AKejtB0AFkw==",
      "dev": true,
      "requires": {
        "@einsteinindustries/tinacms-core": "^0.43.19",
        "@einsteinindustries/tinacms-forms": "^0.43.19"
      }
    },
    "@einsteinindustries/tinacms-scripts": {
      "version": "0.43.19",
      "resolved": "https://registry.npmjs.org/@einsteinindustries/tinacms-scripts/-/tinacms-scripts-0.43.19.tgz",
      "integrity": "sha512-yax2DXkgSYNFdIa7iI4dtzyHUq9vTg3zXy6By9SRVVNscnbhq6RAfP5Y6Qb0Gr3O2RZVC6oLmBOwW0TVXQiDmw==",
      "dev": true
    },
    "final-form": {
      "version": "4.20.6",
      "resolved": "https://registry.npmjs.org/final-form/-/final-form-4.20.6.tgz",
      "integrity": "sha512-fCdwIj49KOaFfDRlXB57Eo+GghIMZQWrA9TakQI3C9uQxHwaFHXqZSNRlUdfnQmNNeySwGOaGPZCvjy58hyv4w==",
      "dev": true,
      "requires": {
        "@babel/runtime": "^7.10.0"
      }
    },
    "final-form-arrays": {
      "version": "3.0.2",
      "resolved": "https://registry.npmjs.org/final-form-arrays/-/final-form-arrays-3.0.2.tgz",
      "integrity": "sha512-TfO8aZNz3RrsZCDx8GHMQcyztDNpGxSSi9w4wpSNKlmv2PfFWVVM8P7Yj5tj4n0OWax+x5YwTLhT5BnqSlCi+w==",
      "dev": true
    },
    "lodash.get": {
      "version": "4.4.2",
      "resolved": "https://registry.npmjs.org/lodash.get/-/lodash.get-4.4.2.tgz",
      "integrity": "sha1-LRd/ZS+jHpObRDjVNBSZ36OCXpk="
    },
    "regenerator-runtime": {
      "version": "0.13.9",
      "resolved": "https://registry.npmjs.org/regenerator-runtime/-/regenerator-runtime-0.13.9.tgz",
      "integrity": "sha512-p3VT+cOEgxFsRRA9X4lkI1E+k2/CtnKtU4gcxyaCUreilL/vqI6CdZ3wxVUx3UOUg+gnUOQQcRI7BmSI656MYA==",
      "dev": true
    }
  }
}
