{
  "name": "@tinacms/form-builder",
  "version": "0.2.9",
  "lockfileVersion": 1,
  "requires": true,
  "dependencies": {
    "@types/jest": {
      "version": "24.0.15",
      "resolved": "https://registry.npmjs.org/@types/jest/-/jest-24.0.15.tgz",
      "integrity": "sha512-MU1HIvWUme74stAoc3mgAi+aMlgKOudgEvQDIm1v4RkrDudBh1T+NFp5sftpBAdXdx1J0PbdpJ+M2EsSOi1djA==",
      "dev": true,
      "requires": {
        "@types/jest-diff": "*"
      }
    },
    "@types/jest-diff": {
      "version": "20.0.1",
      "resolved": "https://registry.npmjs.org/@types/jest-diff/-/jest-diff-20.0.1.tgz",
      "integrity": "sha512-yALhelO3i0hqZwhjtcr6dYyaLoCHbAMshwtj6cGxTvHZAKXHsYGdff6E8EPw3xLKY0ELUTQ69Q1rQiJENnccMA==",
      "dev": true
    }
  }
}
