{
  "name": "@einsteinindustries/tinacms-form-builder",
  "version": "0.43.17",
  "lockfileVersion": 1,
  "requires": true,
  "dependencies": {
    "@babel/runtime": {
      "version": "7.16.7",
      "resolved": "https://registry.npmjs.org/@babel/runtime/-/runtime-7.16.7.tgz",
      "integrity": "sha512-9E9FJowqAsytyOY6LG+1KuueckRL+aQW+mKvXRXnuFGyRAyepJPmEo9vgMfXUA6O9u3IeEdv9MAkppFcaQwogQ==",
      "requires": {
        "regenerator-runtime": "^0.13.4"
      }
    },
    "@einsteinindustries/tinacms-core": {
      "version": "0.43.17",
      "resolved": "https://registry.npmjs.org/@einsteinindustries/tinacms-core/-/tinacms-core-0.43.17.tgz",
      "integrity": "sha512-1eVJl0oLHtj5NDSzx2el9LDHklyO3cNwraQnq4qPWQKp40Q/DHU4haiBSzNKuyfPc6WauXTRdxp5/o3kE6wIgw=="
    },
    "@einsteinindustries/tinacms-forms": {
      "version": "0.43.17",
      "resolved": "https://registry.npmjs.org/@einsteinindustries/tinacms-forms/-/tinacms-forms-0.43.17.tgz",
      "integrity": "sha512-mC6RMqFd6BNNDXKSrvlWm7NZK5VYx4yYPOGH4g6ePQHsD11da1nVcg2k4PCqHtpfS0y/jsqQiC+iSDLHWU67HQ==",
      "requires": {
        "final-form": "^4.20.2",
        "final-form-arrays": "^3.0.1"
      }
    },
    "@einsteinindustries/tinacms-icons": {
      "version": "0.43.17",
      "resolved": "https://registry.npmjs.org/@einsteinindustries/tinacms-icons/-/tinacms-icons-0.43.17.tgz",
      "integrity": "sha512-eYw/3+jPPBqZSzryUBJ8upYLdqn1Xl06ClzgDB/HjIO/keauSa9O60aUhlU2GJbIJr6tkg3EJkiqTyOUKXYE0w=="
    },
    "@einsteinindustries/tinacms-react-core": {
      "version": "0.43.17",
      "resolved": "https://registry.npmjs.org/@einsteinindustries/tinacms-react-core/-/tinacms-react-core-0.43.17.tgz",
      "integrity": "sha512-gmsy6acFNelt9iN9qTd2LG9LnGWZwJv7K56wjam7Bl3CNmUBVlPH6U+oDDGU0A2Bf7afB9ngF1Pvu5GS/NbkJw==",
      "requires": {
        "@einsteinindustries/tinacms-core": "^0.43.17",
        "@einsteinindustries/tinacms-forms": "^0.43.17"
      }
    },
    "@einsteinindustries/tinacms-react-modals": {
      "version": "0.43.17",
      "resolved": "https://registry.npmjs.org/@einsteinindustries/tinacms-react-modals/-/tinacms-react-modals-0.43.17.tgz",
      "integrity": "sha512-2HH5587JTQXeKUASwYlcN9nElMMozvCa4ufE2Bzrb21jidTkjtlRQMFchRohn3JwU1iILCKkjjiMM2aSYHxnAg=="
    },
    "@einsteinindustries/tinacms-scripts": {
      "version": "0.43.17",
      "resolved": "https://registry.npmjs.org/@einsteinindustries/tinacms-scripts/-/tinacms-scripts-0.43.17.tgz",
      "integrity": "sha512-exWa+zfjxbf07cQXTU3hav24OO+We37n8Ok2VPcBzRzMLwfnriZD3SAHO8pzxamXKP1CvzE2amdVp7xG7HYgUg==",
      "dev": true
    },
    "@einsteinindustries/tinacms-styles": {
      "version": "0.43.17",
      "resolved": "https://registry.npmjs.org/@einsteinindustries/tinacms-styles/-/tinacms-styles-0.43.17.tgz",
      "integrity": "sha512-qcfjKk0/8VCSyesW5AoAULURgCWvUN+OQ8ixXhAsu+5O6HxTiP9ytt6IEVP/Aaexodw4fFH2UcYkJm9fzwYFUA==",
      "requires": {
        "webfontloader": "^1.6.28"
      }
    },
    "final-form": {
      "version": "4.20.6",
      "resolved": "https://registry.npmjs.org/final-form/-/final-form-4.20.6.tgz",
      "integrity": "sha512-fCdwIj49KOaFfDRlXB57Eo+GghIMZQWrA9TakQI3C9uQxHwaFHXqZSNRlUdfnQmNNeySwGOaGPZCvjy58hyv4w==",
      "requires": {
        "@babel/runtime": "^7.10.0"
      }
    },
    "final-form-arrays": {
      "version": "3.0.2",
      "resolved": "https://registry.npmjs.org/final-form-arrays/-/final-form-arrays-3.0.2.tgz",
      "integrity": "sha512-TfO8aZNz3RrsZCDx8GHMQcyztDNpGxSSi9w4wpSNKlmv2PfFWVVM8P7Yj5tj4n0OWax+x5YwTLhT5BnqSlCi+w=="
    },
    "react-final-form": {
      "version": "6.5.7",
      "resolved": "https://registry.npmjs.org/react-final-form/-/react-final-form-6.5.7.tgz",
      "integrity": "sha512-o7tvJXB+McGiXOILqIC8lnOcX4aLhIBiF/Xi9Qet35b7XOS8R7KL8HLRKTfnZWQJm6MCE15v1U0SFive0NcxyA==",
      "requires": {
        "@babel/runtime": "^7.15.4"
      }
    },
    "regenerator-runtime": {
      "version": "0.13.9",
      "resolved": "https://registry.npmjs.org/regenerator-runtime/-/regenerator-runtime-0.13.9.tgz",
      "integrity": "sha512-p3VT+cOEgxFsRRA9X4lkI1E+k2/CtnKtU4gcxyaCUreilL/vqI6CdZ3wxVUx3UOUg+gnUOQQcRI7BmSI656MYA=="
    },
    "webfontloader": {
      "version": "1.6.28",
      "resolved": "https://registry.npmjs.org/webfontloader/-/webfontloader-1.6.28.tgz",
      "integrity": "sha1-23hhKSU8tujq5UwvsF+HCvZnW64="
    }
  }
}
