{
  "name": "@tinacms/alerts",
  "version": "0.31.0",
  "lockfileVersion": 1,
  "requires": true,
  "dependencies": {
    "@tinacms/core": {
      "version": "0.31.0",
      "resolved": "https://registry.npmjs.org/@tinacms/core/-/core-0.31.0.tgz",
      "integrity": "sha512-stfCyx1eqFSx8kWoQGiFLkm42bZ7VduIXzjFd+RTieccuDYbAyiH5CNPJxjqixKgaKmzQ++c3l6+bjdYvkb6xw==",
      "dev": true
    },
    "@tinacms/scripts": {
      "version": "0.29.0",
      "resolved": "https://registry.npmjs.org/@tinacms/scripts/-/scripts-0.29.0.tgz",
      "integrity": "sha512-al6cTwLwdgEQF36gbAhwiW9hH7z5FfGxj4scaqSPo6mw3c+Y+Zw59OLxr3lQgC1dbRcUi5E/zDCGYRnkd/BO8A==",
      "dev": true
    }
  }
}
