{
  "name": "@einsteinindustries/tinacms-alerts",
  "version": "0.43.19",
  "lockfileVersion": 1,
  "requires": true,
  "dependencies": {
    "@einsteinindustries/tinacms-core": {
      "version": "0.43.18",
      "resolved": "https://registry.npmjs.org/@einsteinindustries/tinacms-core/-/tinacms-core-0.43.18.tgz",
      "integrity": "sha512-iMuOZXcNpQtwx6JKasfcRiv+f0J9quJG3mtNXatlvQMKWwSNZebpEIDIOmCiFHMOD0deBb+Jszx1n2z6skeZ+Q==",
      "dev": true
    },
    "@einsteinindustries/tinacms-scripts": {
      "version": "0.43.18",
      "resolved": "https://registry.npmjs.org/@einsteinindustries/tinacms-scripts/-/tinacms-scripts-0.43.18.tgz",
      "integrity": "sha512-zP6pQCX7Ihk21NAjqRKC5B5ssRxjPLiPwbrUBA8OLcP4yppmw0rUEC0wIAFN1NMg5OshVksEqQwd0uF8jx0e9w==",
      "dev": true
    }
  }
}
