{
  "name": "@einsteinindustries/tinacms-alerts",
  "version": "0.43.17",
  "lockfileVersion": 1,
  "requires": true,
  "dependencies": {
    "@einsteinindustries/tinacms-core": {
      "version": "0.43.16",
      "resolved": "https://registry.npmjs.org/@einsteinindustries/tinacms-core/-/tinacms-core-0.43.16.tgz",
      "integrity": "sha512-bfYT1ka+tmD/pd3jNnB1TvPrHW1p1wqpXhVQHzr57gNgiYcsAIGZRcrU1R15+AxbB9V5br/LpF/9GwEsSRxcag==",
      "dev": true
    },
    "@einsteinindustries/tinacms-scripts": {
      "version": "0.43.16",
      "resolved": "https://registry.npmjs.org/@einsteinindustries/tinacms-scripts/-/tinacms-scripts-0.43.16.tgz",
      "integrity": "sha512-ymYN+Hk4J/b0NjudRgxWEhuoRlMUzT6cMKtwWiyw+KLMlGLAygOruNIh7VuJ83HoyfRK0/vTixMt0+0Xy88+Sw==",
      "dev": true
    }
  }
}
