{
  "name": "@tinacms/react-alerts",
  "version": "0.31.0",
  "lockfileVersion": 1,
  "requires": true,
  "dependencies": {
    "@babel/runtime": {
      "version": "7.11.2",
      "resolved": "https://registry.npmjs.org/@babel/runtime/-/runtime-7.11.2.tgz",
      "integrity": "sha512-TeWkU52so0mPtDcaCTxNBI/IHiz0pZgr8VEFqXFtZWpYD08ZB6FaSwVAS8MKRQAP3bYKiVjwysOJgMFY28o6Tw==",
      "dev": true,
      "requires": {
        "regenerator-runtime": "^0.13.4"
      }
    },
    "@tinacms/alerts": {
      "version": "0.31.0",
      "resolved": "https://registry.npmjs.org/@tinacms/alerts/-/alerts-0.31.0.tgz",
      "integrity": "sha512-jXPWwZ6xK7PwmtZWIW5a3SCvP7/t60xRmz1gmBVPwETxqNj0X3CwF6nVgleYs+ybEp/bCeLdATKF2lqrbhJs8g==",
      "dev": true
    },
    "@tinacms/core": {
      "version": "0.31.0",
      "resolved": "https://registry.npmjs.org/@tinacms/core/-/core-0.31.0.tgz",
      "integrity": "sha512-stfCyx1eqFSx8kWoQGiFLkm42bZ7VduIXzjFd+RTieccuDYbAyiH5CNPJxjqixKgaKmzQ++c3l6+bjdYvkb6xw==",
      "dev": true
    },
    "@tinacms/forms": {
      "version": "0.31.0",
      "resolved": "https://registry.npmjs.org/@tinacms/forms/-/forms-0.31.0.tgz",
      "integrity": "sha512-j/31kOZj/f4/aelj+Qs2QzD7pPL/fakKrwmmFESqptZQY++pqlVW6LTwq4AfaDsbji+LWVJXLpMYDxO4ASWUdA==",
      "dev": true,
      "requires": {
        "final-form": "^4.18.2",
        "final-form-arrays": "^3.0.1"
      }
    },
    "@tinacms/icons": {
      "version": "0.31.0",
      "resolved": "https://registry.npmjs.org/@tinacms/icons/-/icons-0.31.0.tgz",
      "integrity": "sha512-UHHrruFfWbQycOJDBkv71qF/AOcV36db2iOo3lbAgJjhq7iBBQ3a03cP78Ji7Y8jjVBIRcQ6PMdJKTCZBreiJw==",
      "dev": true
    },
    "@tinacms/react-core": {
      "version": "0.31.0",
      "resolved": "https://registry.npmjs.org/@tinacms/react-core/-/react-core-0.31.0.tgz",
      "integrity": "sha512-gz9AbGtkQikm5FQVPWSuiBSFBsP0wzwIgOedORg5eh65AeTm4pXsJ/QTL4t5PIBMJEr/aTDXNMEq0vxGpvGJnw==",
      "dev": true,
      "requires": {
        "@tinacms/core": "^0.31.0",
        "@tinacms/forms": "^0.31.0"
      }
    },
    "@tinacms/scripts": {
      "version": "0.29.0",
      "resolved": "https://registry.npmjs.org/@tinacms/scripts/-/scripts-0.29.0.tgz",
      "integrity": "sha512-al6cTwLwdgEQF36gbAhwiW9hH7z5FfGxj4scaqSPo6mw3c+Y+Zw59OLxr3lQgC1dbRcUi5E/zDCGYRnkd/BO8A==",
      "dev": true
    },
    "@tinacms/styles": {
      "version": "0.29.0",
      "resolved": "https://registry.npmjs.org/@tinacms/styles/-/styles-0.29.0.tgz",
      "integrity": "sha512-cHJ7yel3Zli7rnJM0ox3Xfg3WJTc/IOj3G0a91nBE8+tApcGqIWj1Bgt/jHQyOPgPDbMnYgsC/FwjGGVSfQtaA==",
      "dev": true,
      "requires": {
        "webfontloader": "^1.6.28"
      }
    },
    "final-form": {
      "version": "4.20.1",
      "resolved": "https://registry.npmjs.org/final-form/-/final-form-4.20.1.tgz",
      "integrity": "sha512-IIsOK3JRxJrN72OBj7vFWZxtGt3xc1bYwJVPchjVWmDol9DlzMSAOPB+vwe75TUYsw1JaH0fTQnIgwSQZQ9Acg==",
      "dev": true,
      "requires": {
        "@babel/runtime": "^7.10.0"
      }
    },
    "final-form-arrays": {
      "version": "3.0.2",
      "resolved": "https://registry.npmjs.org/final-form-arrays/-/final-form-arrays-3.0.2.tgz",
      "integrity": "sha512-TfO8aZNz3RrsZCDx8GHMQcyztDNpGxSSi9w4wpSNKlmv2PfFWVVM8P7Yj5tj4n0OWax+x5YwTLhT5BnqSlCi+w==",
      "dev": true
    },
    "regenerator-runtime": {
      "version": "0.13.7",
      "resolved": "https://registry.npmjs.org/regenerator-runtime/-/regenerator-runtime-0.13.7.tgz",
      "integrity": "sha512-a54FxoJDIr27pgf7IgeQGxmqUNYrcV338lf/6gH456HZ/PhX+5BcwHXG9ajESmwe6WRO0tAzRUrRmNONWgkrew==",
      "dev": true
    },
    "webfontloader": {
      "version": "1.6.28",
      "resolved": "https://registry.npmjs.org/webfontloader/-/webfontloader-1.6.28.tgz",
      "integrity": "sha1-23hhKSU8tujq5UwvsF+HCvZnW64=",
      "dev": true
    }
  }
}
