{
  "name": "@tinacms/react-alerts",
  "version": "0.1.2-alpha.1",
  "lockfileVersion": 1,
  "requires": true,
  "dependencies": {
    "@tinacms/alerts": {
      "version": "0.1.1",
      "dev": true,
      "dependencies": {
        "@tinacms/core": {
          "dependencies": {
            "@tinacms/scripts": {}
          }
        },
        "@tinacms/scripts": {}
      }
    },
    "@tinacms/icons": {
      "version": "0.9.0-alpha.1",
      "dev": true,
      "dependencies": {
        "@tinacms/scripts": {}
      }
    },
    "@tinacms/react-core": {
      "version": "0.2.11-alpha.0",
      "dev": true,
      "requires": {
        "@tinacms/core": "^0.7.4",
        "@tinacms/forms": "^0.4.0"
      },
      "dependencies": {
        "@tinacms/core": {
          "version": "0.7.4",
          "dev": true,
          "dependencies": {
            "@tinacms/scripts": {}
          }
        },
        "@tinacms/forms": {
          "version": "0.4.0",
          "dev": true,
          "requires": {
            "final-form": "^4.18.2",
            "final-form-arrays": "^3.0.1"
          },
          "dependencies": {
            "@babel/runtime": {
              "version": "7.7.7",
              "resolved": "https://registry.npmjs.org/@babel/runtime/-/runtime-7.7.7.tgz",
              "integrity": "sha512-uCnC2JEVAu8AKB5do1WRIsvrdJ0flYx/A/9f/6chdacnEZ7LmavjdsDXr5ksYBegxtuTPR5Va9/+13QF/kFkCA==",
              "dev": true,
              "requires": {
                "regenerator-runtime": "^0.13.2"
              }
            },
            "@tinacms/core": {
              "dependencies": {
                "@tinacms/scripts": {}
              }
            },
            "@tinacms/scripts": {},
            "final-form": {
              "version": "4.18.6",
              "resolved": "https://registry.npmjs.org/final-form/-/final-form-4.18.6.tgz",
              "integrity": "sha512-LssWTXTGkoNv5WxowFTTUyC86oLYlEHH2glARBxOq8RpjiQdOyUyVG7qfPaCeOwoOw7Y5wrhSWdePyOydqSrCw==",
              "dev": true,
              "requires": {
                "@babel/runtime": "^7.3.1"
              }
            },
            "final-form-arrays": {
              "version": "3.0.2",
              "resolved": "https://registry.npmjs.org/final-form-arrays/-/final-form-arrays-3.0.2.tgz",
              "integrity": "sha512-TfO8aZNz3RrsZCDx8GHMQcyztDNpGxSSi9w4wpSNKlmv2PfFWVVM8P7Yj5tj4n0OWax+x5YwTLhT5BnqSlCi+w==",
              "dev": true
            },
            "regenerator-runtime": {
              "version": "0.13.3",
              "resolved": "https://registry.npmjs.org/regenerator-runtime/-/regenerator-runtime-0.13.3.tgz",
              "integrity": "sha512-naKIZz2GQ8JWh///G7L3X6LaQUAMp2lvb1rvwwsURe/VXwD6VMfr+/1NuNw3ag8v2kY1aQ/go5SNn79O9JU7yw==",
              "dev": true
            }
          }
        },
        "@tinacms/scripts": {}
      }
    },
    "@tinacms/scripts": {
      "version": "0.1.13",
      "dev": true
    },
    "@tinacms/styles": {
      "version": "0.4.2-alpha.1",
      "dev": true,
      "dependencies": {
        "@tinacms/scripts": {}
      }
    }
  }
}
