{
	"name": "@forestryio/forestry",
	"version": "0.1.0",
	"lockfileVersion": 1,
	"requires": true,
	"dependencies": {
		"@types/node": {
			"version": "12.7.1",
			"resolved": "https://registry.npmjs.org/@types/node/-/node-12.7.1.tgz",
			"integrity": "sha512-aK9jxMypeSrhiYofWWBf/T7O+KwaiAHzM4sveCdWPn71lzUSMimRnKzhXDKfKwV1kWoBo2P1aGgaIYGLf9/ljw==",
			"dev": true
		}
	}
}
