{
	"name": "@tinacms/forestry-cli",
	"version": "0.1.0-alpha.3",
	"lockfileVersion": 1,
	"requires": true,
	"dependencies": {
		"@types/cors": {
			"version": "2.8.5",
			"resolved": "https://registry.npmjs.org/@types/cors/-/cors-2.8.5.tgz",
			"integrity": "sha512-GmK8AKu8i+s+EChK/uZ5IbrXPcPaQKWaNSGevDT/7o3gFObwSUQwqb1jMqxuo+YPvj0ckGzINI+EO7EHcmJjKg==",
			"dev": true,
			"requires": {
				"@types/express": "*"
			}
		},
		"@types/express": {
			"version": "4.17.0",
			"resolved": "https://registry.npmjs.org/@types/express/-/express-4.17.0.tgz",
			"integrity": "sha512-CjaMu57cjgjuZbh9DpkloeGxV45CnMGlVd+XpG7Gm9QgVrd7KFq+X4HY0vM+2v0bczS48Wg7bvnMY5TN+Xmcfw==",
			"dev": true,
			"requires": {
				"@types/body-parser": "*",
				"@types/express-serve-static-core": "*",
				"@types/serve-static": "*"
			},
			"dependencies": {
				"@types/body-parser": {
					"version": "1.17.0",
					"resolved": "https://registry.npmjs.org/@types/body-parser/-/body-parser-1.17.0.tgz",
					"integrity": "sha512-a2+YeUjPkztKJu5aIF2yArYFQQp8d51wZ7DavSHjFuY1mqVgidGyzEQ41JIVNy82fXj8yPgy2vJmfIywgESW6w==",
					"dev": true,
					"requires": {
						"@types/connect": "*",
						"@types/node": "*"
					}
				},
				"@types/connect": {
					"version": "3.4.32",
					"resolved": "https://registry.npmjs.org/@types/connect/-/connect-3.4.32.tgz",
					"integrity": "sha512-4r8qa0quOvh7lGD0pre62CAb1oni1OO6ecJLGCezTmhQ8Fz50Arx9RUszryR8KlgK6avuSXvviL6yWyViQABOg==",
					"dev": true,
					"requires": {
						"@types/node": "*"
					}
				},
				"@types/express-serve-static-core": {
					"version": "4.16.7",
					"resolved": "https://registry.npmjs.org/@types/express-serve-static-core/-/express-serve-static-core-4.16.7.tgz",
					"integrity": "sha512-847KvL8Q1y3TtFLRTXcVakErLJQgdpFSaq+k043xefz9raEf0C7HalpSY7OW5PyjCnY8P7bPW5t/Co9qqp+USg==",
					"dev": true,
					"requires": {
						"@types/node": "*",
						"@types/range-parser": "*"
					}
				},
				"@types/mime": {
					"version": "2.0.1",
					"resolved": "https://registry.npmjs.org/@types/mime/-/mime-2.0.1.tgz",
					"integrity": "sha512-FwI9gX75FgVBJ7ywgnq/P7tw+/o1GUbtP0KzbtusLigAOgIgNISRK0ZPl4qertvXSIE8YbsVJueQ90cDt9YYyw==",
					"dev": true
				},
				"@types/node": {
					"version": "12.7.2",
					"resolved": "https://registry.npmjs.org/@types/node/-/node-12.7.2.tgz",
					"integrity": "sha512-dyYO+f6ihZEtNPDcWNR1fkoTDf3zAK3lAABDze3mz6POyIercH0lEUawUFXlG8xaQZmm1yEBON/4TsYv/laDYg==",
					"dev": true
				},
				"@types/range-parser": {
					"version": "1.2.3",
					"resolved": "https://registry.npmjs.org/@types/range-parser/-/range-parser-1.2.3.tgz",
					"integrity": "sha512-ewFXqrQHlFsgc09MK5jP5iR7vumV/BYayNC6PgJO2LPe8vrnNFyjQjSppfEngITi0qvfKtzFvgKymGheFM9UOA==",
					"dev": true
				},
				"@types/serve-static": {
					"version": "1.13.2",
					"resolved": "https://registry.npmjs.org/@types/serve-static/-/serve-static-1.13.2.tgz",
					"integrity": "sha512-/BZ4QRLpH/bNYgZgwhKEh+5AsboDBcUdlBYgzoLX0fpj3Y2gp6EApyOlM3bK53wQS/OE1SrdSYBAbux2D1528Q==",
					"dev": true,
					"requires": {
						"@types/express-serve-static-core": "*",
						"@types/mime": "*"
					}
				}
			}
		}
	}
}
