{
  "name": "@tinacms/react-forms",
  "version": "0.31.0",
  "lockfileVersion": 1,
  "requires": true,
  "dependencies": {
    "@babel/runtime": {
      "version": "7.11.2",
      "resolved": "https://registry.npmjs.org/@babel/runtime/-/runtime-7.11.2.tgz",
      "integrity": "sha512-TeWkU52so0mPtDcaCTxNBI/IHiz0pZgr8VEFqXFtZWpYD08ZB6FaSwVAS8MKRQAP3bYKiVjwysOJgMFY28o6Tw==",
      "requires": {
        "regenerator-runtime": "^0.13.4"
      }
    },
    "@babel/runtime-corejs2": {
      "version": "7.11.2",
      "resolved": "https://registry.npmjs.org/@babel/runtime-corejs2/-/runtime-corejs2-7.11.2.tgz",
      "integrity": "sha512-AC/ciV28adSSpEkBglONBWq4/Lvm6GAZuxIoyVtsnUpZMl0bxLtoChEnYAkP+47KyOCayZanojtflUEUJtR/6Q==",
      "requires": {
        "core-js": "^2.6.5",
        "regenerator-runtime": "^0.13.4"
      }
    },
    "@tinacms/core": {
      "version": "0.31.0",
      "resolved": "https://registry.npmjs.org/@tinacms/core/-/core-0.31.0.tgz",
      "integrity": "sha512-stfCyx1eqFSx8kWoQGiFLkm42bZ7VduIXzjFd+RTieccuDYbAyiH5CNPJxjqixKgaKmzQ++c3l6+bjdYvkb6xw=="
    },
    "@tinacms/form-builder": {
      "version": "0.31.0",
      "resolved": "https://registry.npmjs.org/@tinacms/form-builder/-/form-builder-0.31.0.tgz",
      "integrity": "sha512-ZvNnabrqS18wdtP54EzJnmoOTXc+daxFDCa7JJSqG15ou39Zpdjq8Upn7j9EUP7ppiLSHDp+0vSGEQqthFL5HQ==",
      "requires": {
        "@tinacms/forms": "^0.31.0",
        "@tinacms/react-core": "^0.31.0",
        "react-final-form": "^6.3.0"
      }
    },
    "@tinacms/forms": {
      "version": "0.31.0",
      "resolved": "https://registry.npmjs.org/@tinacms/forms/-/forms-0.31.0.tgz",
      "integrity": "sha512-j/31kOZj/f4/aelj+Qs2QzD7pPL/fakKrwmmFESqptZQY++pqlVW6LTwq4AfaDsbji+LWVJXLpMYDxO4ASWUdA==",
      "requires": {
        "final-form": "^4.18.2",
        "final-form-arrays": "^3.0.1"
      }
    },
    "@tinacms/icons": {
      "version": "0.31.0",
      "resolved": "https://registry.npmjs.org/@tinacms/icons/-/icons-0.31.0.tgz",
      "integrity": "sha512-UHHrruFfWbQycOJDBkv71qF/AOcV36db2iOo3lbAgJjhq7iBBQ3a03cP78Ji7Y8jjVBIRcQ6PMdJKTCZBreiJw==",
      "dev": true
    },
    "@tinacms/react-core": {
      "version": "0.31.0",
      "resolved": "https://registry.npmjs.org/@tinacms/react-core/-/react-core-0.31.0.tgz",
      "integrity": "sha512-gz9AbGtkQikm5FQVPWSuiBSFBsP0wzwIgOedORg5eh65AeTm4pXsJ/QTL4t5PIBMJEr/aTDXNMEq0vxGpvGJnw==",
      "requires": {
        "@tinacms/core": "^0.31.0",
        "@tinacms/forms": "^0.31.0"
      }
    },
    "@tinacms/react-modals": {
      "version": "0.31.0",
      "resolved": "https://registry.npmjs.org/@tinacms/react-modals/-/react-modals-0.31.0.tgz",
      "integrity": "sha512-kB46nppeTVXjXWSz6AW5wrldBrsUYcXDCf9xdqG54CiXib/PCZQIPMFPBiLu98U9cFB0Ewg6Uz6tr0fECsUsyg==",
      "dev": true
    },
    "@tinacms/scripts": {
      "version": "0.29.0",
      "resolved": "https://registry.npmjs.org/@tinacms/scripts/-/scripts-0.29.0.tgz",
      "integrity": "sha512-al6cTwLwdgEQF36gbAhwiW9hH7z5FfGxj4scaqSPo6mw3c+Y+Zw59OLxr3lQgC1dbRcUi5E/zDCGYRnkd/BO8A==",
      "dev": true
    },
    "@tinacms/styles": {
      "version": "0.29.0",
      "resolved": "https://registry.npmjs.org/@tinacms/styles/-/styles-0.29.0.tgz",
      "integrity": "sha512-cHJ7yel3Zli7rnJM0ox3Xfg3WJTc/IOj3G0a91nBE8+tApcGqIWj1Bgt/jHQyOPgPDbMnYgsC/FwjGGVSfQtaA==",
      "dev": true,
      "requires": {
        "webfontloader": "^1.6.28"
      }
    },
    "@types/prop-types": {
      "version": "15.7.3",
      "resolved": "https://registry.npmjs.org/@types/prop-types/-/prop-types-15.7.3.tgz",
      "integrity": "sha512-KfRL3PuHmqQLOG+2tGpRO26Ctg+Cq1E01D2DMriKEATHgWLfeNDmq9e29Q9WIky0dQ3NPkd1mzYH8Lm936Z9qw==",
      "dev": true
    },
    "@types/react": {
      "version": "16.9.51",
      "resolved": "https://registry.npmjs.org/@types/react/-/react-16.9.51.tgz",
      "integrity": "sha512-lQa12IyO+DMlnSZ3+AGHRUiUcpK47aakMMoBG8f7HGxJT8Yfe+WE128HIXaHOHVPReAW0oDS3KAI0JI2DDe1PQ==",
      "dev": true,
      "requires": {
        "@types/prop-types": "*",
        "csstype": "^3.0.2"
      }
    },
    "@types/react-beautiful-dnd": {
      "version": "11.0.5",
      "resolved": "https://registry.npmjs.org/@types/react-beautiful-dnd/-/react-beautiful-dnd-11.0.5.tgz",
      "integrity": "sha512-idvycolYX3IxwIln8yahzQj3EBgYq4KimPHSP0a2lNHiz2OZSskGg2dLmq1VxTGvvTtdG+Za8p596D/dalRlrA==",
      "dev": true,
      "requires": {
        "@types/react": "*"
      }
    },
    "core-js": {
      "version": "2.6.11",
      "resolved": "https://registry.npmjs.org/core-js/-/core-js-2.6.11.tgz",
      "integrity": "sha512-5wjnpaT/3dV+XB4borEsnAYQchn00XSgTAWKDkEqv+K8KevjbzmofK6hfJ9TZIlpj2N0xQpazy7PiRQiWHqzWg=="
    },
    "css-box-model": {
      "version": "1.2.1",
      "resolved": "https://registry.npmjs.org/css-box-model/-/css-box-model-1.2.1.tgz",
      "integrity": "sha512-a7Vr4Q/kd/aw96bnJG332W9V9LkJO69JRcaCYDUqjp6/z0w6VcZjgAcTbgFxEPfBgdnAwlh3iwu+hLopa+flJw==",
      "requires": {
        "tiny-invariant": "^1.0.6"
      }
    },
    "csstype": {
      "version": "3.0.3",
      "resolved": "https://registry.npmjs.org/csstype/-/csstype-3.0.3.tgz",
      "integrity": "sha512-jPl+wbWPOWJ7SXsWyqGRk3lGecbar0Cb0OvZF/r/ZU011R4YqiRehgkQ9p4eQfo9DSDLqLL3wHwfxeJiuIsNag==",
      "dev": true
    },
    "final-form": {
      "version": "4.20.1",
      "resolved": "https://registry.npmjs.org/final-form/-/final-form-4.20.1.tgz",
      "integrity": "sha512-IIsOK3JRxJrN72OBj7vFWZxtGt3xc1bYwJVPchjVWmDol9DlzMSAOPB+vwe75TUYsw1JaH0fTQnIgwSQZQ9Acg==",
      "requires": {
        "@babel/runtime": "^7.10.0"
      }
    },
    "final-form-arrays": {
      "version": "3.0.2",
      "resolved": "https://registry.npmjs.org/final-form-arrays/-/final-form-arrays-3.0.2.tgz",
      "integrity": "sha512-TfO8aZNz3RrsZCDx8GHMQcyztDNpGxSSi9w4wpSNKlmv2PfFWVVM8P7Yj5tj4n0OWax+x5YwTLhT5BnqSlCi+w=="
    },
    "hoist-non-react-statics": {
      "version": "3.3.2",
      "resolved": "https://registry.npmjs.org/hoist-non-react-statics/-/hoist-non-react-statics-3.3.2.tgz",
      "integrity": "sha512-/gGivxi8JPKWNm/W0jSmzcMPpfpPLc3dY/6GxhX2hQ9iGj3aDfklV4ET7NjKpSinLpJ5vafa9iiGIEZg10SfBw==",
      "requires": {
        "react-is": "^16.7.0"
      }
    },
    "js-tokens": {
      "version": "4.0.0",
      "resolved": "https://registry.npmjs.org/js-tokens/-/js-tokens-4.0.0.tgz",
      "integrity": "sha512-RdJUflcE3cUzKiMqQgsCu06FPu9UdIJO0beYbPhHN4k6apgJtifcoCtT9bcxOpYBtpD2kCM6Sbzg4CausW/PKQ=="
    },
    "loose-envify": {
      "version": "1.4.0",
      "resolved": "https://registry.npmjs.org/loose-envify/-/loose-envify-1.4.0.tgz",
      "integrity": "sha512-lyuxPGr/Wfhrlem2CL/UcnUc1zcqKAImBDzukY7Y5F/yQiNdko6+fRLevlw1HgMySw7f611UIY408EtxRSoK3Q==",
      "requires": {
        "js-tokens": "^3.0.0 || ^4.0.0"
      }
    },
    "memoize-one": {
      "version": "5.1.1",
      "resolved": "https://registry.npmjs.org/memoize-one/-/memoize-one-5.1.1.tgz",
      "integrity": "sha512-HKeeBpWvqiVJD57ZUAsJNm71eHTykffzcLZVYWiVfQeI1rJtuEaS7hQiEpWfVVk18donPwJEcFKIkCmPJNOhHA=="
    },
    "object-assign": {
      "version": "4.1.1",
      "resolved": "https://registry.npmjs.org/object-assign/-/object-assign-4.1.1.tgz",
      "integrity": "sha1-IQmtx5ZYh8/AXLvUQsrIv7s2CGM="
    },
    "prop-types": {
      "version": "15.7.2",
      "resolved": "https://registry.npmjs.org/prop-types/-/prop-types-15.7.2.tgz",
      "integrity": "sha512-8QQikdH7//R2vurIJSutZ1smHYTcLpRWEOlHnzcWHmBYrOGUysKwSsrC89BCiFj3CbrfJ/nXFdJepOVrY1GCHQ==",
      "requires": {
        "loose-envify": "^1.4.0",
        "object-assign": "^4.1.1",
        "react-is": "^16.8.1"
      }
    },
    "raf-schd": {
      "version": "4.0.2",
      "resolved": "https://registry.npmjs.org/raf-schd/-/raf-schd-4.0.2.tgz",
      "integrity": "sha512-VhlMZmGy6A6hrkJWHLNTGl5gtgMUm+xfGza6wbwnE914yeQ5Ybm18vgM734RZhMgfw4tacUrWseGZlpUrrakEQ=="
    },
    "react-beautiful-dnd": {
      "version": "11.0.5",
      "resolved": "https://registry.npmjs.org/react-beautiful-dnd/-/react-beautiful-dnd-11.0.5.tgz",
      "integrity": "sha512-7llby9U+jIfkINcyxPHVWU0HFYzqxMemUYgGHsFsbx4fZo1n/pW6sYKYzhxGxR3Ap5HxqswcQkKUZX4uEUWhlw==",
      "requires": {
        "@babel/runtime-corejs2": "^7.4.5",
        "css-box-model": "^1.1.2",
        "memoize-one": "^5.0.4",
        "raf-schd": "^4.0.0",
        "react-redux": "^7.0.3",
        "redux": "^4.0.1",
        "tiny-invariant": "^1.0.4",
        "use-memo-one": "^1.1.0"
      }
    },
    "react-dismissible": {
      "version": "1.3.0",
      "resolved": "https://registry.npmjs.org/react-dismissible/-/react-dismissible-1.3.0.tgz",
      "integrity": "sha512-KqShOnw84Ft2Hx/O5KrwTDY1bXmICcJ8HlRIqSdn6j4Lg3OLVrETBiPgGUB4CRNRquVihcd5JmgDa0WUVdBG9g=="
    },
    "react-final-form": {
      "version": "6.5.1",
      "resolved": "https://registry.npmjs.org/react-final-form/-/react-final-form-6.5.1.tgz",
      "integrity": "sha512-+Hzd9PqYY1Cv3MnWzw64QOl5BjC5BtSDakx+N7Re49r0FASdFhgpXLFFCJ31fvegq2euP6hz6Ow9K6XM9BSqCA==",
      "requires": {
        "@babel/runtime": "^7.10.0"
      }
    },
    "react-is": {
      "version": "16.13.1",
      "resolved": "https://registry.npmjs.org/react-is/-/react-is-16.13.1.tgz",
      "integrity": "sha512-24e6ynE2H+OKt4kqsOvNd8kBpV65zoxbA4BVsEOB3ARVWQki/DHzaUoC5KuON/BiccDaCCTZBuOcfZs70kR8bQ=="
    },
    "react-redux": {
      "version": "7.2.1",
      "resolved": "https://registry.npmjs.org/react-redux/-/react-redux-7.2.1.tgz",
      "integrity": "sha512-T+VfD/bvgGTUA74iW9d2i5THrDQWbweXP0AVNI8tNd1Rk5ch1rnMiJkDD67ejw7YBKM4+REvcvqRuWJb7BLuEg==",
      "requires": {
        "@babel/runtime": "^7.5.5",
        "hoist-non-react-statics": "^3.3.0",
        "loose-envify": "^1.4.0",
        "prop-types": "^15.7.2",
        "react-is": "^16.9.0"
      }
    },
    "redux": {
      "version": "4.0.5",
      "resolved": "https://registry.npmjs.org/redux/-/redux-4.0.5.tgz",
      "integrity": "sha512-VSz1uMAH24DM6MF72vcojpYPtrTUu3ByVWfPL1nPfVRb5mZVTve5GnNCUV53QM/BZ66xfWrm0CTWoM+Xlz8V1w==",
      "requires": {
        "loose-envify": "^1.4.0",
        "symbol-observable": "^1.2.0"
      }
    },
    "regenerator-runtime": {
      "version": "0.13.7",
      "resolved": "https://registry.npmjs.org/regenerator-runtime/-/regenerator-runtime-0.13.7.tgz",
      "integrity": "sha512-a54FxoJDIr27pgf7IgeQGxmqUNYrcV338lf/6gH456HZ/PhX+5BcwHXG9ajESmwe6WRO0tAzRUrRmNONWgkrew=="
    },
    "symbol-observable": {
      "version": "1.2.0",
      "resolved": "https://registry.npmjs.org/symbol-observable/-/symbol-observable-1.2.0.tgz",
      "integrity": "sha512-e900nM8RRtGhlV36KGEU9k65K3mPb1WV70OdjfxlG2EAuM1noi/E/BaW/uMhL7bPEssK8QV57vN3esixjUvcXQ=="
    },
    "tiny-invariant": {
      "version": "1.1.0",
      "resolved": "https://registry.npmjs.org/tiny-invariant/-/tiny-invariant-1.1.0.tgz",
      "integrity": "sha512-ytxQvrb1cPc9WBEI/HSeYYoGD0kWnGEOR8RY6KomWLBVhqz0RgTwVO9dLrGz7dC+nN9llyI7OKAgRq8Vq4ZBSw=="
    },
    "use-memo-one": {
      "version": "1.1.1",
      "resolved": "https://registry.npmjs.org/use-memo-one/-/use-memo-one-1.1.1.tgz",
      "integrity": "sha512-oFfsyun+bP7RX8X2AskHNTxu+R3QdE/RC5IefMbqptmACAA/gfol1KDD5KRzPsGMa62sWxGZw+Ui43u6x4ddoQ=="
    },
    "webfontloader": {
      "version": "1.6.28",
      "resolved": "https://registry.npmjs.org/webfontloader/-/webfontloader-1.6.28.tgz",
      "integrity": "sha1-23hhKSU8tujq5UwvsF+HCvZnW64=",
      "dev": true
    }
  }
}
