{
  "name": "@einsteinindustries/react-tinacms-date",
  "version": "0.45.0",
  "lockfileVersion": 1,
  "requires": true,
  "dependencies": {
    "@einsteinindustries/tinacms-fields": {
      "version": "0.43.19",
      "resolved": "https://registry.npmjs.org/@einsteinindustries/tinacms-fields/-/tinacms-fields-0.43.19.tgz",
      "integrity": "sha512-pnKVM3vowFpX4EgU5C3W2/fTkZfn00sj7qQ8Jt3IIDfdOFkelQaV8B1IgcwG3RbIiYHF+eJ+sa5V6/0G9UqJjA==",
      "dev": true,
      "requires": {
        "@sambego/storybook-styles": "^1.0.0",
        "@types/react-select": "^2.0.11",
        "color-string": "^1.5.3",
        "moment": ">=2 <=3",
        "react-color": "^2.17.3",
        "react-datetime": "^2.16.3",
        "react-dismissible": "^1.3.0",
        "react-dropzone": "^11.1.0"
      }
    },
    "@einsteinindustries/tinacms-scripts": {
      "version": "0.43.19",
      "resolved": "https://registry.npmjs.org/@einsteinindustries/tinacms-scripts/-/tinacms-scripts-0.43.19.tgz",
      "integrity": "sha512-yax2DXkgSYNFdIa7iI4dtzyHUq9vTg3zXy6By9SRVVNscnbhq6RAfP5Y6Qb0Gr3O2RZVC6oLmBOwW0TVXQiDmw==",
      "dev": true
    },
    "@icons/material": {
      "version": "0.2.4",
      "resolved": "https://registry.npmjs.org/@icons/material/-/material-0.2.4.tgz",
      "integrity": "sha512-QPcGmICAPbGLGb6F/yNf/KzKqvFx8z5qx3D1yFqVAjoFmXK35EgyW+cJ57Te3CNsmzblwtzakLGFqHPqrfb4Tw==",
      "dev": true
    },
    "@sambego/storybook-styles": {
      "version": "1.0.0",
      "resolved": "https://registry.npmjs.org/@sambego/storybook-styles/-/storybook-styles-1.0.0.tgz",
      "integrity": "sha512-n0SqZwDewUDRaStEcoNMiYy9qovaLVStsh4Gb2dc2LLiG3IIK0UXdeR1N7puVuRihJq/192uOyGPCjZ/NAteuA==",
      "dev": true
    },
    "@types/prop-types": {
      "version": "15.7.4",
      "resolved": "https://registry.npmjs.org/@types/prop-types/-/prop-types-15.7.4.tgz",
      "integrity": "sha512-rZ5drC/jWjrArrS8BR6SIr4cWpW09RNTYt9AMZo3Jwwif+iacXAqgVjm0B0Bv/S1jhDXKHqRVNCbACkJ89RAnQ==",
      "dev": true
    },
    "@types/react": {
      "version": "17.0.39",
      "resolved": "https://registry.npmjs.org/@types/react/-/react-17.0.39.tgz",
      "integrity": "sha512-UVavlfAxDd/AgAacMa60Azl7ygyQNRwC/DsHZmKgNvPmRR5p70AJ5Q9EAmL2NWOJmeV+vVUI4IAP7GZrN8h8Ug==",
      "dev": true,
      "requires": {
        "@types/prop-types": "*",
        "@types/scheduler": "*",
        "csstype": "^3.0.2"
      }
    },
    "@types/react-dom": {
      "version": "17.0.11",
      "resolved": "https://registry.npmjs.org/@types/react-dom/-/react-dom-17.0.11.tgz",
      "integrity": "sha512-f96K3k+24RaLGVu/Y2Ng3e1EbZ8/cVJvypZWd7cy0ofCBaf2lcM46xNhycMZ2xGwbBjRql7hOlZ+e2WlJ5MH3Q==",
      "dev": true,
      "requires": {
        "@types/react": "*"
      }
    },
    "@types/react-select": {
      "version": "2.0.19",
      "resolved": "https://registry.npmjs.org/@types/react-select/-/react-select-2.0.19.tgz",
      "integrity": "sha512-5GGBO3npQ0G/poQmEn+kI3Vn3DoJ9WjRXCeGcpwLxd5rYmjYPH235lbYPX5aclXE2RqEXyFxd96oh0wYwPXYpg==",
      "dev": true,
      "requires": {
        "@types/react": "*",
        "@types/react-dom": "*",
        "@types/react-transition-group": "*"
      }
    },
    "@types/react-transition-group": {
      "version": "4.4.4",
      "resolved": "https://registry.npmjs.org/@types/react-transition-group/-/react-transition-group-4.4.4.tgz",
      "integrity": "sha512-7gAPz7anVK5xzbeQW9wFBDg7G++aPLAFY0QaSMOou9rJZpbuI58WAuJrgu+qR92l61grlnCUe7AFX8KGahAgug==",
      "dev": true,
      "requires": {
        "@types/react": "*"
      }
    },
    "@types/scheduler": {
      "version": "0.16.2",
      "resolved": "https://registry.npmjs.org/@types/scheduler/-/scheduler-0.16.2.tgz",
      "integrity": "sha512-hppQEBDmlwhFAXKJX2KnWLYu5yMfi91yazPb2l+lbJiwW+wdo1gNeRA+3RgNSO39WYX2euey41KEwnqesU2Jew==",
      "dev": true
    },
    "attr-accept": {
      "version": "2.2.2",
      "resolved": "https://registry.npmjs.org/attr-accept/-/attr-accept-2.2.2.tgz",
      "integrity": "sha512-7prDjvt9HmqiZ0cl5CRjtS84sEyhsHP2coDkaZKRKVfCDo9s7iw7ChVmar78Gu9pC4SoR/28wFu/G5JJhTnqEg==",
      "dev": true
    },
    "color-name": {
      "version": "1.1.4",
      "resolved": "https://registry.npmjs.org/color-name/-/color-name-1.1.4.tgz",
      "integrity": "sha512-dOy+3AuW3a2wNbZHIuMZpTcgjGuLU/uBL/ubcZF9OXbDo8ff4O8yVp5Bf0efS8uEoYo5q4Fx7dY9OgQGXgAsQA==",
      "dev": true
    },
    "color-string": {
      "version": "1.9.0",
      "resolved": "https://registry.npmjs.org/color-string/-/color-string-1.9.0.tgz",
      "integrity": "sha512-9Mrz2AQLefkH1UvASKj6v6hj/7eWgjnT/cVsR8CumieLoT+g900exWeNogqtweI8dxloXN9BDQTYro1oWu/5CQ==",
      "dev": true,
      "requires": {
        "color-name": "^1.0.0",
        "simple-swizzle": "^0.2.2"
      }
    },
    "create-react-class": {
      "version": "15.7.0",
      "resolved": "https://registry.npmjs.org/create-react-class/-/create-react-class-15.7.0.tgz",
      "integrity": "sha512-QZv4sFWG9S5RUvkTYWbflxeZX+JG7Cz0Tn33rQBJ+WFQTqTfUTjMjiv9tnfXazjsO5r0KhPs+AqCjyrQX6h2ng==",
      "requires": {
        "loose-envify": "^1.3.1",
        "object-assign": "^4.1.1"
      },
      "dependencies": {
        "object-assign": {
          "version": "4.1.1",
          "resolved": "https://registry.npmjs.org/object-assign/-/object-assign-4.1.1.tgz",
          "integrity": "sha1-IQmtx5ZYh8/AXLvUQsrIv7s2CGM="
        }
      }
    },
    "csstype": {
      "version": "3.0.10",
      "resolved": "https://registry.npmjs.org/csstype/-/csstype-3.0.10.tgz",
      "integrity": "sha512-2u44ZG2OcNUO9HDp/Jl8C07x6pU/eTR3ncV91SiK3dhG9TWvRVsCoJw14Ckx5DgWkzGA3waZWO3d7pgqpUI/XA==",
      "dev": true
    },
    "file-selector": {
      "version": "0.4.0",
      "resolved": "https://registry.npmjs.org/file-selector/-/file-selector-0.4.0.tgz",
      "integrity": "sha512-iACCiXeMYOvZqlF1kTiYINzgepRBymz1wwjiuup9u9nayhb6g4fSwiyJ/6adli+EPwrWtpgQAh2PoS7HukEGEg==",
      "dev": true,
      "requires": {
        "tslib": "^2.0.3"
      }
    },
    "is-arrayish": {
      "version": "0.3.2",
      "resolved": "https://registry.npmjs.org/is-arrayish/-/is-arrayish-0.3.2.tgz",
      "integrity": "sha512-eVRqCvVlZbuw3GrM63ovNSNAeA1K16kaR/LRY/92w0zxQ5/1YzwblUX652i4Xs9RwAGjW9d9y6X88t8OaAJfWQ==",
      "dev": true
    },
    "js-tokens": {
      "version": "4.0.0",
      "resolved": "https://registry.npmjs.org/js-tokens/-/js-tokens-4.0.0.tgz",
      "integrity": "sha512-RdJUflcE3cUzKiMqQgsCu06FPu9UdIJO0beYbPhHN4k6apgJtifcoCtT9bcxOpYBtpD2kCM6Sbzg4CausW/PKQ=="
    },
    "lodash": {
      "version": "4.17.21",
      "resolved": "https://registry.npmjs.org/lodash/-/lodash-4.17.21.tgz",
      "integrity": "sha512-v2kDEe57lecTulaDIuNTPy3Ry4gLGJ6Z1O3vE1krgXZNrsQ+LFTGHVxVjcXPs17LhbZVGedAJv8XZ1tvj5FvSg==",
      "dev": true
    },
    "lodash-es": {
      "version": "4.17.21",
      "resolved": "https://registry.npmjs.org/lodash-es/-/lodash-es-4.17.21.tgz",
      "integrity": "sha512-mKnC+QJ9pWVzv+C4/U3rRsHapFfHvQFoFB92e52xeyGMcX6/OlIl78je1u8vePzYZSkkogMPJ2yjxxsb89cxyw==",
      "dev": true
    },
    "loose-envify": {
      "version": "1.4.0",
      "resolved": "https://registry.npmjs.org/loose-envify/-/loose-envify-1.4.0.tgz",
      "integrity": "sha512-lyuxPGr/Wfhrlem2CL/UcnUc1zcqKAImBDzukY7Y5F/yQiNdko6+fRLevlw1HgMySw7f611UIY408EtxRSoK3Q==",
      "requires": {
        "js-tokens": "^3.0.0 || ^4.0.0"
      }
    },
    "material-colors": {
      "version": "1.2.6",
      "resolved": "https://registry.npmjs.org/material-colors/-/material-colors-1.2.6.tgz",
      "integrity": "sha512-6qE4B9deFBIa9YSpOc9O0Sgc43zTeVYbgDT5veRKSlB2+ZuHNoVVxA1L/ckMUayV9Ay9y7Z/SZCLcGteW9i7bg==",
      "dev": true
    },
    "moment": {
      "version": "2.29.1",
      "resolved": "https://registry.npmjs.org/moment/-/moment-2.29.1.tgz",
      "integrity": "sha512-kHmoybcPV8Sqy59DwNDY3Jefr64lK/by/da0ViFcuA4DH0vQg5Q6Ze5VimxkfQNSC+Mls/Kx53s7TjP1RhFEDQ=="
    },
    "object-assign": {
      "version": "3.0.0",
      "resolved": "https://registry.npmjs.org/object-assign/-/object-assign-3.0.0.tgz",
      "integrity": "sha1-m+3VygiXlJvKR+f/QIBi1Un1h/I="
    },
    "prop-types": {
      "version": "15.8.1",
      "resolved": "https://registry.npmjs.org/prop-types/-/prop-types-15.8.1.tgz",
      "integrity": "sha512-oj87CgZICdulUohogVAR7AjlC0327U4el4L6eAvOqCeudMDVU0NThNaV+b9Df4dXgSP1gXMTnPdhfe/2qDH5cg==",
      "requires": {
        "loose-envify": "^1.4.0",
        "object-assign": "^4.1.1",
        "react-is": "^16.13.1"
      },
      "dependencies": {
        "object-assign": {
          "version": "4.1.1",
          "resolved": "https://registry.npmjs.org/object-assign/-/object-assign-4.1.1.tgz",
          "integrity": "sha1-IQmtx5ZYh8/AXLvUQsrIv7s2CGM="
        }
      }
    },
    "react-color": {
      "version": "2.19.3",
      "resolved": "https://registry.npmjs.org/react-color/-/react-color-2.19.3.tgz",
      "integrity": "sha512-LEeGE/ZzNLIsFWa1TMe8y5VYqr7bibneWmvJwm1pCn/eNmrabWDh659JSPn9BuaMpEfU83WTOJfnCcjDZwNQTA==",
      "dev": true,
      "requires": {
        "@icons/material": "^0.2.4",
        "lodash": "^4.17.15",
        "lodash-es": "^4.17.15",
        "material-colors": "^1.2.1",
        "prop-types": "^15.5.10",
        "reactcss": "^1.2.0",
        "tinycolor2": "^1.4.1"
      }
    },
    "react-datetime": {
      "version": "2.16.3",
      "resolved": "https://registry.npmjs.org/react-datetime/-/react-datetime-2.16.3.tgz",
      "integrity": "sha512-amWfb5iGEiyqjLmqCLlPpu2oN415jK8wX1qoTq7qn6EYiU7qQgbNHglww014PT4O/3G5eo/3kbJu/M/IxxTyGw==",
      "requires": {
        "create-react-class": "^15.5.2",
        "object-assign": "^3.0.0",
        "prop-types": "^15.5.7",
        "react-onclickoutside": "^6.5.0"
      }
    },
    "react-dismissible": {
      "version": "1.3.0",
      "resolved": "https://registry.npmjs.org/react-dismissible/-/react-dismissible-1.3.0.tgz",
      "integrity": "sha512-KqShOnw84Ft2Hx/O5KrwTDY1bXmICcJ8HlRIqSdn6j4Lg3OLVrETBiPgGUB4CRNRquVihcd5JmgDa0WUVdBG9g==",
      "dev": true
    },
    "react-dropzone": {
      "version": "11.7.1",
      "resolved": "https://registry.npmjs.org/react-dropzone/-/react-dropzone-11.7.1.tgz",
      "integrity": "sha512-zxCMwhfPy1olUEbw3FLNPLhAm/HnaYH5aELIEglRbqabizKAdHs0h+WuyOpmA+v1JXn0++fpQDdNfUagWt5hJQ==",
      "dev": true,
      "requires": {
        "attr-accept": "^2.2.2",
        "file-selector": "^0.4.0",
        "prop-types": "^15.8.1"
      }
    },
    "react-is": {
      "version": "16.13.1",
      "resolved": "https://registry.npmjs.org/react-is/-/react-is-16.13.1.tgz",
      "integrity": "sha512-24e6ynE2H+OKt4kqsOvNd8kBpV65zoxbA4BVsEOB3ARVWQki/DHzaUoC5KuON/BiccDaCCTZBuOcfZs70kR8bQ=="
    },
    "react-onclickoutside": {
      "version": "6.12.1",
      "resolved": "https://registry.npmjs.org/react-onclickoutside/-/react-onclickoutside-6.12.1.tgz",
      "integrity": "sha512-a5Q7CkWznBRUWPmocCvE8b6lEYw1s6+opp/60dCunhO+G6E4tDTO2Sd2jKE+leEnnrLAE2Wj5DlDHNqj5wPv1Q=="
    },
    "reactcss": {
      "version": "1.2.3",
      "resolved": "https://registry.npmjs.org/reactcss/-/reactcss-1.2.3.tgz",
      "integrity": "sha512-KiwVUcFu1RErkI97ywr8nvx8dNOpT03rbnma0SSalTYjkrPYaEajR4a/MRt6DZ46K6arDRbWMNHF+xH7G7n/8A==",
      "dev": true,
      "requires": {
        "lodash": "^4.0.1"
      }
    },
    "simple-swizzle": {
      "version": "0.2.2",
      "resolved": "https://registry.npmjs.org/simple-swizzle/-/simple-swizzle-0.2.2.tgz",
      "integrity": "sha1-pNprY1/8zMoz9w0Xy5JZLeleVXo=",
      "dev": true,
      "requires": {
        "is-arrayish": "^0.3.1"
      }
    },
    "tinycolor2": {
      "version": "1.4.2",
      "resolved": "https://registry.npmjs.org/tinycolor2/-/tinycolor2-1.4.2.tgz",
      "integrity": "sha512-vJhccZPs965sV/L2sU4oRQVAos0pQXwsvTLkWYdqJ+a8Q5kPFzJTuOFwy7UniPli44NKQGAglksjvOcpo95aZA==",
      "dev": true
    },
    "tslib": {
      "version": "2.3.1",
      "resolved": "https://registry.npmjs.org/tslib/-/tslib-2.3.1.tgz",
      "integrity": "sha512-77EbyPPpMz+FRFRuAFlWMtmgUWGe9UOG2Z25NqCwiIjRhOf5iKGuzSe5P2w1laq+FkRy4p+PCuVkJSGkzTEKVw==",
      "dev": true
    }
  }
}
