{
	"name": "@einsteinindustries/react-tinacms-date",
	"version": "0.43.15",
	"lockfileVersion": 2,
	"requires": true,
	"packages": {
		"": {
			"name": "@einsteinindustries/react-tinacms-date",
			"version": "0.43.15",
			"license": "Apache-2.0",
			"dependencies": {
				"moment": ">=2 <=3",
				"react-datetime": "^2.16.3"
			},
			"peerDependencies": {
				"styled-components": ">=4.1"
			}
		},
		"node_modules/create-react-class": {
			"version": "15.7.0",
			"resolved": "https://registry.npmjs.org/create-react-class/-/create-react-class-15.7.0.tgz",
			"integrity": "sha512-QZv4sFWG9S5RUvkTYWbflxeZX+JG7Cz0Tn33rQBJ+WFQTqTfUTjMjiv9tnfXazjsO5r0KhPs+AqCjyrQX6h2ng==",
			"dependencies": {
				"loose-envify": "^1.3.1",
				"object-assign": "^4.1.1"
			}
		},
		"node_modules/create-react-class/node_modules/object-assign": {
			"version": "4.1.1",
			"resolved": "https://registry.npmjs.org/object-assign/-/object-assign-4.1.1.tgz",
			"integrity": "sha1-IQmtx5ZYh8/AXLvUQsrIv7s2CGM=",
			"engines": {
				"node": ">=0.10.0"
			}
		},
		"node_modules/js-tokens": {
			"version": "4.0.0",
			"resolved": "https://registry.npmjs.org/js-tokens/-/js-tokens-4.0.0.tgz",
			"integrity": "sha512-RdJUflcE3cUzKiMqQgsCu06FPu9UdIJO0beYbPhHN4k6apgJtifcoCtT9bcxOpYBtpD2kCM6Sbzg4CausW/PKQ=="
		},
		"node_modules/loose-envify": {
			"version": "1.4.0",
			"resolved": "https://registry.npmjs.org/loose-envify/-/loose-envify-1.4.0.tgz",
			"integrity": "sha512-lyuxPGr/Wfhrlem2CL/UcnUc1zcqKAImBDzukY7Y5F/yQiNdko6+fRLevlw1HgMySw7f611UIY408EtxRSoK3Q==",
			"dependencies": {
				"js-tokens": "^3.0.0 || ^4.0.0"
			},
			"bin": {
				"loose-envify": "cli.js"
			}
		},
		"node_modules/moment": {
			"version": "2.29.1",
			"resolved": "https://registry.npmjs.org/moment/-/moment-2.29.1.tgz",
			"integrity": "sha512-kHmoybcPV8Sqy59DwNDY3Jefr64lK/by/da0ViFcuA4DH0vQg5Q6Ze5VimxkfQNSC+Mls/Kx53s7TjP1RhFEDQ==",
			"engines": {
				"node": "*"
			}
		},
		"node_modules/object-assign": {
			"version": "3.0.0",
			"resolved": "https://registry.npmjs.org/object-assign/-/object-assign-3.0.0.tgz",
			"integrity": "sha1-m+3VygiXlJvKR+f/QIBi1Un1h/I=",
			"engines": {
				"node": ">=0.10.0"
			}
		},
		"node_modules/prop-types": {
			"version": "15.8.1",
			"resolved": "https://registry.npmjs.org/prop-types/-/prop-types-15.8.1.tgz",
			"integrity": "sha512-oj87CgZICdulUohogVAR7AjlC0327U4el4L6eAvOqCeudMDVU0NThNaV+b9Df4dXgSP1gXMTnPdhfe/2qDH5cg==",
			"dependencies": {
				"loose-envify": "^1.4.0",
				"object-assign": "^4.1.1",
				"react-is": "^16.13.1"
			}
		},
		"node_modules/prop-types/node_modules/object-assign": {
			"version": "4.1.1",
			"resolved": "https://registry.npmjs.org/object-assign/-/object-assign-4.1.1.tgz",
			"integrity": "sha1-IQmtx5ZYh8/AXLvUQsrIv7s2CGM=",
			"engines": {
				"node": ">=0.10.0"
			}
		},
		"node_modules/react-datetime": {
			"version": "2.16.3",
			"resolved": "https://registry.npmjs.org/react-datetime/-/react-datetime-2.16.3.tgz",
			"integrity": "sha512-amWfb5iGEiyqjLmqCLlPpu2oN415jK8wX1qoTq7qn6EYiU7qQgbNHglww014PT4O/3G5eo/3kbJu/M/IxxTyGw==",
			"dependencies": {
				"create-react-class": "^15.5.2",
				"object-assign": "^3.0.0",
				"prop-types": "^15.5.7",
				"react-onclickoutside": "^6.5.0"
			},
			"peerDependencies": {
				"moment": ">=2.16.0",
				"react": ">=0.13",
				"react-dom": ">=0.13"
			}
		},
		"node_modules/react-is": {
			"version": "16.13.1",
			"resolved": "https://registry.npmjs.org/react-is/-/react-is-16.13.1.tgz",
			"integrity": "sha512-24e6ynE2H+OKt4kqsOvNd8kBpV65zoxbA4BVsEOB3ARVWQki/DHzaUoC5KuON/BiccDaCCTZBuOcfZs70kR8bQ=="
		},
		"node_modules/react-onclickoutside": {
			"version": "6.12.1",
			"resolved": "https://registry.npmjs.org/react-onclickoutside/-/react-onclickoutside-6.12.1.tgz",
			"integrity": "sha512-a5Q7CkWznBRUWPmocCvE8b6lEYw1s6+opp/60dCunhO+G6E4tDTO2Sd2jKE+leEnnrLAE2Wj5DlDHNqj5wPv1Q==",
			"funding": {
				"type": "individual",
				"url": "https://github.com/Pomax/react-onclickoutside/blob/master/FUNDING.md"
			},
			"peerDependencies": {
				"react": "^15.5.x || ^16.x || ^17.x",
				"react-dom": "^15.5.x || ^16.x || ^17.x"
			}
		}
	},
	"dependencies": {
		"create-react-class": {
			"version": "15.7.0",
			"resolved": "https://registry.npmjs.org/create-react-class/-/create-react-class-15.7.0.tgz",
			"integrity": "sha512-QZv4sFWG9S5RUvkTYWbflxeZX+JG7Cz0Tn33rQBJ+WFQTqTfUTjMjiv9tnfXazjsO5r0KhPs+AqCjyrQX6h2ng==",
			"requires": {
				"loose-envify": "^1.3.1",
				"object-assign": "^4.1.1"
			},
			"dependencies": {
				"object-assign": {
					"version": "4.1.1",
					"resolved": "https://registry.npmjs.org/object-assign/-/object-assign-4.1.1.tgz",
					"integrity": "sha1-IQmtx5ZYh8/AXLvUQsrIv7s2CGM="
				}
			}
		},
		"js-tokens": {
			"version": "4.0.0",
			"resolved": "https://registry.npmjs.org/js-tokens/-/js-tokens-4.0.0.tgz",
			"integrity": "sha512-RdJUflcE3cUzKiMqQgsCu06FPu9UdIJO0beYbPhHN4k6apgJtifcoCtT9bcxOpYBtpD2kCM6Sbzg4CausW/PKQ=="
		},
		"loose-envify": {
			"version": "1.4.0",
			"resolved": "https://registry.npmjs.org/loose-envify/-/loose-envify-1.4.0.tgz",
			"integrity": "sha512-lyuxPGr/Wfhrlem2CL/UcnUc1zcqKAImBDzukY7Y5F/yQiNdko6+fRLevlw1HgMySw7f611UIY408EtxRSoK3Q==",
			"requires": {
				"js-tokens": "^3.0.0 || ^4.0.0"
			}
		},
		"moment": {
			"version": "2.29.1",
			"resolved": "https://registry.npmjs.org/moment/-/moment-2.29.1.tgz",
			"integrity": "sha512-kHmoybcPV8Sqy59DwNDY3Jefr64lK/by/da0ViFcuA4DH0vQg5Q6Ze5VimxkfQNSC+Mls/Kx53s7TjP1RhFEDQ=="
		},
		"object-assign": {
			"version": "3.0.0",
			"resolved": "https://registry.npmjs.org/object-assign/-/object-assign-3.0.0.tgz",
			"integrity": "sha1-m+3VygiXlJvKR+f/QIBi1Un1h/I="
		},
		"prop-types": {
			"version": "15.8.1",
			"resolved": "https://registry.npmjs.org/prop-types/-/prop-types-15.8.1.tgz",
			"integrity": "sha512-oj87CgZICdulUohogVAR7AjlC0327U4el4L6eAvOqCeudMDVU0NThNaV+b9Df4dXgSP1gXMTnPdhfe/2qDH5cg==",
			"requires": {
				"loose-envify": "^1.4.0",
				"object-assign": "^4.1.1",
				"react-is": "^16.13.1"
			},
			"dependencies": {
				"object-assign": {
					"version": "4.1.1",
					"resolved": "https://registry.npmjs.org/object-assign/-/object-assign-4.1.1.tgz",
					"integrity": "sha1-IQmtx5ZYh8/AXLvUQsrIv7s2CGM="
				}
			}
		},
		"react-datetime": {
			"version": "2.16.3",
			"resolved": "https://registry.npmjs.org/react-datetime/-/react-datetime-2.16.3.tgz",
			"integrity": "sha512-amWfb5iGEiyqjLmqCLlPpu2oN415jK8wX1qoTq7qn6EYiU7qQgbNHglww014PT4O/3G5eo/3kbJu/M/IxxTyGw==",
			"requires": {
				"create-react-class": "^15.5.2",
				"object-assign": "^3.0.0",
				"prop-types": "^15.5.7",
				"react-onclickoutside": "^6.5.0"
			}
		},
		"react-is": {
			"version": "16.13.1",
			"resolved": "https://registry.npmjs.org/react-is/-/react-is-16.13.1.tgz",
			"integrity": "sha512-24e6ynE2H+OKt4kqsOvNd8kBpV65zoxbA4BVsEOB3ARVWQki/DHzaUoC5KuON/BiccDaCCTZBuOcfZs70kR8bQ=="
		},
		"react-onclickoutside": {
			"version": "6.12.1",
			"resolved": "https://registry.npmjs.org/react-onclickoutside/-/react-onclickoutside-6.12.1.tgz",
			"integrity": "sha512-a5Q7CkWznBRUWPmocCvE8b6lEYw1s6+opp/60dCunhO+G6E4tDTO2Sd2jKE+leEnnrLAE2Wj5DlDHNqj5wPv1Q=="
		}
	}
}
