{
  "name": "react-tinacms-date",
  "version": "0.31.0",
  "lockfileVersion": 1,
  "requires": true,
  "dependencies": {
    "@icons/material": {
      "version": "0.2.4",
      "resolved": "https://registry.npmjs.org/@icons/material/-/material-0.2.4.tgz",
      "integrity": "sha512-QPcGmICAPbGLGb6F/yNf/KzKqvFx8z5qx3D1yFqVAjoFmXK35EgyW+cJ57Te3CNsmzblwtzakLGFqHPqrfb4Tw==",
      "dev": true
    },
    "@sambego/storybook-styles": {
      "version": "1.0.0",
      "resolved": "https://registry.npmjs.org/@sambego/storybook-styles/-/storybook-styles-1.0.0.tgz",
      "integrity": "sha512-n0SqZwDewUDRaStEcoNMiYy9qovaLVStsh4Gb2dc2LLiG3IIK0UXdeR1N7puVuRihJq/192uOyGPCjZ/NAteuA==",
      "dev": true
    },
    "@tinacms/fields": {
      "version": "0.31.0",
      "resolved": "https://registry.npmjs.org/@tinacms/fields/-/fields-0.31.0.tgz",
      "integrity": "sha512-5q3cnj41/j0NKsX+rAwaTEJF2txQkuhPaE6pXk4bWH5MzFy8pvjQPZhWz6C5yufXNIVGpK4WSb0xOhEm34Z6yw==",
      "dev": true,
      "requires": {
        "@sambego/storybook-styles": "^1.0.0",
        "@types/react-select": "^2.0.11",
        "color-string": "^1.5.3",
        "react-color": "^2.17.3",
        "react-dismissible": "^1.3.0",
        "react-dropzone": "10.1.8"
      }
    },
    "@tinacms/scripts": {
      "version": "0.29.0",
      "resolved": "https://registry.npmjs.org/@tinacms/scripts/-/scripts-0.29.0.tgz",
      "integrity": "sha512-al6cTwLwdgEQF36gbAhwiW9hH7z5FfGxj4scaqSPo6mw3c+Y+Zw59OLxr3lQgC1dbRcUi5E/zDCGYRnkd/BO8A==",
      "dev": true
    },
    "@types/prop-types": {
      "version": "15.7.3",
      "resolved": "https://registry.npmjs.org/@types/prop-types/-/prop-types-15.7.3.tgz",
      "integrity": "sha512-KfRL3PuHmqQLOG+2tGpRO26Ctg+Cq1E01D2DMriKEATHgWLfeNDmq9e29Q9WIky0dQ3NPkd1mzYH8Lm936Z9qw==",
      "dev": true
    },
    "@types/react": {
      "version": "16.9.51",
      "resolved": "https://registry.npmjs.org/@types/react/-/react-16.9.51.tgz",
      "integrity": "sha512-lQa12IyO+DMlnSZ3+AGHRUiUcpK47aakMMoBG8f7HGxJT8Yfe+WE128HIXaHOHVPReAW0oDS3KAI0JI2DDe1PQ==",
      "dev": true,
      "requires": {
        "@types/prop-types": "*",
        "csstype": "^3.0.2"
      }
    },
    "@types/react-dom": {
      "version": "16.9.8",
      "resolved": "https://registry.npmjs.org/@types/react-dom/-/react-dom-16.9.8.tgz",
      "integrity": "sha512-ykkPQ+5nFknnlU6lDd947WbQ6TE3NNzbQAkInC2EKY1qeYdTKp7onFusmYZb+ityzx2YviqT6BXSu+LyWWJwcA==",
      "dev": true,
      "requires": {
        "@types/react": "*"
      }
    },
    "@types/react-select": {
      "version": "2.0.19",
      "resolved": "https://registry.npmjs.org/@types/react-select/-/react-select-2.0.19.tgz",
      "integrity": "sha512-5GGBO3npQ0G/poQmEn+kI3Vn3DoJ9WjRXCeGcpwLxd5rYmjYPH235lbYPX5aclXE2RqEXyFxd96oh0wYwPXYpg==",
      "dev": true,
      "requires": {
        "@types/react": "*",
        "@types/react-dom": "*",
        "@types/react-transition-group": "*"
      }
    },
    "@types/react-transition-group": {
      "version": "4.4.0",
      "resolved": "https://registry.npmjs.org/@types/react-transition-group/-/react-transition-group-4.4.0.tgz",
      "integrity": "sha512-/QfLHGpu+2fQOqQaXh8MG9q03bFENooTb/it4jr5kKaZlDQfWvjqWZg48AwzPVMBHlRuTRAY7hRHCEOXz5kV6w==",
      "dev": true,
      "requires": {
        "@types/react": "*"
      }
    },
    "asap": {
      "version": "2.0.6",
      "resolved": "https://registry.npmjs.org/asap/-/asap-2.0.6.tgz",
      "integrity": "sha1-5QNHYR1+aQlDIIu9r+vLwvuGbUY="
    },
    "attr-accept": {
      "version": "1.1.3",
      "resolved": "https://registry.npmjs.org/attr-accept/-/attr-accept-1.1.3.tgz",
      "integrity": "sha512-iT40nudw8zmCweivz6j58g+RT33I4KbaIvRUhjNmDwO2WmsQUxFEZZYZ5w3vXe5x5MX9D7mfvA/XaLOZYFR9EQ==",
      "dev": true,
      "requires": {
        "core-js": "^2.5.0"
      },
      "dependencies": {
        "core-js": {
          "version": "2.6.11",
          "resolved": "https://registry.npmjs.org/core-js/-/core-js-2.6.11.tgz",
          "integrity": "sha512-5wjnpaT/3dV+XB4borEsnAYQchn00XSgTAWKDkEqv+K8KevjbzmofK6hfJ9TZIlpj2N0xQpazy7PiRQiWHqzWg==",
          "dev": true
        }
      }
    },
    "color-name": {
      "version": "1.1.4",
      "resolved": "https://registry.npmjs.org/color-name/-/color-name-1.1.4.tgz",
      "integrity": "sha512-dOy+3AuW3a2wNbZHIuMZpTcgjGuLU/uBL/ubcZF9OXbDo8ff4O8yVp5Bf0efS8uEoYo5q4Fx7dY9OgQGXgAsQA==",
      "dev": true
    },
    "color-string": {
      "version": "1.5.3",
      "resolved": "https://registry.npmjs.org/color-string/-/color-string-1.5.3.tgz",
      "integrity": "sha512-dC2C5qeWoYkxki5UAXapdjqO672AM4vZuPGRQfO8b5HKuKGBbKWpITyDYN7TOFKvRW7kOgAn3746clDBMDJyQw==",
      "dev": true,
      "requires": {
        "color-name": "^1.0.0",
        "simple-swizzle": "^0.2.2"
      }
    },
    "core-js": {
      "version": "1.2.7",
      "resolved": "https://registry.npmjs.org/core-js/-/core-js-1.2.7.tgz",
      "integrity": "sha1-ZSKUwUZR2yj6k70tX/KYOk8IxjY="
    },
    "create-react-class": {
      "version": "15.6.3",
      "resolved": "https://registry.npmjs.org/create-react-class/-/create-react-class-15.6.3.tgz",
      "integrity": "sha512-M+/3Q6E6DLO6Yx3OwrWjwHBnvfXXYA7W+dFjt/ZDBemHO1DDZhsalX/NUtnTYclN6GfnBDRh4qRHjcDHmlJBJg==",
      "requires": {
        "fbjs": "^0.8.9",
        "loose-envify": "^1.3.1",
        "object-assign": "^4.1.1"
      },
      "dependencies": {
        "object-assign": {
          "version": "4.1.1",
          "resolved": "https://registry.npmjs.org/object-assign/-/object-assign-4.1.1.tgz",
          "integrity": "sha1-IQmtx5ZYh8/AXLvUQsrIv7s2CGM="
        }
      }
    },
    "csstype": {
      "version": "3.0.3",
      "resolved": "https://registry.npmjs.org/csstype/-/csstype-3.0.3.tgz",
      "integrity": "sha512-jPl+wbWPOWJ7SXsWyqGRk3lGecbar0Cb0OvZF/r/ZU011R4YqiRehgkQ9p4eQfo9DSDLqLL3wHwfxeJiuIsNag==",
      "dev": true
    },
    "encoding": {
      "version": "0.1.13",
      "resolved": "https://registry.npmjs.org/encoding/-/encoding-0.1.13.tgz",
      "integrity": "sha512-ETBauow1T35Y/WZMkio9jiM0Z5xjHHmJ4XmjZOq1l/dXz3lr2sRn87nJy20RupqSh1F2m3HHPSp8ShIPQJrJ3A==",
      "requires": {
        "iconv-lite": "^0.6.2"
      }
    },
    "fbjs": {
      "version": "0.8.17",
      "resolved": "https://registry.npmjs.org/fbjs/-/fbjs-0.8.17.tgz",
      "integrity": "sha1-xNWY6taUkRJlPWWIsBpc3Nn5D90=",
      "requires": {
        "core-js": "^1.0.0",
        "isomorphic-fetch": "^2.1.1",
        "loose-envify": "^1.0.0",
        "object-assign": "^4.1.0",
        "promise": "^7.1.1",
        "setimmediate": "^1.0.5",
        "ua-parser-js": "^0.7.18"
      },
      "dependencies": {
        "object-assign": {
          "version": "4.1.1",
          "resolved": "https://registry.npmjs.org/object-assign/-/object-assign-4.1.1.tgz",
          "integrity": "sha1-IQmtx5ZYh8/AXLvUQsrIv7s2CGM="
        }
      }
    },
    "file-selector": {
      "version": "0.1.13",
      "resolved": "https://registry.npmjs.org/file-selector/-/file-selector-0.1.13.tgz",
      "integrity": "sha512-T2efCBY6Ps+jLIWdNQsmzt/UnAjKOEAlsZVdnQztg/BtAZGNL4uX1Jet9cMM8gify/x4CSudreji2HssGBNVIQ==",
      "dev": true,
      "requires": {
        "tslib": "^2.0.1"
      }
    },
    "iconv-lite": {
      "version": "0.6.2",
      "resolved": "https://registry.npmjs.org/iconv-lite/-/iconv-lite-0.6.2.tgz",
      "integrity": "sha512-2y91h5OpQlolefMPmUlivelittSWy0rP+oYVpn6A7GwVHNE8AWzoYOBNmlwks3LobaJxgHCYZAnyNo2GgpNRNQ==",
      "requires": {
        "safer-buffer": ">= 2.1.2 < 3.0.0"
      }
    },
    "is-arrayish": {
      "version": "0.3.2",
      "resolved": "https://registry.npmjs.org/is-arrayish/-/is-arrayish-0.3.2.tgz",
      "integrity": "sha512-eVRqCvVlZbuw3GrM63ovNSNAeA1K16kaR/LRY/92w0zxQ5/1YzwblUX652i4Xs9RwAGjW9d9y6X88t8OaAJfWQ==",
      "dev": true
    },
    "is-stream": {
      "version": "1.1.0",
      "resolved": "https://registry.npmjs.org/is-stream/-/is-stream-1.1.0.tgz",
      "integrity": "sha1-EtSj3U5o4Lec6428hBc66A2RykQ="
    },
    "isomorphic-fetch": {
      "version": "2.2.1",
      "resolved": "https://registry.npmjs.org/isomorphic-fetch/-/isomorphic-fetch-2.2.1.tgz",
      "integrity": "sha1-YRrhrPFPXoH3KVB0coGf6XM1WKk=",
      "requires": {
        "node-fetch": "^1.0.1",
        "whatwg-fetch": ">=0.10.0"
      }
    },
    "js-tokens": {
      "version": "4.0.0",
      "resolved": "https://registry.npmjs.org/js-tokens/-/js-tokens-4.0.0.tgz",
      "integrity": "sha512-RdJUflcE3cUzKiMqQgsCu06FPu9UdIJO0beYbPhHN4k6apgJtifcoCtT9bcxOpYBtpD2kCM6Sbzg4CausW/PKQ=="
    },
    "lodash": {
      "version": "4.17.20",
      "resolved": "https://registry.npmjs.org/lodash/-/lodash-4.17.20.tgz",
      "integrity": "sha512-PlhdFcillOINfeV7Ni6oF1TAEayyZBoZ8bcshTHqOYJYlrqzRK5hagpagky5o4HfCzzd1TRkXPMFq6cKk9rGmA==",
      "dev": true
    },
    "loose-envify": {
      "version": "1.4.0",
      "resolved": "https://registry.npmjs.org/loose-envify/-/loose-envify-1.4.0.tgz",
      "integrity": "sha512-lyuxPGr/Wfhrlem2CL/UcnUc1zcqKAImBDzukY7Y5F/yQiNdko6+fRLevlw1HgMySw7f611UIY408EtxRSoK3Q==",
      "requires": {
        "js-tokens": "^3.0.0 || ^4.0.0"
      }
    },
    "material-colors": {
      "version": "1.2.6",
      "resolved": "https://registry.npmjs.org/material-colors/-/material-colors-1.2.6.tgz",
      "integrity": "sha512-6qE4B9deFBIa9YSpOc9O0Sgc43zTeVYbgDT5veRKSlB2+ZuHNoVVxA1L/ckMUayV9Ay9y7Z/SZCLcGteW9i7bg==",
      "dev": true
    },
    "moment": {
      "version": "2.29.1",
      "resolved": "https://registry.npmjs.org/moment/-/moment-2.29.1.tgz",
      "integrity": "sha512-kHmoybcPV8Sqy59DwNDY3Jefr64lK/by/da0ViFcuA4DH0vQg5Q6Ze5VimxkfQNSC+Mls/Kx53s7TjP1RhFEDQ=="
    },
    "node-fetch": {
      "version": "1.7.3",
      "resolved": "https://registry.npmjs.org/node-fetch/-/node-fetch-1.7.3.tgz",
      "integrity": "sha512-NhZ4CsKx7cYm2vSrBAr2PvFOe6sWDf0UYLRqA6svUYg7+/TSfVAu49jYC4BvQ4Sms9SZgdqGBgroqfDhJdTyKQ==",
      "requires": {
        "encoding": "^0.1.11",
        "is-stream": "^1.0.1"
      }
    },
    "object-assign": {
      "version": "3.0.0",
      "resolved": "https://registry.npmjs.org/object-assign/-/object-assign-3.0.0.tgz",
      "integrity": "sha1-m+3VygiXlJvKR+f/QIBi1Un1h/I="
    },
    "promise": {
      "version": "7.3.1",
      "resolved": "https://registry.npmjs.org/promise/-/promise-7.3.1.tgz",
      "integrity": "sha512-nolQXZ/4L+bP/UGlkfaIujX9BKxGwmQ9OT4mOt5yvy8iK1h3wqTEJCijzGANTCCl9nWjY41juyAn2K3Q1hLLTg==",
      "requires": {
        "asap": "~2.0.3"
      }
    },
    "prop-types": {
      "version": "15.7.2",
      "resolved": "https://registry.npmjs.org/prop-types/-/prop-types-15.7.2.tgz",
      "integrity": "sha512-8QQikdH7//R2vurIJSutZ1smHYTcLpRWEOlHnzcWHmBYrOGUysKwSsrC89BCiFj3CbrfJ/nXFdJepOVrY1GCHQ==",
      "requires": {
        "loose-envify": "^1.4.0",
        "object-assign": "^4.1.1",
        "react-is": "^16.8.1"
      },
      "dependencies": {
        "object-assign": {
          "version": "4.1.1",
          "resolved": "https://registry.npmjs.org/object-assign/-/object-assign-4.1.1.tgz",
          "integrity": "sha1-IQmtx5ZYh8/AXLvUQsrIv7s2CGM="
        }
      }
    },
    "react-color": {
      "version": "2.18.1",
      "resolved": "https://registry.npmjs.org/react-color/-/react-color-2.18.1.tgz",
      "integrity": "sha512-X5XpyJS6ncplZs74ak0JJoqPi+33Nzpv5RYWWxn17bslih+X7OlgmfpmGC1fNvdkK7/SGWYf1JJdn7D2n5gSuQ==",
      "dev": true,
      "requires": {
        "@icons/material": "^0.2.4",
        "lodash": "^4.17.11",
        "material-colors": "^1.2.1",
        "prop-types": "^15.5.10",
        "reactcss": "^1.2.0",
        "tinycolor2": "^1.4.1"
      }
    },
    "react-datetime": {
      "version": "2.16.3",
      "resolved": "https://registry.npmjs.org/react-datetime/-/react-datetime-2.16.3.tgz",
      "integrity": "sha512-amWfb5iGEiyqjLmqCLlPpu2oN415jK8wX1qoTq7qn6EYiU7qQgbNHglww014PT4O/3G5eo/3kbJu/M/IxxTyGw==",
      "requires": {
        "create-react-class": "^15.5.2",
        "object-assign": "^3.0.0",
        "prop-types": "^15.5.7",
        "react-onclickoutside": "^6.5.0"
      }
    },
    "react-dismissible": {
      "version": "1.3.0",
      "resolved": "https://registry.npmjs.org/react-dismissible/-/react-dismissible-1.3.0.tgz",
      "integrity": "sha512-KqShOnw84Ft2Hx/O5KrwTDY1bXmICcJ8HlRIqSdn6j4Lg3OLVrETBiPgGUB4CRNRquVihcd5JmgDa0WUVdBG9g==",
      "dev": true
    },
    "react-dropzone": {
      "version": "10.1.8",
      "resolved": "https://registry.npmjs.org/react-dropzone/-/react-dropzone-10.1.8.tgz",
      "integrity": "sha512-Lm6+TxIDf/my4i3VdYmufRcrJ4SUbSTJP3HB49V2+HNjZwLI4NKVkaNRHwwSm9CEuzMP+6SW7pT1txc1uBPfDg==",
      "dev": true,
      "requires": {
        "attr-accept": "^1.1.3",
        "file-selector": "^0.1.11",
        "prop-types": "^15.7.2"
      }
    },
    "react-is": {
      "version": "16.13.1",
      "resolved": "https://registry.npmjs.org/react-is/-/react-is-16.13.1.tgz",
      "integrity": "sha512-24e6ynE2H+OKt4kqsOvNd8kBpV65zoxbA4BVsEOB3ARVWQki/DHzaUoC5KuON/BiccDaCCTZBuOcfZs70kR8bQ=="
    },
    "react-onclickoutside": {
      "version": "6.9.0",
      "resolved": "https://registry.npmjs.org/react-onclickoutside/-/react-onclickoutside-6.9.0.tgz",
      "integrity": "sha512-8ltIY3bC7oGhj2nPAvWOGi+xGFybPNhJM0V1H8hY/whNcXgmDeaeoCMPPd8VatrpTsUWjb/vGzrmu6SrXVty3A=="
    },
    "reactcss": {
      "version": "1.2.3",
      "resolved": "https://registry.npmjs.org/reactcss/-/reactcss-1.2.3.tgz",
      "integrity": "sha512-KiwVUcFu1RErkI97ywr8nvx8dNOpT03rbnma0SSalTYjkrPYaEajR4a/MRt6DZ46K6arDRbWMNHF+xH7G7n/8A==",
      "dev": true,
      "requires": {
        "lodash": "^4.0.1"
      }
    },
    "safer-buffer": {
      "version": "2.1.2",
      "resolved": "https://registry.npmjs.org/safer-buffer/-/safer-buffer-2.1.2.tgz",
      "integrity": "sha512-YZo3K82SD7Riyi0E1EQPojLz7kpepnSQI9IyPbHHg1XXXevb5dJI7tpyN2ADxGcQbHG7vcyRHk0cbwqcQriUtg=="
    },
    "setimmediate": {
      "version": "1.0.5",
      "resolved": "https://registry.npmjs.org/setimmediate/-/setimmediate-1.0.5.tgz",
      "integrity": "sha1-KQy7Iy4waULX1+qbg3Mqt4VvgoU="
    },
    "simple-swizzle": {
      "version": "0.2.2",
      "resolved": "https://registry.npmjs.org/simple-swizzle/-/simple-swizzle-0.2.2.tgz",
      "integrity": "sha1-pNprY1/8zMoz9w0Xy5JZLeleVXo=",
      "dev": true,
      "requires": {
        "is-arrayish": "^0.3.1"
      }
    },
    "tinycolor2": {
      "version": "1.4.2",
      "resolved": "https://registry.npmjs.org/tinycolor2/-/tinycolor2-1.4.2.tgz",
      "integrity": "sha512-vJhccZPs965sV/L2sU4oRQVAos0pQXwsvTLkWYdqJ+a8Q5kPFzJTuOFwy7UniPli44NKQGAglksjvOcpo95aZA==",
      "dev": true
    },
    "tslib": {
      "version": "2.0.2",
      "resolved": "https://registry.npmjs.org/tslib/-/tslib-2.0.2.tgz",
      "integrity": "sha512-wAH28hcEKwna96/UacuWaVspVLkg4x1aDM9JlzqaQTOFczCktkVAb5fmXChgandR1EraDPs2w8P+ozM+oafwxg==",
      "dev": true
    },
    "ua-parser-js": {
      "version": "0.7.22",
      "resolved": "https://registry.npmjs.org/ua-parser-js/-/ua-parser-js-0.7.22.tgz",
      "integrity": "sha512-YUxzMjJ5T71w6a8WWVcMGM6YWOTX27rCoIQgLXiWaxqXSx9D7DNjiGWn1aJIRSQ5qr0xuhra77bSIh6voR/46Q=="
    },
    "whatwg-fetch": {
      "version": "3.4.1",
      "resolved": "https://registry.npmjs.org/whatwg-fetch/-/whatwg-fetch-3.4.1.tgz",
      "integrity": "sha512-sofZVzE1wKwO+EYPbWfiwzaKovWiZXf4coEzjGP9b2GBVgQRLQUZ2QcuPpQExGDAW5GItpEm6Tl4OU5mywnAoQ=="
    }
  }
}
