{
	"name": "@einsteinindustries/tinacms-react-core",
	"version": "0.43.15",
	"lockfileVersion": 2,
	"requires": true,
	"packages": {
		"": {
			"name": "@einsteinindustries/tinacms-react-core",
			"version": "0.43.12",
			"license": "Apache-2.0",
			"dependencies": {
				"@tinacms/core": "^0.43.0",
				"@tinacms/forms": "^0.43.0"
			},
			"devDependencies": {
				"@tinacms/scripts": "^0.42.1"
			},
			"peerDependencies": {
				"react": ">=16.8"
			}
		},
		"node_modules/@babel/runtime": {
			"version": "7.16.7",
			"resolved": "https://registry.npmjs.org/@babel/runtime/-/runtime-7.16.7.tgz",
			"integrity": "sha512-9E9FJowqAsytyOY6LG+1KuueckRL+aQW+mKvXRXnuFGyRAyepJPmEo9vgMfXUA6O9u3IeEdv9MAkppFcaQwogQ==",
			"dependencies": {
				"regenerator-runtime": "^0.13.4"
			},
			"engines": {
				"node": ">=6.9.0"
			}
		},
		"node_modules/@tinacms/core": {
			"version": "0.43.0",
			"resolved": "https://registry.npmjs.org/@tinacms/core/-/core-0.43.0.tgz",
			"integrity": "sha512-I0aW4fR2e7KneSPYXfoEJO9lSf7/ZkL97pEliD/mC+VdFpm4i+EtmoyvVNYcXGBMOEFT7mZy8BSDVWcgUQapzA=="
		},
		"node_modules/@tinacms/forms": {
			"version": "0.43.0",
			"resolved": "https://registry.npmjs.org/@tinacms/forms/-/forms-0.43.0.tgz",
			"integrity": "sha512-VF/1Qz5Tp1SgbjSSoZtAhOMFO69x1XWob/FUlFgs7ajH8ptKFSqPApVF7Tgg8HB7sE/bAzK8mqduxG8Gec+jpA==",
			"dependencies": {
				"final-form": "^4.20.2",
				"final-form-arrays": "^3.0.1"
			},
			"peerDependencies": {
				"react": ">=16.8"
			}
		},
		"node_modules/@tinacms/scripts": {
			"version": "0.42.1",
			"resolved": "https://registry.npmjs.org/@tinacms/scripts/-/scripts-0.42.1.tgz",
			"integrity": "sha512-M3UHJDkYkDXXVPU4sFbz6FMI+hkszxlCAzY0dkiBNbSaXMWbjSgX7WeKhio0AdagQuBtRBmdzPD6ENhEeaQlcg==",
			"dev": true,
			"bin": {
				"tinacms-scripts": "bin/scripts.js"
			}
		},
		"node_modules/final-form": {
			"version": "4.20.6",
			"resolved": "https://registry.npmjs.org/final-form/-/final-form-4.20.6.tgz",
			"integrity": "sha512-fCdwIj49KOaFfDRlXB57Eo+GghIMZQWrA9TakQI3C9uQxHwaFHXqZSNRlUdfnQmNNeySwGOaGPZCvjy58hyv4w==",
			"dependencies": {
				"@babel/runtime": "^7.10.0"
			},
			"funding": {
				"type": "opencollective",
				"url": "https://opencollective.com/final-form"
			}
		},
		"node_modules/final-form-arrays": {
			"version": "3.0.2",
			"resolved": "https://registry.npmjs.org/final-form-arrays/-/final-form-arrays-3.0.2.tgz",
			"integrity": "sha512-TfO8aZNz3RrsZCDx8GHMQcyztDNpGxSSi9w4wpSNKlmv2PfFWVVM8P7Yj5tj4n0OWax+x5YwTLhT5BnqSlCi+w==",
			"peerDependencies": {
				"final-form": "^4.18.2"
			}
		},
		"node_modules/js-tokens": {
			"version": "4.0.0",
			"resolved": "https://registry.npmjs.org/js-tokens/-/js-tokens-4.0.0.tgz",
			"integrity": "sha512-RdJUflcE3cUzKiMqQgsCu06FPu9UdIJO0beYbPhHN4k6apgJtifcoCtT9bcxOpYBtpD2kCM6Sbzg4CausW/PKQ==",
			"peer": true
		},
		"node_modules/loose-envify": {
			"version": "1.4.0",
			"resolved": "https://registry.npmjs.org/loose-envify/-/loose-envify-1.4.0.tgz",
			"integrity": "sha512-lyuxPGr/Wfhrlem2CL/UcnUc1zcqKAImBDzukY7Y5F/yQiNdko6+fRLevlw1HgMySw7f611UIY408EtxRSoK3Q==",
			"peer": true,
			"dependencies": {
				"js-tokens": "^3.0.0 || ^4.0.0"
			},
			"bin": {
				"loose-envify": "cli.js"
			}
		},
		"node_modules/object-assign": {
			"version": "4.1.1",
			"resolved": "https://registry.npmjs.org/object-assign/-/object-assign-4.1.1.tgz",
			"integrity": "sha1-IQmtx5ZYh8/AXLvUQsrIv7s2CGM=",
			"peer": true,
			"engines": {
				"node": ">=0.10.0"
			}
		},
		"node_modules/react": {
			"version": "17.0.2",
			"resolved": "https://registry.npmjs.org/react/-/react-17.0.2.tgz",
			"integrity": "sha512-gnhPt75i/dq/z3/6q/0asP78D0u592D5L1pd7M8P+dck6Fu/jJeL6iVVK23fptSUZj8Vjf++7wXA8UNclGQcbA==",
			"peer": true,
			"dependencies": {
				"loose-envify": "^1.1.0",
				"object-assign": "^4.1.1"
			},
			"engines": {
				"node": ">=0.10.0"
			}
		},
		"node_modules/regenerator-runtime": {
			"version": "0.13.9",
			"resolved": "https://registry.npmjs.org/regenerator-runtime/-/regenerator-runtime-0.13.9.tgz",
			"integrity": "sha512-p3VT+cOEgxFsRRA9X4lkI1E+k2/CtnKtU4gcxyaCUreilL/vqI6CdZ3wxVUx3UOUg+gnUOQQcRI7BmSI656MYA=="
		}
	},
	"dependencies": {
		"@babel/runtime": {
			"version": "7.16.7",
			"resolved": "https://registry.npmjs.org/@babel/runtime/-/runtime-7.16.7.tgz",
			"integrity": "sha512-9E9FJowqAsytyOY6LG+1KuueckRL+aQW+mKvXRXnuFGyRAyepJPmEo9vgMfXUA6O9u3IeEdv9MAkppFcaQwogQ==",
			"requires": {
				"regenerator-runtime": "^0.13.4"
			}
		},
		"@tinacms/core": {
			"version": "0.43.0",
			"resolved": "https://registry.npmjs.org/@tinacms/core/-/core-0.43.0.tgz",
			"integrity": "sha512-I0aW4fR2e7KneSPYXfoEJO9lSf7/ZkL97pEliD/mC+VdFpm4i+EtmoyvVNYcXGBMOEFT7mZy8BSDVWcgUQapzA=="
		},
		"@tinacms/forms": {
			"version": "0.43.0",
			"resolved": "https://registry.npmjs.org/@tinacms/forms/-/forms-0.43.0.tgz",
			"integrity": "sha512-VF/1Qz5Tp1SgbjSSoZtAhOMFO69x1XWob/FUlFgs7ajH8ptKFSqPApVF7Tgg8HB7sE/bAzK8mqduxG8Gec+jpA==",
			"requires": {
				"final-form": "^4.20.2",
				"final-form-arrays": "^3.0.1"
			}
		},
		"@tinacms/scripts": {
			"version": "0.42.1",
			"resolved": "https://registry.npmjs.org/@tinacms/scripts/-/scripts-0.42.1.tgz",
			"integrity": "sha512-M3UHJDkYkDXXVPU4sFbz6FMI+hkszxlCAzY0dkiBNbSaXMWbjSgX7WeKhio0AdagQuBtRBmdzPD6ENhEeaQlcg==",
			"dev": true
		},
		"final-form": {
			"version": "4.20.6",
			"resolved": "https://registry.npmjs.org/final-form/-/final-form-4.20.6.tgz",
			"integrity": "sha512-fCdwIj49KOaFfDRlXB57Eo+GghIMZQWrA9TakQI3C9uQxHwaFHXqZSNRlUdfnQmNNeySwGOaGPZCvjy58hyv4w==",
			"requires": {
				"@babel/runtime": "^7.10.0"
			}
		},
		"final-form-arrays": {
			"version": "3.0.2",
			"resolved": "https://registry.npmjs.org/final-form-arrays/-/final-form-arrays-3.0.2.tgz",
			"integrity": "sha512-TfO8aZNz3RrsZCDx8GHMQcyztDNpGxSSi9w4wpSNKlmv2PfFWVVM8P7Yj5tj4n0OWax+x5YwTLhT5BnqSlCi+w==",
			"requires": {}
		},
		"js-tokens": {
			"version": "4.0.0",
			"resolved": "https://registry.npmjs.org/js-tokens/-/js-tokens-4.0.0.tgz",
			"integrity": "sha512-RdJUflcE3cUzKiMqQgsCu06FPu9UdIJO0beYbPhHN4k6apgJtifcoCtT9bcxOpYBtpD2kCM6Sbzg4CausW/PKQ==",
			"peer": true
		},
		"loose-envify": {
			"version": "1.4.0",
			"resolved": "https://registry.npmjs.org/loose-envify/-/loose-envify-1.4.0.tgz",
			"integrity": "sha512-lyuxPGr/Wfhrlem2CL/UcnUc1zcqKAImBDzukY7Y5F/yQiNdko6+fRLevlw1HgMySw7f611UIY408EtxRSoK3Q==",
			"peer": true,
			"requires": {
				"js-tokens": "^3.0.0 || ^4.0.0"
			}
		},
		"object-assign": {
			"version": "4.1.1",
			"resolved": "https://registry.npmjs.org/object-assign/-/object-assign-4.1.1.tgz",
			"integrity": "sha1-IQmtx5ZYh8/AXLvUQsrIv7s2CGM=",
			"peer": true
		},
		"react": {
			"version": "17.0.2",
			"resolved": "https://registry.npmjs.org/react/-/react-17.0.2.tgz",
			"integrity": "sha512-gnhPt75i/dq/z3/6q/0asP78D0u592D5L1pd7M8P+dck6Fu/jJeL6iVVK23fptSUZj8Vjf++7wXA8UNclGQcbA==",
			"peer": true,
			"requires": {
				"loose-envify": "^1.1.0",
				"object-assign": "^4.1.1"
			}
		},
		"regenerator-runtime": {
			"version": "0.13.9",
			"resolved": "https://registry.npmjs.org/regenerator-runtime/-/regenerator-runtime-0.13.9.tgz",
			"integrity": "sha512-p3VT+cOEgxFsRRA9X4lkI1E+k2/CtnKtU4gcxyaCUreilL/vqI6CdZ3wxVUx3UOUg+gnUOQQcRI7BmSI656MYA=="
		}
	}
}
