{
	"name": "@einsteinindustries/tinacms",
	"version": "0.43.6",
	"lockfileVersion": 2,
	"requires": true,
	"packages": {
		"": {
			"name": "@einsteinindustries/tinacms",
			"version": "0.43.5",
			"license": "Apache-2.0",
			"dependencies": {
				"react-dropzone": "^11.1.0"
			},
			"peerDependencies": {
				"react": ">=16.8",
				"react-dom": ">=16.8",
				"styled-components": ">=4.1"
			}
		},
		"node_modules/react-dropzone": {
			"version": "11.4.2",
			"resolved": "https://registry.npmjs.org/react-dropzone/-/react-dropzone-11.4.2.tgz",
			"integrity": "sha512-ocYzYn7Qgp0tFc1gQtUTOaHHSzVTwhWHxxY+r7cj2jJTPfMTZB5GWSJHdIVoxsl+EQENpjJ/6Zvcw0BqKZQ+Eg==",
			"dependencies": {
				"attr-accept": "^2.2.1",
				"file-selector": "^0.2.2",
				"prop-types": "^15.7.2"
			},
			"engines": {
				"node": ">= 10"
			},
			"peerDependencies": {
				"react": ">= 16.8"
			}
		},
		"node_modules/react-dropzone/node_modules/attr-accept": {
			"version": "2.2.2",
			"resolved": "https://registry.npmjs.org/attr-accept/-/attr-accept-2.2.2.tgz",
			"integrity": "sha512-7prDjvt9HmqiZ0cl5CRjtS84sEyhsHP2coDkaZKRKVfCDo9s7iw7ChVmar78Gu9pC4SoR/28wFu/G5JJhTnqEg==",
			"engines": {
				"node": ">=4"
			}
		},
		"node_modules/react-dropzone/node_modules/file-selector": {
			"version": "0.2.4",
			"resolved": "https://registry.npmjs.org/file-selector/-/file-selector-0.2.4.tgz",
			"integrity": "sha512-ZDsQNbrv6qRi1YTDOEWzf5J2KjZ9KMI1Q2SGeTkCJmNNW25Jg4TW4UMcmoqcg4WrAyKRcpBXdbWRxkfrOzVRbA==",
			"dependencies": {
				"tslib": "^2.0.3"
			},
			"engines": {
				"node": ">= 10"
			}
		},
		"node_modules/react-dropzone/node_modules/js-tokens": {
			"version": "4.0.0",
			"resolved": "https://registry.npmjs.org/js-tokens/-/js-tokens-4.0.0.tgz",
			"integrity": "sha512-RdJUflcE3cUzKiMqQgsCu06FPu9UdIJO0beYbPhHN4k6apgJtifcoCtT9bcxOpYBtpD2kCM6Sbzg4CausW/PKQ=="
		},
		"node_modules/react-dropzone/node_modules/loose-envify": {
			"version": "1.4.0",
			"resolved": "https://registry.npmjs.org/loose-envify/-/loose-envify-1.4.0.tgz",
			"integrity": "sha512-lyuxPGr/Wfhrlem2CL/UcnUc1zcqKAImBDzukY7Y5F/yQiNdko6+fRLevlw1HgMySw7f611UIY408EtxRSoK3Q==",
			"dependencies": {
				"js-tokens": "^3.0.0 || ^4.0.0"
			},
			"bin": {
				"loose-envify": "cli.js"
			}
		},
		"node_modules/react-dropzone/node_modules/object-assign": {
			"version": "4.1.1",
			"resolved": "https://registry.npmjs.org/object-assign/-/object-assign-4.1.1.tgz",
			"integrity": "sha1-IQmtx5ZYh8/AXLvUQsrIv7s2CGM=",
			"engines": {
				"node": ">=0.10.0"
			}
		},
		"node_modules/react-dropzone/node_modules/prop-types": {
			"version": "15.8.1",
			"resolved": "https://registry.npmjs.org/prop-types/-/prop-types-15.8.1.tgz",
			"integrity": "sha512-oj87CgZICdulUohogVAR7AjlC0327U4el4L6eAvOqCeudMDVU0NThNaV+b9Df4dXgSP1gXMTnPdhfe/2qDH5cg==",
			"dependencies": {
				"loose-envify": "^1.4.0",
				"object-assign": "^4.1.1",
				"react-is": "^16.13.1"
			}
		},
		"node_modules/react-dropzone/node_modules/react-is": {
			"version": "16.13.1",
			"resolved": "https://registry.npmjs.org/react-is/-/react-is-16.13.1.tgz",
			"integrity": "sha512-24e6ynE2H+OKt4kqsOvNd8kBpV65zoxbA4BVsEOB3ARVWQki/DHzaUoC5KuON/BiccDaCCTZBuOcfZs70kR8bQ=="
		},
		"node_modules/react-dropzone/node_modules/tslib": {
			"version": "2.3.1",
			"resolved": "https://registry.npmjs.org/tslib/-/tslib-2.3.1.tgz",
			"integrity": "sha512-77EbyPPpMz+FRFRuAFlWMtmgUWGe9UOG2Z25NqCwiIjRhOf5iKGuzSe5P2w1laq+FkRy4p+PCuVkJSGkzTEKVw=="
		}
	},
	"dependencies": {
		"react-dropzone": {
			"version": "11.4.2",
			"resolved": "https://registry.npmjs.org/react-dropzone/-/react-dropzone-11.4.2.tgz",
			"integrity": "sha512-ocYzYn7Qgp0tFc1gQtUTOaHHSzVTwhWHxxY+r7cj2jJTPfMTZB5GWSJHdIVoxsl+EQENpjJ/6Zvcw0BqKZQ+Eg==",
			"requires": {
				"attr-accept": "^2.2.1",
				"file-selector": "^0.2.2",
				"prop-types": "^15.7.2"
			},
			"dependencies": {
				"attr-accept": {
					"version": "2.2.2",
					"resolved": "https://registry.npmjs.org/attr-accept/-/attr-accept-2.2.2.tgz",
					"integrity": "sha512-7prDjvt9HmqiZ0cl5CRjtS84sEyhsHP2coDkaZKRKVfCDo9s7iw7ChVmar78Gu9pC4SoR/28wFu/G5JJhTnqEg=="
				},
				"file-selector": {
					"version": "0.2.4",
					"resolved": "https://registry.npmjs.org/file-selector/-/file-selector-0.2.4.tgz",
					"integrity": "sha512-ZDsQNbrv6qRi1YTDOEWzf5J2KjZ9KMI1Q2SGeTkCJmNNW25Jg4TW4UMcmoqcg4WrAyKRcpBXdbWRxkfrOzVRbA==",
					"requires": {
						"tslib": "^2.0.3"
					}
				},
				"js-tokens": {
					"version": "4.0.0",
					"resolved": "https://registry.npmjs.org/js-tokens/-/js-tokens-4.0.0.tgz",
					"integrity": "sha512-RdJUflcE3cUzKiMqQgsCu06FPu9UdIJO0beYbPhHN4k6apgJtifcoCtT9bcxOpYBtpD2kCM6Sbzg4CausW/PKQ=="
				},
				"loose-envify": {
					"version": "1.4.0",
					"resolved": "https://registry.npmjs.org/loose-envify/-/loose-envify-1.4.0.tgz",
					"integrity": "sha512-lyuxPGr/Wfhrlem2CL/UcnUc1zcqKAImBDzukY7Y5F/yQiNdko6+fRLevlw1HgMySw7f611UIY408EtxRSoK3Q==",
					"requires": {
						"js-tokens": "^3.0.0 || ^4.0.0"
					}
				},
				"object-assign": {
					"version": "4.1.1",
					"resolved": "https://registry.npmjs.org/object-assign/-/object-assign-4.1.1.tgz",
					"integrity": "sha1-IQmtx5ZYh8/AXLvUQsrIv7s2CGM="
				},
				"prop-types": {
					"version": "15.8.1",
					"resolved": "https://registry.npmjs.org/prop-types/-/prop-types-15.8.1.tgz",
					"integrity": "sha512-oj87CgZICdulUohogVAR7AjlC0327U4el4L6eAvOqCeudMDVU0NThNaV+b9Df4dXgSP1gXMTnPdhfe/2qDH5cg==",
					"requires": {
						"loose-envify": "^1.4.0",
						"object-assign": "^4.1.1",
						"react-is": "^16.13.1"
					}
				},
				"react-is": {
					"version": "16.13.1",
					"resolved": "https://registry.npmjs.org/react-is/-/react-is-16.13.1.tgz",
					"integrity": "sha512-24e6ynE2H+OKt4kqsOvNd8kBpV65zoxbA4BVsEOB3ARVWQki/DHzaUoC5KuON/BiccDaCCTZBuOcfZs70kR8bQ=="
				},
				"tslib": {
					"version": "2.3.1",
					"resolved": "https://registry.npmjs.org/tslib/-/tslib-2.3.1.tgz",
					"integrity": "sha512-77EbyPPpMz+FRFRuAFlWMtmgUWGe9UOG2Z25NqCwiIjRhOf5iKGuzSe5P2w1laq+FkRy4p+PCuVkJSGkzTEKVw=="
				}
			}
		}
	}
}
