{
	"name": "gatsby-tinacms-json",
	"version": "0.8.1",
	"lockfileVersion": 1,
	"requires": true,
	"dependencies": {
		"@types/jest": {
			"version": "24.0.16",
			"resolved": "https://registry.npmjs.org/@types/jest/-/jest-24.0.16.tgz",
			"integrity": "sha512-JrAiyV+PPGKZzw6uxbI761cHZ0G7QMOHXPhtSpcl08rZH6CswXaaejckn3goFKmF7M3nzEoJ0lwYCbqLMmjziQ==",
			"dev": true,
			"requires": {
				"@types/jest-diff": "*"
			}
		},
		"@types/jest-diff": {
			"version": "20.0.1",
			"resolved": "https://registry.npmjs.org/@types/jest-diff/-/jest-diff-20.0.1.tgz",
			"integrity": "sha512-yALhelO3i0hqZwhjtcr6dYyaLoCHbAMshwtj6cGxTvHZAKXHsYGdff6E8EPw3xLKY0ELUTQ69Q1rQiJENnccMA==",
			"dev": true
		}
	}
}
