{
  "name": "next-tinacms-json",
  "version": "0.31.0",
  "lockfileVersion": 1,
  "requires": true,
  "dependencies": {
    "@babel/runtime": {
      "version": "7.11.2",
      "resolved": "https://registry.npmjs.org/@babel/runtime/-/runtime-7.11.2.tgz",
      "integrity": "sha512-TeWkU52so0mPtDcaCTxNBI/IHiz0pZgr8VEFqXFtZWpYD08ZB6FaSwVAS8MKRQAP3bYKiVjwysOJgMFY28o6Tw==",
      "dev": true,
      "requires": {
        "regenerator-runtime": "^0.13.4"
      }
    },
    "@babel/runtime-corejs2": {
      "version": "7.11.2",
      "resolved": "https://registry.npmjs.org/@babel/runtime-corejs2/-/runtime-corejs2-7.11.2.tgz",
      "integrity": "sha512-AC/ciV28adSSpEkBglONBWq4/Lvm6GAZuxIoyVtsnUpZMl0bxLtoChEnYAkP+47KyOCayZanojtflUEUJtR/6Q==",
      "dev": true,
      "requires": {
        "core-js": "^2.6.5",
        "regenerator-runtime": "^0.13.4"
      }
    },
    "@icons/material": {
      "version": "0.2.4",
      "resolved": "https://registry.npmjs.org/@icons/material/-/material-0.2.4.tgz",
      "integrity": "sha512-QPcGmICAPbGLGb6F/yNf/KzKqvFx8z5qx3D1yFqVAjoFmXK35EgyW+cJ57Te3CNsmzblwtzakLGFqHPqrfb4Tw==",
      "dev": true
    },
    "@sambego/storybook-styles": {
      "version": "1.0.0",
      "resolved": "https://registry.npmjs.org/@sambego/storybook-styles/-/storybook-styles-1.0.0.tgz",
      "integrity": "sha512-n0SqZwDewUDRaStEcoNMiYy9qovaLVStsh4Gb2dc2LLiG3IIK0UXdeR1N7puVuRihJq/192uOyGPCjZ/NAteuA==",
      "dev": true
    },
    "@tinacms/alerts": {
      "version": "0.31.0",
      "resolved": "https://registry.npmjs.org/@tinacms/alerts/-/alerts-0.31.0.tgz",
      "integrity": "sha512-jXPWwZ6xK7PwmtZWIW5a3SCvP7/t60xRmz1gmBVPwETxqNj0X3CwF6nVgleYs+ybEp/bCeLdATKF2lqrbhJs8g==",
      "dev": true
    },
    "@tinacms/core": {
      "version": "0.31.0",
      "resolved": "https://registry.npmjs.org/@tinacms/core/-/core-0.31.0.tgz",
      "integrity": "sha512-stfCyx1eqFSx8kWoQGiFLkm42bZ7VduIXzjFd+RTieccuDYbAyiH5CNPJxjqixKgaKmzQ++c3l6+bjdYvkb6xw==",
      "dev": true
    },
    "@tinacms/fields": {
      "version": "0.31.0",
      "resolved": "https://registry.npmjs.org/@tinacms/fields/-/fields-0.31.0.tgz",
      "integrity": "sha512-5q3cnj41/j0NKsX+rAwaTEJF2txQkuhPaE6pXk4bWH5MzFy8pvjQPZhWz6C5yufXNIVGpK4WSb0xOhEm34Z6yw==",
      "dev": true,
      "requires": {
        "@sambego/storybook-styles": "^1.0.0",
        "@types/react-select": "^2.0.11",
        "color-string": "^1.5.3",
        "react-color": "^2.17.3",
        "react-dismissible": "^1.3.0",
        "react-dropzone": "10.1.8"
      },
      "dependencies": {
        "react-dropzone": {
          "version": "10.1.8",
          "resolved": "https://registry.npmjs.org/react-dropzone/-/react-dropzone-10.1.8.tgz",
          "integrity": "sha512-Lm6+TxIDf/my4i3VdYmufRcrJ4SUbSTJP3HB49V2+HNjZwLI4NKVkaNRHwwSm9CEuzMP+6SW7pT1txc1uBPfDg==",
          "dev": true,
          "requires": {
            "attr-accept": "^1.1.3",
            "file-selector": "^0.1.11",
            "prop-types": "^15.7.2"
          }
        }
      }
    },
    "@tinacms/form-builder": {
      "version": "0.31.0",
      "resolved": "https://registry.npmjs.org/@tinacms/form-builder/-/form-builder-0.31.0.tgz",
      "integrity": "sha512-ZvNnabrqS18wdtP54EzJnmoOTXc+daxFDCa7JJSqG15ou39Zpdjq8Upn7j9EUP7ppiLSHDp+0vSGEQqthFL5HQ==",
      "dev": true,
      "requires": {
        "@tinacms/forms": "^0.31.0",
        "@tinacms/react-core": "^0.31.0",
        "react-final-form": "^6.3.0"
      }
    },
    "@tinacms/forms": {
      "version": "0.31.0",
      "resolved": "https://registry.npmjs.org/@tinacms/forms/-/forms-0.31.0.tgz",
      "integrity": "sha512-j/31kOZj/f4/aelj+Qs2QzD7pPL/fakKrwmmFESqptZQY++pqlVW6LTwq4AfaDsbji+LWVJXLpMYDxO4ASWUdA==",
      "dev": true,
      "requires": {
        "final-form": "^4.18.2",
        "final-form-arrays": "^3.0.1"
      }
    },
    "@tinacms/icons": {
      "version": "0.31.0",
      "resolved": "https://registry.npmjs.org/@tinacms/icons/-/icons-0.31.0.tgz",
      "integrity": "sha512-UHHrruFfWbQycOJDBkv71qF/AOcV36db2iOo3lbAgJjhq7iBBQ3a03cP78Ji7Y8jjVBIRcQ6PMdJKTCZBreiJw==",
      "dev": true
    },
    "@tinacms/react-alerts": {
      "version": "0.31.0",
      "resolved": "https://registry.npmjs.org/@tinacms/react-alerts/-/react-alerts-0.31.0.tgz",
      "integrity": "sha512-yt3fIO83KrrULfEAYPO9WpfvyLOFJtLu1RtBKDSUABndcvL+YHjRnkbfWHQdRLKcBH+tgf956aRNifCJVed87Q==",
      "dev": true
    },
    "@tinacms/react-core": {
      "version": "0.31.0",
      "resolved": "https://registry.npmjs.org/@tinacms/react-core/-/react-core-0.31.0.tgz",
      "integrity": "sha512-gz9AbGtkQikm5FQVPWSuiBSFBsP0wzwIgOedORg5eh65AeTm4pXsJ/QTL4t5PIBMJEr/aTDXNMEq0vxGpvGJnw==",
      "dev": true,
      "requires": {
        "@tinacms/core": "^0.31.0",
        "@tinacms/forms": "^0.31.0"
      }
    },
    "@tinacms/react-forms": {
      "version": "0.31.0",
      "resolved": "https://registry.npmjs.org/@tinacms/react-forms/-/react-forms-0.31.0.tgz",
      "integrity": "sha512-QIk93YhyNplhjMoAe0P30Nl9iDUki64B747N/37X3KU9659WS2i2oSpMdTyYSdVzRuLQp6AWcw8OXz8DQoVNug==",
      "dev": true,
      "requires": {
        "@tinacms/form-builder": "^0.31.0",
        "react-beautiful-dnd": "^11.0.5",
        "react-dismissible": "^1.3.0"
      }
    },
    "@tinacms/react-modals": {
      "version": "0.31.0",
      "resolved": "https://registry.npmjs.org/@tinacms/react-modals/-/react-modals-0.31.0.tgz",
      "integrity": "sha512-kB46nppeTVXjXWSz6AW5wrldBrsUYcXDCf9xdqG54CiXib/PCZQIPMFPBiLu98U9cFB0Ewg6Uz6tr0fECsUsyg==",
      "dev": true
    },
    "@tinacms/react-screens": {
      "version": "0.31.0",
      "resolved": "https://registry.npmjs.org/@tinacms/react-screens/-/react-screens-0.31.0.tgz",
      "integrity": "sha512-cYgc5Uc9UqwWCX3jSyzJxlLEaW9bTSqEs03+LKcAFNnqq3GdJwb8HxOtpBKx2JXEG5JiHX1IbCGyZbZFwYumQQ==",
      "dev": true
    },
    "@tinacms/react-sidebar": {
      "version": "0.31.0",
      "resolved": "https://registry.npmjs.org/@tinacms/react-sidebar/-/react-sidebar-0.31.0.tgz",
      "integrity": "sha512-MVhUkafNpQdB0wSUChYxtCkTlKq0uNEIR3w2Z9u1Rj9nRfxYRhP425Q26vaQFUgCGfrTQZiQSLL32mXxSi92Pw==",
      "dev": true,
      "requires": {
        "@tinacms/core": "^0.31.0",
        "@tinacms/forms": "^0.31.0",
        "react-dismissible": "^1.3.0"
      }
    },
    "@tinacms/react-toolbar": {
      "version": "0.31.0",
      "resolved": "https://registry.npmjs.org/@tinacms/react-toolbar/-/react-toolbar-0.31.0.tgz",
      "integrity": "sha512-0+EsskqoxgeEGPpXjKz+JsyNmjUIChLiTfy4e26RqY2c6bhgWoPk9h7Vtk7hUphvX4nneOV86vXuFeJ3jQ1N5A==",
      "dev": true,
      "requires": {
        "@tinacms/core": "^0.31.0",
        "@tinacms/fields": "^0.31.0",
        "@tinacms/forms": "^0.31.0",
        "react-dismissible": "^1.3.0"
      }
    },
    "@tinacms/scripts": {
      "version": "0.29.0",
      "resolved": "https://registry.npmjs.org/@tinacms/scripts/-/scripts-0.29.0.tgz",
      "integrity": "sha512-al6cTwLwdgEQF36gbAhwiW9hH7z5FfGxj4scaqSPo6mw3c+Y+Zw59OLxr3lQgC1dbRcUi5E/zDCGYRnkd/BO8A==",
      "dev": true
    },
    "@tinacms/styles": {
      "version": "0.29.0",
      "resolved": "https://registry.npmjs.org/@tinacms/styles/-/styles-0.29.0.tgz",
      "integrity": "sha512-cHJ7yel3Zli7rnJM0ox3Xfg3WJTc/IOj3G0a91nBE8+tApcGqIWj1Bgt/jHQyOPgPDbMnYgsC/FwjGGVSfQtaA==",
      "dev": true,
      "requires": {
        "webfontloader": "^1.6.28"
      }
    },
    "@types/prop-types": {
      "version": "15.7.3",
      "resolved": "https://registry.npmjs.org/@types/prop-types/-/prop-types-15.7.3.tgz",
      "integrity": "sha512-KfRL3PuHmqQLOG+2tGpRO26Ctg+Cq1E01D2DMriKEATHgWLfeNDmq9e29Q9WIky0dQ3NPkd1mzYH8Lm936Z9qw==",
      "dev": true
    },
    "@types/react": {
      "version": "16.9.51",
      "resolved": "https://registry.npmjs.org/@types/react/-/react-16.9.51.tgz",
      "integrity": "sha512-lQa12IyO+DMlnSZ3+AGHRUiUcpK47aakMMoBG8f7HGxJT8Yfe+WE128HIXaHOHVPReAW0oDS3KAI0JI2DDe1PQ==",
      "dev": true,
      "requires": {
        "@types/prop-types": "*",
        "csstype": "^3.0.2"
      }
    },
    "@types/react-dom": {
      "version": "16.9.8",
      "resolved": "https://registry.npmjs.org/@types/react-dom/-/react-dom-16.9.8.tgz",
      "integrity": "sha512-ykkPQ+5nFknnlU6lDd947WbQ6TE3NNzbQAkInC2EKY1qeYdTKp7onFusmYZb+ityzx2YviqT6BXSu+LyWWJwcA==",
      "dev": true,
      "requires": {
        "@types/react": "*"
      }
    },
    "@types/react-select": {
      "version": "2.0.19",
      "resolved": "https://registry.npmjs.org/@types/react-select/-/react-select-2.0.19.tgz",
      "integrity": "sha512-5GGBO3npQ0G/poQmEn+kI3Vn3DoJ9WjRXCeGcpwLxd5rYmjYPH235lbYPX5aclXE2RqEXyFxd96oh0wYwPXYpg==",
      "dev": true,
      "requires": {
        "@types/react": "*",
        "@types/react-dom": "*",
        "@types/react-transition-group": "*"
      }
    },
    "@types/react-transition-group": {
      "version": "4.4.0",
      "resolved": "https://registry.npmjs.org/@types/react-transition-group/-/react-transition-group-4.4.0.tgz",
      "integrity": "sha512-/QfLHGpu+2fQOqQaXh8MG9q03bFENooTb/it4jr5kKaZlDQfWvjqWZg48AwzPVMBHlRuTRAY7hRHCEOXz5kV6w==",
      "dev": true,
      "requires": {
        "@types/react": "*"
      }
    },
    "attr-accept": {
      "version": "1.1.3",
      "resolved": "https://registry.npmjs.org/attr-accept/-/attr-accept-1.1.3.tgz",
      "integrity": "sha512-iT40nudw8zmCweivz6j58g+RT33I4KbaIvRUhjNmDwO2WmsQUxFEZZYZ5w3vXe5x5MX9D7mfvA/XaLOZYFR9EQ==",
      "dev": true,
      "requires": {
        "core-js": "^2.5.0"
      }
    },
    "color-name": {
      "version": "1.1.4",
      "resolved": "https://registry.npmjs.org/color-name/-/color-name-1.1.4.tgz",
      "integrity": "sha512-dOy+3AuW3a2wNbZHIuMZpTcgjGuLU/uBL/ubcZF9OXbDo8ff4O8yVp5Bf0efS8uEoYo5q4Fx7dY9OgQGXgAsQA==",
      "dev": true
    },
    "color-string": {
      "version": "1.5.3",
      "resolved": "https://registry.npmjs.org/color-string/-/color-string-1.5.3.tgz",
      "integrity": "sha512-dC2C5qeWoYkxki5UAXapdjqO672AM4vZuPGRQfO8b5HKuKGBbKWpITyDYN7TOFKvRW7kOgAn3746clDBMDJyQw==",
      "dev": true,
      "requires": {
        "color-name": "^1.0.0",
        "simple-swizzle": "^0.2.2"
      }
    },
    "core-js": {
      "version": "2.6.11",
      "resolved": "https://registry.npmjs.org/core-js/-/core-js-2.6.11.tgz",
      "integrity": "sha512-5wjnpaT/3dV+XB4borEsnAYQchn00XSgTAWKDkEqv+K8KevjbzmofK6hfJ9TZIlpj2N0xQpazy7PiRQiWHqzWg==",
      "dev": true
    },
    "css-box-model": {
      "version": "1.2.1",
      "resolved": "https://registry.npmjs.org/css-box-model/-/css-box-model-1.2.1.tgz",
      "integrity": "sha512-a7Vr4Q/kd/aw96bnJG332W9V9LkJO69JRcaCYDUqjp6/z0w6VcZjgAcTbgFxEPfBgdnAwlh3iwu+hLopa+flJw==",
      "dev": true,
      "requires": {
        "tiny-invariant": "^1.0.6"
      }
    },
    "csstype": {
      "version": "3.0.3",
      "resolved": "https://registry.npmjs.org/csstype/-/csstype-3.0.3.tgz",
      "integrity": "sha512-jPl+wbWPOWJ7SXsWyqGRk3lGecbar0Cb0OvZF/r/ZU011R4YqiRehgkQ9p4eQfo9DSDLqLL3wHwfxeJiuIsNag==",
      "dev": true
    },
    "file-selector": {
      "version": "0.1.13",
      "resolved": "https://registry.npmjs.org/file-selector/-/file-selector-0.1.13.tgz",
      "integrity": "sha512-T2efCBY6Ps+jLIWdNQsmzt/UnAjKOEAlsZVdnQztg/BtAZGNL4uX1Jet9cMM8gify/x4CSudreji2HssGBNVIQ==",
      "dev": true,
      "requires": {
        "tslib": "^2.0.1"
      }
    },
    "final-form": {
      "version": "4.20.1",
      "resolved": "https://registry.npmjs.org/final-form/-/final-form-4.20.1.tgz",
      "integrity": "sha512-IIsOK3JRxJrN72OBj7vFWZxtGt3xc1bYwJVPchjVWmDol9DlzMSAOPB+vwe75TUYsw1JaH0fTQnIgwSQZQ9Acg==",
      "dev": true,
      "requires": {
        "@babel/runtime": "^7.10.0"
      }
    },
    "final-form-arrays": {
      "version": "3.0.2",
      "resolved": "https://registry.npmjs.org/final-form-arrays/-/final-form-arrays-3.0.2.tgz",
      "integrity": "sha512-TfO8aZNz3RrsZCDx8GHMQcyztDNpGxSSi9w4wpSNKlmv2PfFWVVM8P7Yj5tj4n0OWax+x5YwTLhT5BnqSlCi+w==",
      "dev": true
    },
    "hoist-non-react-statics": {
      "version": "3.3.2",
      "resolved": "https://registry.npmjs.org/hoist-non-react-statics/-/hoist-non-react-statics-3.3.2.tgz",
      "integrity": "sha512-/gGivxi8JPKWNm/W0jSmzcMPpfpPLc3dY/6GxhX2hQ9iGj3aDfklV4ET7NjKpSinLpJ5vafa9iiGIEZg10SfBw==",
      "dev": true,
      "requires": {
        "react-is": "^16.7.0"
      }
    },
    "is-arrayish": {
      "version": "0.3.2",
      "resolved": "https://registry.npmjs.org/is-arrayish/-/is-arrayish-0.3.2.tgz",
      "integrity": "sha512-eVRqCvVlZbuw3GrM63ovNSNAeA1K16kaR/LRY/92w0zxQ5/1YzwblUX652i4Xs9RwAGjW9d9y6X88t8OaAJfWQ==",
      "dev": true
    },
    "js-tokens": {
      "version": "4.0.0",
      "resolved": "https://registry.npmjs.org/js-tokens/-/js-tokens-4.0.0.tgz",
      "integrity": "sha512-RdJUflcE3cUzKiMqQgsCu06FPu9UdIJO0beYbPhHN4k6apgJtifcoCtT9bcxOpYBtpD2kCM6Sbzg4CausW/PKQ==",
      "dev": true
    },
    "lodash": {
      "version": "4.17.20",
      "resolved": "https://registry.npmjs.org/lodash/-/lodash-4.17.20.tgz",
      "integrity": "sha512-PlhdFcillOINfeV7Ni6oF1TAEayyZBoZ8bcshTHqOYJYlrqzRK5hagpagky5o4HfCzzd1TRkXPMFq6cKk9rGmA==",
      "dev": true
    },
    "loose-envify": {
      "version": "1.4.0",
      "resolved": "https://registry.npmjs.org/loose-envify/-/loose-envify-1.4.0.tgz",
      "integrity": "sha512-lyuxPGr/Wfhrlem2CL/UcnUc1zcqKAImBDzukY7Y5F/yQiNdko6+fRLevlw1HgMySw7f611UIY408EtxRSoK3Q==",
      "dev": true,
      "requires": {
        "js-tokens": "^3.0.0 || ^4.0.0"
      }
    },
    "material-colors": {
      "version": "1.2.6",
      "resolved": "https://registry.npmjs.org/material-colors/-/material-colors-1.2.6.tgz",
      "integrity": "sha512-6qE4B9deFBIa9YSpOc9O0Sgc43zTeVYbgDT5veRKSlB2+ZuHNoVVxA1L/ckMUayV9Ay9y7Z/SZCLcGteW9i7bg==",
      "dev": true
    },
    "memoize-one": {
      "version": "5.1.1",
      "resolved": "https://registry.npmjs.org/memoize-one/-/memoize-one-5.1.1.tgz",
      "integrity": "sha512-HKeeBpWvqiVJD57ZUAsJNm71eHTykffzcLZVYWiVfQeI1rJtuEaS7hQiEpWfVVk18donPwJEcFKIkCmPJNOhHA==",
      "dev": true
    },
    "object-assign": {
      "version": "4.1.1",
      "resolved": "https://registry.npmjs.org/object-assign/-/object-assign-4.1.1.tgz",
      "integrity": "sha1-IQmtx5ZYh8/AXLvUQsrIv7s2CGM=",
      "dev": true
    },
    "prop-types": {
      "version": "15.7.2",
      "resolved": "https://registry.npmjs.org/prop-types/-/prop-types-15.7.2.tgz",
      "integrity": "sha512-8QQikdH7//R2vurIJSutZ1smHYTcLpRWEOlHnzcWHmBYrOGUysKwSsrC89BCiFj3CbrfJ/nXFdJepOVrY1GCHQ==",
      "dev": true,
      "requires": {
        "loose-envify": "^1.4.0",
        "object-assign": "^4.1.1",
        "react-is": "^16.8.1"
      }
    },
    "raf-schd": {
      "version": "4.0.2",
      "resolved": "https://registry.npmjs.org/raf-schd/-/raf-schd-4.0.2.tgz",
      "integrity": "sha512-VhlMZmGy6A6hrkJWHLNTGl5gtgMUm+xfGza6wbwnE914yeQ5Ybm18vgM734RZhMgfw4tacUrWseGZlpUrrakEQ==",
      "dev": true
    },
    "react-beautiful-dnd": {
      "version": "11.0.5",
      "resolved": "https://registry.npmjs.org/react-beautiful-dnd/-/react-beautiful-dnd-11.0.5.tgz",
      "integrity": "sha512-7llby9U+jIfkINcyxPHVWU0HFYzqxMemUYgGHsFsbx4fZo1n/pW6sYKYzhxGxR3Ap5HxqswcQkKUZX4uEUWhlw==",
      "dev": true,
      "requires": {
        "@babel/runtime-corejs2": "^7.4.5",
        "css-box-model": "^1.1.2",
        "memoize-one": "^5.0.4",
        "raf-schd": "^4.0.0",
        "react-redux": "^7.0.3",
        "redux": "^4.0.1",
        "tiny-invariant": "^1.0.4",
        "use-memo-one": "^1.1.0"
      }
    },
    "react-color": {
      "version": "2.18.1",
      "resolved": "https://registry.npmjs.org/react-color/-/react-color-2.18.1.tgz",
      "integrity": "sha512-X5XpyJS6ncplZs74ak0JJoqPi+33Nzpv5RYWWxn17bslih+X7OlgmfpmGC1fNvdkK7/SGWYf1JJdn7D2n5gSuQ==",
      "dev": true,
      "requires": {
        "@icons/material": "^0.2.4",
        "lodash": "^4.17.11",
        "material-colors": "^1.2.1",
        "prop-types": "^15.5.10",
        "reactcss": "^1.2.0",
        "tinycolor2": "^1.4.1"
      }
    },
    "react-dismissible": {
      "version": "1.3.0",
      "resolved": "https://registry.npmjs.org/react-dismissible/-/react-dismissible-1.3.0.tgz",
      "integrity": "sha512-KqShOnw84Ft2Hx/O5KrwTDY1bXmICcJ8HlRIqSdn6j4Lg3OLVrETBiPgGUB4CRNRquVihcd5JmgDa0WUVdBG9g==",
      "dev": true
    },
    "react-dropzone": {
      "version": "11.2.0",
      "resolved": "https://registry.npmjs.org/react-dropzone/-/react-dropzone-11.2.0.tgz",
      "integrity": "sha512-S/qaXQHCCg7MVlcrhqd05MLC6DupITLUB0CFn3iCLs6OTjzxdGDF1WTktTe5Jyq8jZdxYfMHNUZOHL0mg+K0Dw==",
      "dev": true,
      "requires": {
        "attr-accept": "^2.0.0",
        "file-selector": "^0.1.12",
        "prop-types": "^15.7.2"
      },
      "dependencies": {
        "attr-accept": {
          "version": "2.2.2",
          "resolved": "https://registry.npmjs.org/attr-accept/-/attr-accept-2.2.2.tgz",
          "integrity": "sha512-7prDjvt9HmqiZ0cl5CRjtS84sEyhsHP2coDkaZKRKVfCDo9s7iw7ChVmar78Gu9pC4SoR/28wFu/G5JJhTnqEg==",
          "dev": true
        }
      }
    },
    "react-final-form": {
      "version": "6.5.1",
      "resolved": "https://registry.npmjs.org/react-final-form/-/react-final-form-6.5.1.tgz",
      "integrity": "sha512-+Hzd9PqYY1Cv3MnWzw64QOl5BjC5BtSDakx+N7Re49r0FASdFhgpXLFFCJ31fvegq2euP6hz6Ow9K6XM9BSqCA==",
      "dev": true,
      "requires": {
        "@babel/runtime": "^7.10.0"
      }
    },
    "react-is": {
      "version": "16.13.1",
      "resolved": "https://registry.npmjs.org/react-is/-/react-is-16.13.1.tgz",
      "integrity": "sha512-24e6ynE2H+OKt4kqsOvNd8kBpV65zoxbA4BVsEOB3ARVWQki/DHzaUoC5KuON/BiccDaCCTZBuOcfZs70kR8bQ==",
      "dev": true
    },
    "react-redux": {
      "version": "7.2.1",
      "resolved": "https://registry.npmjs.org/react-redux/-/react-redux-7.2.1.tgz",
      "integrity": "sha512-T+VfD/bvgGTUA74iW9d2i5THrDQWbweXP0AVNI8tNd1Rk5ch1rnMiJkDD67ejw7YBKM4+REvcvqRuWJb7BLuEg==",
      "dev": true,
      "requires": {
        "@babel/runtime": "^7.5.5",
        "hoist-non-react-statics": "^3.3.0",
        "loose-envify": "^1.4.0",
        "prop-types": "^15.7.2",
        "react-is": "^16.9.0"
      }
    },
    "reactcss": {
      "version": "1.2.3",
      "resolved": "https://registry.npmjs.org/reactcss/-/reactcss-1.2.3.tgz",
      "integrity": "sha512-KiwVUcFu1RErkI97ywr8nvx8dNOpT03rbnma0SSalTYjkrPYaEajR4a/MRt6DZ46K6arDRbWMNHF+xH7G7n/8A==",
      "dev": true,
      "requires": {
        "lodash": "^4.0.1"
      }
    },
    "redux": {
      "version": "4.0.5",
      "resolved": "https://registry.npmjs.org/redux/-/redux-4.0.5.tgz",
      "integrity": "sha512-VSz1uMAH24DM6MF72vcojpYPtrTUu3ByVWfPL1nPfVRb5mZVTve5GnNCUV53QM/BZ66xfWrm0CTWoM+Xlz8V1w==",
      "dev": true,
      "requires": {
        "loose-envify": "^1.4.0",
        "symbol-observable": "^1.2.0"
      }
    },
    "regenerator-runtime": {
      "version": "0.13.7",
      "resolved": "https://registry.npmjs.org/regenerator-runtime/-/regenerator-runtime-0.13.7.tgz",
      "integrity": "sha512-a54FxoJDIr27pgf7IgeQGxmqUNYrcV338lf/6gH456HZ/PhX+5BcwHXG9ajESmwe6WRO0tAzRUrRmNONWgkrew==",
      "dev": true
    },
    "simple-swizzle": {
      "version": "0.2.2",
      "resolved": "https://registry.npmjs.org/simple-swizzle/-/simple-swizzle-0.2.2.tgz",
      "integrity": "sha1-pNprY1/8zMoz9w0Xy5JZLeleVXo=",
      "dev": true,
      "requires": {
        "is-arrayish": "^0.3.1"
      }
    },
    "symbol-observable": {
      "version": "1.2.0",
      "resolved": "https://registry.npmjs.org/symbol-observable/-/symbol-observable-1.2.0.tgz",
      "integrity": "sha512-e900nM8RRtGhlV36KGEU9k65K3mPb1WV70OdjfxlG2EAuM1noi/E/BaW/uMhL7bPEssK8QV57vN3esixjUvcXQ==",
      "dev": true
    },
    "tinacms": {
      "version": "0.31.0",
      "resolved": "https://registry.npmjs.org/tinacms/-/tinacms-0.31.0.tgz",
      "integrity": "sha512-GALwlcg5rJ9JZb+LcjKRk+Zj+svRQ48rJ1RKX9okrBXdljcn9fC1NpaMW3F+fvEOmYRomD+ERj6t4dz3PpVQyw==",
      "dev": true,
      "requires": {
        "@tinacms/alerts": "^0.31.0",
        "@tinacms/core": "^0.31.0",
        "@tinacms/fields": "^0.31.0",
        "@tinacms/form-builder": "^0.31.0",
        "@tinacms/forms": "^0.31.0",
        "@tinacms/icons": "^0.31.0",
        "@tinacms/react-alerts": "^0.31.0",
        "@tinacms/react-core": "^0.31.0",
        "@tinacms/react-forms": "^0.31.0",
        "@tinacms/react-modals": "^0.31.0",
        "@tinacms/react-screens": "^0.31.0",
        "@tinacms/react-sidebar": "^0.31.0",
        "@tinacms/react-toolbar": "^0.31.0",
        "@tinacms/styles": "^0.29.0",
        "react-dropzone": "^11.1.0"
      }
    },
    "tiny-invariant": {
      "version": "1.1.0",
      "resolved": "https://registry.npmjs.org/tiny-invariant/-/tiny-invariant-1.1.0.tgz",
      "integrity": "sha512-ytxQvrb1cPc9WBEI/HSeYYoGD0kWnGEOR8RY6KomWLBVhqz0RgTwVO9dLrGz7dC+nN9llyI7OKAgRq8Vq4ZBSw==",
      "dev": true
    },
    "tinycolor2": {
      "version": "1.4.2",
      "resolved": "https://registry.npmjs.org/tinycolor2/-/tinycolor2-1.4.2.tgz",
      "integrity": "sha512-vJhccZPs965sV/L2sU4oRQVAos0pQXwsvTLkWYdqJ+a8Q5kPFzJTuOFwy7UniPli44NKQGAglksjvOcpo95aZA==",
      "dev": true
    },
    "tslib": {
      "version": "2.0.2",
      "resolved": "https://registry.npmjs.org/tslib/-/tslib-2.0.2.tgz",
      "integrity": "sha512-wAH28hcEKwna96/UacuWaVspVLkg4x1aDM9JlzqaQTOFczCktkVAb5fmXChgandR1EraDPs2w8P+ozM+oafwxg==",
      "dev": true
    },
    "use-memo-one": {
      "version": "1.1.1",
      "resolved": "https://registry.npmjs.org/use-memo-one/-/use-memo-one-1.1.1.tgz",
      "integrity": "sha512-oFfsyun+bP7RX8X2AskHNTxu+R3QdE/RC5IefMbqptmACAA/gfol1KDD5KRzPsGMa62sWxGZw+Ui43u6x4ddoQ==",
      "dev": true
    },
    "webfontloader": {
      "version": "1.6.28",
      "resolved": "https://registry.npmjs.org/webfontloader/-/webfontloader-1.6.28.tgz",
      "integrity": "sha1-23hhKSU8tujq5UwvsF+HCvZnW64=",
      "dev": true
    }
  }
}
