{
	"name": "@einsteinindustries/react-tinacms-inline",
	"version": "0.43.13",
	"lockfileVersion": 2,
	"requires": true,
	"packages": {
		"": {
			"name": "@einsteinindustries/react-tinacms-inline",
			"version": "0.43.13",
			"license": "Apache-2.0",
			"devDependencies": {
				"@testing-library/react": "^11.1.2"
			},
			"peerDependencies": {
				"@einsteinindustries/tinacms-form-builder": ">=0.39",
				"react": ">=16.8",
				"react-dropzone": "10.2.1",
				"react-final-form": ">=6",
				"react-tinacms-editor": ">=0.0",
				"styled-components": ">=4.1",
				"tinacms": ">=0.39"
			}
		},
		"node_modules/@testing-library/react": {
			"version": "11.2.7",
			"resolved": "https://registry.npmjs.org/@testing-library/react/-/react-11.2.7.tgz",
			"integrity": "sha512-tzRNp7pzd5QmbtXNG/mhdcl7Awfu/Iz1RaVHY75zTdOkmHCuzMhRL83gWHSgOAcjS3CCbyfwUHMZgRJb4kAfpA==",
			"dev": true,
			"dependencies": {
				"@babel/runtime": "^7.12.5",
				"@testing-library/dom": "^7.28.1"
			},
			"engines": {
				"node": ">=10"
			},
			"peerDependencies": {
				"react": "*",
				"react-dom": "*"
			}
		},
		"node_modules/@testing-library/react/node_modules/@babel/code-frame": {
			"version": "7.16.7",
			"resolved": "https://registry.npmjs.org/@babel/code-frame/-/code-frame-7.16.7.tgz",
			"integrity": "sha512-iAXqUn8IIeBTNd72xsFlgaXHkMBMt6y4HJp1tIaK465CWLT/fG1aqB7ykr95gHHmlBdGbFeWWfyB4NJJ0nmeIg==",
			"dev": true,
			"dependencies": {
				"@babel/highlight": "^7.16.7"
			},
			"engines": {
				"node": ">=6.9.0"
			}
		},
		"node_modules/@testing-library/react/node_modules/@babel/helper-validator-identifier": {
			"version": "7.16.7",
			"resolved": "https://registry.npmjs.org/@babel/helper-validator-identifier/-/helper-validator-identifier-7.16.7.tgz",
			"integrity": "sha512-hsEnFemeiW4D08A5gUAZxLBTXpZ39P+a+DGDsHw1yxqyQ/jzFEnxf5uTEGp+3bzAbNOxU1paTgYS4ECU/IgfDw==",
			"dev": true,
			"engines": {
				"node": ">=6.9.0"
			}
		},
		"node_modules/@testing-library/react/node_modules/@babel/highlight": {
			"version": "7.16.7",
			"resolved": "https://registry.npmjs.org/@babel/highlight/-/highlight-7.16.7.tgz",
			"integrity": "sha512-aKpPMfLvGO3Q97V0qhw/V2SWNWlwfJknuwAunU7wZLSfrM4xTBvg7E5opUVi1kJTBKihE38CPg4nBiqX83PWYw==",
			"dev": true,
			"dependencies": {
				"@babel/helper-validator-identifier": "^7.16.7",
				"chalk": "^2.0.0",
				"js-tokens": "^4.0.0"
			},
			"engines": {
				"node": ">=6.9.0"
			}
		},
		"node_modules/@testing-library/react/node_modules/@babel/highlight/node_modules/ansi-styles": {
			"version": "3.2.1",
			"resolved": "https://registry.npmjs.org/ansi-styles/-/ansi-styles-3.2.1.tgz",
			"integrity": "sha512-VT0ZI6kZRdTh8YyJw3SMbYm/u+NqfsAxEpWO0Pf9sq8/e94WxxOpPKx9FR1FlyCtOVDNOQ+8ntlqFxiRc+r5qA==",
			"dev": true,
			"dependencies": {
				"color-convert": "^1.9.0"
			},
			"engines": {
				"node": ">=4"
			}
		},
		"node_modules/@testing-library/react/node_modules/@babel/highlight/node_modules/chalk": {
			"version": "2.4.2",
			"resolved": "https://registry.npmjs.org/chalk/-/chalk-2.4.2.tgz",
			"integrity": "sha512-Mti+f9lpJNcwF4tWV8/OrTTtF1gZi+f8FqlyAdouralcFWFQWF2+NgCHShjkCb+IFBLq9buZwE1xckQU4peSuQ==",
			"dev": true,
			"dependencies": {
				"ansi-styles": "^3.2.1",
				"escape-string-regexp": "^1.0.5",
				"supports-color": "^5.3.0"
			},
			"engines": {
				"node": ">=4"
			}
		},
		"node_modules/@testing-library/react/node_modules/@babel/highlight/node_modules/color-convert": {
			"version": "1.9.3",
			"resolved": "https://registry.npmjs.org/color-convert/-/color-convert-1.9.3.tgz",
			"integrity": "sha512-QfAUtd+vFdAtFQcC8CCyYt1fYWxSqAiK2cSD6zDB8N3cpsEBAvRxp9zOGg6G/SHHJYAT88/az/IuDGALsNVbGg==",
			"dev": true,
			"dependencies": {
				"color-name": "1.1.3"
			}
		},
		"node_modules/@testing-library/react/node_modules/@babel/highlight/node_modules/color-name": {
			"version": "1.1.3",
			"resolved": "https://registry.npmjs.org/color-name/-/color-name-1.1.3.tgz",
			"integrity": "sha1-p9BVi9icQveV3UIyj3QIMcpTvCU=",
			"dev": true
		},
		"node_modules/@testing-library/react/node_modules/@babel/highlight/node_modules/has-flag": {
			"version": "3.0.0",
			"resolved": "https://registry.npmjs.org/has-flag/-/has-flag-3.0.0.tgz",
			"integrity": "sha1-tdRU3CGZriJWmfNGfloH87lVuv0=",
			"dev": true,
			"engines": {
				"node": ">=4"
			}
		},
		"node_modules/@testing-library/react/node_modules/@babel/highlight/node_modules/supports-color": {
			"version": "5.5.0",
			"resolved": "https://registry.npmjs.org/supports-color/-/supports-color-5.5.0.tgz",
			"integrity": "sha512-QjVjwdXIt408MIiAqCX4oUKsgU2EqAGzs2Ppkm4aQYbjm+ZEWEcW4SfFNTr4uMNZma0ey4f5lgLrkB0aX0QMow==",
			"dev": true,
			"dependencies": {
				"has-flag": "^3.0.0"
			},
			"engines": {
				"node": ">=4"
			}
		},
		"node_modules/@testing-library/react/node_modules/@babel/runtime": {
			"version": "7.16.7",
			"resolved": "https://registry.npmjs.org/@babel/runtime/-/runtime-7.16.7.tgz",
			"integrity": "sha512-9E9FJowqAsytyOY6LG+1KuueckRL+aQW+mKvXRXnuFGyRAyepJPmEo9vgMfXUA6O9u3IeEdv9MAkppFcaQwogQ==",
			"dev": true,
			"dependencies": {
				"regenerator-runtime": "^0.13.4"
			},
			"engines": {
				"node": ">=6.9.0"
			}
		},
		"node_modules/@testing-library/react/node_modules/@babel/runtime-corejs3": {
			"version": "7.16.7",
			"resolved": "https://registry.npmjs.org/@babel/runtime-corejs3/-/runtime-corejs3-7.16.7.tgz",
			"integrity": "sha512-MiYR1yk8+TW/CpOD0CyX7ve9ffWTKqLk/L6pk8TPl0R8pNi+1pFY8fH9yET55KlvukQ4PAWfXsGr2YHVjcI4Pw==",
			"dev": true,
			"dependencies": {
				"core-js-pure": "^3.19.0",
				"regenerator-runtime": "^0.13.4"
			},
			"engines": {
				"node": ">=6.9.0"
			}
		},
		"node_modules/@testing-library/react/node_modules/@jest/types": {
			"version": "26.6.2",
			"resolved": "https://registry.npmjs.org/@jest/types/-/types-26.6.2.tgz",
			"integrity": "sha512-fC6QCp7Sc5sX6g8Tvbmj4XUTbyrik0akgRy03yjXbQaBWWNWGE7SGtJk98m0N8nzegD/7SggrUlivxo5ax4KWQ==",
			"dev": true,
			"dependencies": {
				"@types/istanbul-lib-coverage": "^2.0.0",
				"@types/istanbul-reports": "^3.0.0",
				"@types/node": "*",
				"@types/yargs": "^15.0.0",
				"chalk": "^4.0.0"
			},
			"engines": {
				"node": ">= 10.14.2"
			}
		},
		"node_modules/@testing-library/react/node_modules/@testing-library/dom": {
			"version": "7.31.2",
			"resolved": "https://registry.npmjs.org/@testing-library/dom/-/dom-7.31.2.tgz",
			"integrity": "sha512-3UqjCpey6HiTZT92vODYLPxTBWlM8ZOOjr3LX5F37/VRipW2M1kX6I/Cm4VXzteZqfGfagg8yXywpcOgQBlNsQ==",
			"dev": true,
			"dependencies": {
				"@babel/code-frame": "^7.10.4",
				"@babel/runtime": "^7.12.5",
				"@types/aria-query": "^4.2.0",
				"aria-query": "^4.2.2",
				"chalk": "^4.1.0",
				"dom-accessibility-api": "^0.5.6",
				"lz-string": "^1.4.4",
				"pretty-format": "^26.6.2"
			},
			"engines": {
				"node": ">=10"
			}
		},
		"node_modules/@testing-library/react/node_modules/@types/aria-query": {
			"version": "4.2.2",
			"resolved": "https://registry.npmjs.org/@types/aria-query/-/aria-query-4.2.2.tgz",
			"integrity": "sha512-HnYpAE1Y6kRyKM/XkEuiRQhTHvkzMBurTHnpFLYLBGPIylZNPs9jJcuOOYWxPLJCSEtmZT0Y8rHDokKN7rRTig==",
			"dev": true
		},
		"node_modules/@testing-library/react/node_modules/@types/istanbul-lib-coverage": {
			"version": "2.0.4",
			"resolved": "https://registry.npmjs.org/@types/istanbul-lib-coverage/-/istanbul-lib-coverage-2.0.4.tgz",
			"integrity": "sha512-z/QT1XN4K4KYuslS23k62yDIDLwLFkzxOuMplDtObz0+y7VqJCaO2o+SPwHCvLFZh7xazvvoor2tA/hPz9ee7g==",
			"dev": true
		},
		"node_modules/@testing-library/react/node_modules/@types/istanbul-lib-report": {
			"version": "3.0.0",
			"resolved": "https://registry.npmjs.org/@types/istanbul-lib-report/-/istanbul-lib-report-3.0.0.tgz",
			"integrity": "sha512-plGgXAPfVKFoYfa9NpYDAkseG+g6Jr294RqeqcqDixSbU34MZVJRi/P+7Y8GDpzkEwLaGZZOpKIEmeVZNtKsrg==",
			"dev": true,
			"dependencies": {
				"@types/istanbul-lib-coverage": "*"
			}
		},
		"node_modules/@testing-library/react/node_modules/@types/istanbul-reports": {
			"version": "3.0.1",
			"resolved": "https://registry.npmjs.org/@types/istanbul-reports/-/istanbul-reports-3.0.1.tgz",
			"integrity": "sha512-c3mAZEuK0lvBp8tmuL74XRKn1+y2dcwOUpH7x4WrF6gk1GIgiluDRgMYQtw2OFcBvAJWlt6ASU3tSqxp0Uu0Aw==",
			"dev": true,
			"dependencies": {
				"@types/istanbul-lib-report": "*"
			}
		},
		"node_modules/@testing-library/react/node_modules/@types/node": {
			"version": "17.0.8",
			"resolved": "https://registry.npmjs.org/@types/node/-/node-17.0.8.tgz",
			"integrity": "sha512-YofkM6fGv4gDJq78g4j0mMuGMkZVxZDgtU0JRdx6FgiJDG+0fY0GKVolOV8WqVmEhLCXkQRjwDdKyPxJp/uucg==",
			"dev": true
		},
		"node_modules/@testing-library/react/node_modules/@types/yargs": {
			"version": "15.0.14",
			"resolved": "https://registry.npmjs.org/@types/yargs/-/yargs-15.0.14.tgz",
			"integrity": "sha512-yEJzHoxf6SyQGhBhIYGXQDSCkJjB6HohDShto7m8vaKg9Yp0Yn8+71J9eakh2bnPg6BfsH9PRMhiRTZnd4eXGQ==",
			"dev": true,
			"dependencies": {
				"@types/yargs-parser": "*"
			}
		},
		"node_modules/@testing-library/react/node_modules/@types/yargs-parser": {
			"version": "20.2.1",
			"resolved": "https://registry.npmjs.org/@types/yargs-parser/-/yargs-parser-20.2.1.tgz",
			"integrity": "sha512-7tFImggNeNBVMsn0vLrpn1H1uPrUBdnARPTpZoitY37ZrdJREzf7I16tMrlK3hen349gr1NYh8CmZQa7CTG6Aw==",
			"dev": true
		},
		"node_modules/@testing-library/react/node_modules/ansi-regex": {
			"version": "5.0.1",
			"resolved": "https://registry.npmjs.org/ansi-regex/-/ansi-regex-5.0.1.tgz",
			"integrity": "sha512-quJQXlTSUGL2LH9SUXo8VwsY4soanhgo6LNSm84E1LBcE8s3O0wpdiRzyR9z/ZZJMlMWv37qOOb9pdJlMUEKFQ==",
			"dev": true,
			"engines": {
				"node": ">=8"
			}
		},
		"node_modules/@testing-library/react/node_modules/ansi-styles": {
			"version": "4.3.0",
			"resolved": "https://registry.npmjs.org/ansi-styles/-/ansi-styles-4.3.0.tgz",
			"integrity": "sha512-zbB9rCJAT1rbjiVDb2hqKFHNYLxgtk8NURxZ3IZwD3F6NtxbXZQCnnSi1Lkx+IDohdPlFp222wVALIheZJQSEg==",
			"dev": true,
			"dependencies": {
				"color-convert": "^2.0.1"
			},
			"engines": {
				"node": ">=8"
			},
			"funding": {
				"url": "https://github.com/chalk/ansi-styles?sponsor=1"
			}
		},
		"node_modules/@testing-library/react/node_modules/aria-query": {
			"version": "4.2.2",
			"resolved": "https://registry.npmjs.org/aria-query/-/aria-query-4.2.2.tgz",
			"integrity": "sha512-o/HelwhuKpTj/frsOsbNLNgnNGVIFsVP/SW2BSF14gVl7kAfMOJ6/8wUAUvG1R1NHKrfG+2sHZTu0yauT1qBrA==",
			"dev": true,
			"dependencies": {
				"@babel/runtime": "^7.10.2",
				"@babel/runtime-corejs3": "^7.10.2"
			},
			"engines": {
				"node": ">=6.0"
			}
		},
		"node_modules/@testing-library/react/node_modules/chalk": {
			"version": "4.1.2",
			"resolved": "https://registry.npmjs.org/chalk/-/chalk-4.1.2.tgz",
			"integrity": "sha512-oKnbhFyRIXpUuez8iBMmyEa4nbj4IOQyuhc/wy9kY7/WVPcwIO9VA668Pu8RkO7+0G76SLROeyw9CpQ061i4mA==",
			"dev": true,
			"dependencies": {
				"ansi-styles": "^4.1.0",
				"supports-color": "^7.1.0"
			},
			"engines": {
				"node": ">=10"
			},
			"funding": {
				"url": "https://github.com/chalk/chalk?sponsor=1"
			}
		},
		"node_modules/@testing-library/react/node_modules/color-convert": {
			"version": "2.0.1",
			"resolved": "https://registry.npmjs.org/color-convert/-/color-convert-2.0.1.tgz",
			"integrity": "sha512-RRECPsj7iu/xb5oKYcsFHSppFNnsj/52OVTRKb4zP5onXwVF3zVmmToNcOfGC+CRDpfK/U584fMg38ZHCaElKQ==",
			"dev": true,
			"dependencies": {
				"color-name": "~1.1.4"
			},
			"engines": {
				"node": ">=7.0.0"
			}
		},
		"node_modules/@testing-library/react/node_modules/color-name": {
			"version": "1.1.4",
			"resolved": "https://registry.npmjs.org/color-name/-/color-name-1.1.4.tgz",
			"integrity": "sha512-dOy+3AuW3a2wNbZHIuMZpTcgjGuLU/uBL/ubcZF9OXbDo8ff4O8yVp5Bf0efS8uEoYo5q4Fx7dY9OgQGXgAsQA==",
			"dev": true
		},
		"node_modules/@testing-library/react/node_modules/core-js-pure": {
			"version": "3.20.2",
			"resolved": "https://registry.npmjs.org/core-js-pure/-/core-js-pure-3.20.2.tgz",
			"integrity": "sha512-CmWHvSKn2vNL6p6StNp1EmMIfVY/pqn3JLAjfZQ8WZGPOlGoO92EkX9/Mk81i6GxvoPXjUqEQnpM3rJ5QxxIOg==",
			"dev": true,
			"hasInstallScript": true,
			"funding": {
				"type": "opencollective",
				"url": "https://opencollective.com/core-js"
			}
		},
		"node_modules/@testing-library/react/node_modules/dom-accessibility-api": {
			"version": "0.5.10",
			"resolved": "https://registry.npmjs.org/dom-accessibility-api/-/dom-accessibility-api-0.5.10.tgz",
			"integrity": "sha512-Xu9mD0UjrJisTmv7lmVSDMagQcU9R5hwAbxsaAE/35XPnPLJobbuREfV/rraiSaEj/UOvgrzQs66zyTWTlyd+g==",
			"dev": true
		},
		"node_modules/@testing-library/react/node_modules/escape-string-regexp": {
			"version": "1.0.5",
			"resolved": "https://registry.npmjs.org/escape-string-regexp/-/escape-string-regexp-1.0.5.tgz",
			"integrity": "sha1-G2HAViGQqN/2rjuyzwIAyhMLhtQ=",
			"dev": true,
			"engines": {
				"node": ">=0.8.0"
			}
		},
		"node_modules/@testing-library/react/node_modules/has-flag": {
			"version": "4.0.0",
			"resolved": "https://registry.npmjs.org/has-flag/-/has-flag-4.0.0.tgz",
			"integrity": "sha512-EykJT/Q1KjTWctppgIAgfSO0tKVuZUjhgMr17kqTumMl6Afv3EISleU7qZUzoXDFTAHTDC4NOoG/ZxU3EvlMPQ==",
			"dev": true,
			"engines": {
				"node": ">=8"
			}
		},
		"node_modules/@testing-library/react/node_modules/js-tokens": {
			"version": "4.0.0",
			"resolved": "https://registry.npmjs.org/js-tokens/-/js-tokens-4.0.0.tgz",
			"integrity": "sha512-RdJUflcE3cUzKiMqQgsCu06FPu9UdIJO0beYbPhHN4k6apgJtifcoCtT9bcxOpYBtpD2kCM6Sbzg4CausW/PKQ==",
			"dev": true
		},
		"node_modules/@testing-library/react/node_modules/lz-string": {
			"version": "1.4.4",
			"resolved": "https://registry.npmjs.org/lz-string/-/lz-string-1.4.4.tgz",
			"integrity": "sha1-wNjq82BZ9wV5bh40SBHPTEmNOiY=",
			"dev": true,
			"bin": {
				"lz-string": "bin/bin.js"
			}
		},
		"node_modules/@testing-library/react/node_modules/pretty-format": {
			"version": "26.6.2",
			"resolved": "https://registry.npmjs.org/pretty-format/-/pretty-format-26.6.2.tgz",
			"integrity": "sha512-7AeGuCYNGmycyQbCqd/3PWH4eOoX/OiCa0uphp57NVTeAGdJGaAliecxwBDHYQCIvrW7aDBZCYeNTP/WX69mkg==",
			"dev": true,
			"dependencies": {
				"@jest/types": "^26.6.2",
				"ansi-regex": "^5.0.0",
				"ansi-styles": "^4.0.0",
				"react-is": "^17.0.1"
			},
			"engines": {
				"node": ">= 10"
			}
		},
		"node_modules/@testing-library/react/node_modules/react-is": {
			"version": "17.0.2",
			"resolved": "https://registry.npmjs.org/react-is/-/react-is-17.0.2.tgz",
			"integrity": "sha512-w2GsyukL62IJnlaff/nRegPQR94C/XXamvMWmSHRJ4y7Ts/4ocGRmTHvOs8PSE6pB3dWOrD/nueuU5sduBsQ4w==",
			"dev": true
		},
		"node_modules/@testing-library/react/node_modules/regenerator-runtime": {
			"version": "0.13.9",
			"resolved": "https://registry.npmjs.org/regenerator-runtime/-/regenerator-runtime-0.13.9.tgz",
			"integrity": "sha512-p3VT+cOEgxFsRRA9X4lkI1E+k2/CtnKtU4gcxyaCUreilL/vqI6CdZ3wxVUx3UOUg+gnUOQQcRI7BmSI656MYA==",
			"dev": true
		},
		"node_modules/@testing-library/react/node_modules/supports-color": {
			"version": "7.2.0",
			"resolved": "https://registry.npmjs.org/supports-color/-/supports-color-7.2.0.tgz",
			"integrity": "sha512-qpCAvRl9stuOHveKsn7HncJRvv501qIacKzQlO/+Lwxc9+0q2wLyv4Dfvt80/DPn2pqOBsJdDiogXGR9+OvwRw==",
			"dev": true,
			"dependencies": {
				"has-flag": "^4.0.0"
			},
			"engines": {
				"node": ">=8"
			}
		}
	},
	"dependencies": {
		"@testing-library/react": {
			"version": "11.2.7",
			"resolved": "https://registry.npmjs.org/@testing-library/react/-/react-11.2.7.tgz",
			"integrity": "sha512-tzRNp7pzd5QmbtXNG/mhdcl7Awfu/Iz1RaVHY75zTdOkmHCuzMhRL83gWHSgOAcjS3CCbyfwUHMZgRJb4kAfpA==",
			"dev": true,
			"requires": {
				"@babel/runtime": "^7.12.5",
				"@testing-library/dom": "^7.28.1"
			},
			"dependencies": {
				"@babel/code-frame": {
					"version": "7.16.7",
					"resolved": "https://registry.npmjs.org/@babel/code-frame/-/code-frame-7.16.7.tgz",
					"integrity": "sha512-iAXqUn8IIeBTNd72xsFlgaXHkMBMt6y4HJp1tIaK465CWLT/fG1aqB7ykr95gHHmlBdGbFeWWfyB4NJJ0nmeIg==",
					"dev": true,
					"requires": {
						"@babel/highlight": "^7.16.7"
					}
				},
				"@babel/helper-validator-identifier": {
					"version": "7.16.7",
					"resolved": "https://registry.npmjs.org/@babel/helper-validator-identifier/-/helper-validator-identifier-7.16.7.tgz",
					"integrity": "sha512-hsEnFemeiW4D08A5gUAZxLBTXpZ39P+a+DGDsHw1yxqyQ/jzFEnxf5uTEGp+3bzAbNOxU1paTgYS4ECU/IgfDw==",
					"dev": true
				},
				"@babel/highlight": {
					"version": "7.16.7",
					"resolved": "https://registry.npmjs.org/@babel/highlight/-/highlight-7.16.7.tgz",
					"integrity": "sha512-aKpPMfLvGO3Q97V0qhw/V2SWNWlwfJknuwAunU7wZLSfrM4xTBvg7E5opUVi1kJTBKihE38CPg4nBiqX83PWYw==",
					"dev": true,
					"requires": {
						"@babel/helper-validator-identifier": "^7.16.7",
						"chalk": "^2.0.0",
						"js-tokens": "^4.0.0"
					},
					"dependencies": {
						"ansi-styles": {
							"version": "3.2.1",
							"resolved": "https://registry.npmjs.org/ansi-styles/-/ansi-styles-3.2.1.tgz",
							"integrity": "sha512-VT0ZI6kZRdTh8YyJw3SMbYm/u+NqfsAxEpWO0Pf9sq8/e94WxxOpPKx9FR1FlyCtOVDNOQ+8ntlqFxiRc+r5qA==",
							"dev": true,
							"requires": {
								"color-convert": "^1.9.0"
							}
						},
						"chalk": {
							"version": "2.4.2",
							"resolved": "https://registry.npmjs.org/chalk/-/chalk-2.4.2.tgz",
							"integrity": "sha512-Mti+f9lpJNcwF4tWV8/OrTTtF1gZi+f8FqlyAdouralcFWFQWF2+NgCHShjkCb+IFBLq9buZwE1xckQU4peSuQ==",
							"dev": true,
							"requires": {
								"ansi-styles": "^3.2.1",
								"escape-string-regexp": "^1.0.5",
								"supports-color": "^5.3.0"
							}
						},
						"color-convert": {
							"version": "1.9.3",
							"resolved": "https://registry.npmjs.org/color-convert/-/color-convert-1.9.3.tgz",
							"integrity": "sha512-QfAUtd+vFdAtFQcC8CCyYt1fYWxSqAiK2cSD6zDB8N3cpsEBAvRxp9zOGg6G/SHHJYAT88/az/IuDGALsNVbGg==",
							"dev": true,
							"requires": {
								"color-name": "1.1.3"
							}
						},
						"color-name": {
							"version": "1.1.3",
							"resolved": "https://registry.npmjs.org/color-name/-/color-name-1.1.3.tgz",
							"integrity": "sha1-p9BVi9icQveV3UIyj3QIMcpTvCU=",
							"dev": true
						},
						"has-flag": {
							"version": "3.0.0",
							"resolved": "https://registry.npmjs.org/has-flag/-/has-flag-3.0.0.tgz",
							"integrity": "sha1-tdRU3CGZriJWmfNGfloH87lVuv0=",
							"dev": true
						},
						"supports-color": {
							"version": "5.5.0",
							"resolved": "https://registry.npmjs.org/supports-color/-/supports-color-5.5.0.tgz",
							"integrity": "sha512-QjVjwdXIt408MIiAqCX4oUKsgU2EqAGzs2Ppkm4aQYbjm+ZEWEcW4SfFNTr4uMNZma0ey4f5lgLrkB0aX0QMow==",
							"dev": true,
							"requires": {
								"has-flag": "^3.0.0"
							}
						}
					}
				},
				"@babel/runtime": {
					"version": "7.16.7",
					"resolved": "https://registry.npmjs.org/@babel/runtime/-/runtime-7.16.7.tgz",
					"integrity": "sha512-9E9FJowqAsytyOY6LG+1KuueckRL+aQW+mKvXRXnuFGyRAyepJPmEo9vgMfXUA6O9u3IeEdv9MAkppFcaQwogQ==",
					"dev": true,
					"requires": {
						"regenerator-runtime": "^0.13.4"
					}
				},
				"@babel/runtime-corejs3": {
					"version": "7.16.7",
					"resolved": "https://registry.npmjs.org/@babel/runtime-corejs3/-/runtime-corejs3-7.16.7.tgz",
					"integrity": "sha512-MiYR1yk8+TW/CpOD0CyX7ve9ffWTKqLk/L6pk8TPl0R8pNi+1pFY8fH9yET55KlvukQ4PAWfXsGr2YHVjcI4Pw==",
					"dev": true,
					"requires": {
						"core-js-pure": "^3.19.0",
						"regenerator-runtime": "^0.13.4"
					}
				},
				"@jest/types": {
					"version": "26.6.2",
					"resolved": "https://registry.npmjs.org/@jest/types/-/types-26.6.2.tgz",
					"integrity": "sha512-fC6QCp7Sc5sX6g8Tvbmj4XUTbyrik0akgRy03yjXbQaBWWNWGE7SGtJk98m0N8nzegD/7SggrUlivxo5ax4KWQ==",
					"dev": true,
					"requires": {
						"@types/istanbul-lib-coverage": "^2.0.0",
						"@types/istanbul-reports": "^3.0.0",
						"@types/node": "*",
						"@types/yargs": "^15.0.0",
						"chalk": "^4.0.0"
					}
				},
				"@testing-library/dom": {
					"version": "7.31.2",
					"resolved": "https://registry.npmjs.org/@testing-library/dom/-/dom-7.31.2.tgz",
					"integrity": "sha512-3UqjCpey6HiTZT92vODYLPxTBWlM8ZOOjr3LX5F37/VRipW2M1kX6I/Cm4VXzteZqfGfagg8yXywpcOgQBlNsQ==",
					"dev": true,
					"requires": {
						"@babel/code-frame": "^7.10.4",
						"@babel/runtime": "^7.12.5",
						"@types/aria-query": "^4.2.0",
						"aria-query": "^4.2.2",
						"chalk": "^4.1.0",
						"dom-accessibility-api": "^0.5.6",
						"lz-string": "^1.4.4",
						"pretty-format": "^26.6.2"
					}
				},
				"@types/aria-query": {
					"version": "4.2.2",
					"resolved": "https://registry.npmjs.org/@types/aria-query/-/aria-query-4.2.2.tgz",
					"integrity": "sha512-HnYpAE1Y6kRyKM/XkEuiRQhTHvkzMBurTHnpFLYLBGPIylZNPs9jJcuOOYWxPLJCSEtmZT0Y8rHDokKN7rRTig==",
					"dev": true
				},
				"@types/istanbul-lib-coverage": {
					"version": "2.0.4",
					"resolved": "https://registry.npmjs.org/@types/istanbul-lib-coverage/-/istanbul-lib-coverage-2.0.4.tgz",
					"integrity": "sha512-z/QT1XN4K4KYuslS23k62yDIDLwLFkzxOuMplDtObz0+y7VqJCaO2o+SPwHCvLFZh7xazvvoor2tA/hPz9ee7g==",
					"dev": true
				},
				"@types/istanbul-lib-report": {
					"version": "3.0.0",
					"resolved": "https://registry.npmjs.org/@types/istanbul-lib-report/-/istanbul-lib-report-3.0.0.tgz",
					"integrity": "sha512-plGgXAPfVKFoYfa9NpYDAkseG+g6Jr294RqeqcqDixSbU34MZVJRi/P+7Y8GDpzkEwLaGZZOpKIEmeVZNtKsrg==",
					"dev": true,
					"requires": {
						"@types/istanbul-lib-coverage": "*"
					}
				},
				"@types/istanbul-reports": {
					"version": "3.0.1",
					"resolved": "https://registry.npmjs.org/@types/istanbul-reports/-/istanbul-reports-3.0.1.tgz",
					"integrity": "sha512-c3mAZEuK0lvBp8tmuL74XRKn1+y2dcwOUpH7x4WrF6gk1GIgiluDRgMYQtw2OFcBvAJWlt6ASU3tSqxp0Uu0Aw==",
					"dev": true,
					"requires": {
						"@types/istanbul-lib-report": "*"
					}
				},
				"@types/node": {
					"version": "17.0.8",
					"resolved": "https://registry.npmjs.org/@types/node/-/node-17.0.8.tgz",
					"integrity": "sha512-YofkM6fGv4gDJq78g4j0mMuGMkZVxZDgtU0JRdx6FgiJDG+0fY0GKVolOV8WqVmEhLCXkQRjwDdKyPxJp/uucg==",
					"dev": true
				},
				"@types/yargs": {
					"version": "15.0.14",
					"resolved": "https://registry.npmjs.org/@types/yargs/-/yargs-15.0.14.tgz",
					"integrity": "sha512-yEJzHoxf6SyQGhBhIYGXQDSCkJjB6HohDShto7m8vaKg9Yp0Yn8+71J9eakh2bnPg6BfsH9PRMhiRTZnd4eXGQ==",
					"dev": true,
					"requires": {
						"@types/yargs-parser": "*"
					}
				},
				"@types/yargs-parser": {
					"version": "20.2.1",
					"resolved": "https://registry.npmjs.org/@types/yargs-parser/-/yargs-parser-20.2.1.tgz",
					"integrity": "sha512-7tFImggNeNBVMsn0vLrpn1H1uPrUBdnARPTpZoitY37ZrdJREzf7I16tMrlK3hen349gr1NYh8CmZQa7CTG6Aw==",
					"dev": true
				},
				"ansi-regex": {
					"version": "5.0.1",
					"resolved": "https://registry.npmjs.org/ansi-regex/-/ansi-regex-5.0.1.tgz",
					"integrity": "sha512-quJQXlTSUGL2LH9SUXo8VwsY4soanhgo6LNSm84E1LBcE8s3O0wpdiRzyR9z/ZZJMlMWv37qOOb9pdJlMUEKFQ==",
					"dev": true
				},
				"ansi-styles": {
					"version": "4.3.0",
					"resolved": "https://registry.npmjs.org/ansi-styles/-/ansi-styles-4.3.0.tgz",
					"integrity": "sha512-zbB9rCJAT1rbjiVDb2hqKFHNYLxgtk8NURxZ3IZwD3F6NtxbXZQCnnSi1Lkx+IDohdPlFp222wVALIheZJQSEg==",
					"dev": true,
					"requires": {
						"color-convert": "^2.0.1"
					}
				},
				"aria-query": {
					"version": "4.2.2",
					"resolved": "https://registry.npmjs.org/aria-query/-/aria-query-4.2.2.tgz",
					"integrity": "sha512-o/HelwhuKpTj/frsOsbNLNgnNGVIFsVP/SW2BSF14gVl7kAfMOJ6/8wUAUvG1R1NHKrfG+2sHZTu0yauT1qBrA==",
					"dev": true,
					"requires": {
						"@babel/runtime": "^7.10.2",
						"@babel/runtime-corejs3": "^7.10.2"
					}
				},
				"chalk": {
					"version": "4.1.2",
					"resolved": "https://registry.npmjs.org/chalk/-/chalk-4.1.2.tgz",
					"integrity": "sha512-oKnbhFyRIXpUuez8iBMmyEa4nbj4IOQyuhc/wy9kY7/WVPcwIO9VA668Pu8RkO7+0G76SLROeyw9CpQ061i4mA==",
					"dev": true,
					"requires": {
						"ansi-styles": "^4.1.0",
						"supports-color": "^7.1.0"
					}
				},
				"color-convert": {
					"version": "2.0.1",
					"resolved": "https://registry.npmjs.org/color-convert/-/color-convert-2.0.1.tgz",
					"integrity": "sha512-RRECPsj7iu/xb5oKYcsFHSppFNnsj/52OVTRKb4zP5onXwVF3zVmmToNcOfGC+CRDpfK/U584fMg38ZHCaElKQ==",
					"dev": true,
					"requires": {
						"color-name": "~1.1.4"
					}
				},
				"color-name": {
					"version": "1.1.4",
					"resolved": "https://registry.npmjs.org/color-name/-/color-name-1.1.4.tgz",
					"integrity": "sha512-dOy+3AuW3a2wNbZHIuMZpTcgjGuLU/uBL/ubcZF9OXbDo8ff4O8yVp5Bf0efS8uEoYo5q4Fx7dY9OgQGXgAsQA==",
					"dev": true
				},
				"core-js-pure": {
					"version": "3.20.2",
					"resolved": "https://registry.npmjs.org/core-js-pure/-/core-js-pure-3.20.2.tgz",
					"integrity": "sha512-CmWHvSKn2vNL6p6StNp1EmMIfVY/pqn3JLAjfZQ8WZGPOlGoO92EkX9/Mk81i6GxvoPXjUqEQnpM3rJ5QxxIOg==",
					"dev": true
				},
				"dom-accessibility-api": {
					"version": "0.5.10",
					"resolved": "https://registry.npmjs.org/dom-accessibility-api/-/dom-accessibility-api-0.5.10.tgz",
					"integrity": "sha512-Xu9mD0UjrJisTmv7lmVSDMagQcU9R5hwAbxsaAE/35XPnPLJobbuREfV/rraiSaEj/UOvgrzQs66zyTWTlyd+g==",
					"dev": true
				},
				"escape-string-regexp": {
					"version": "1.0.5",
					"resolved": "https://registry.npmjs.org/escape-string-regexp/-/escape-string-regexp-1.0.5.tgz",
					"integrity": "sha1-G2HAViGQqN/2rjuyzwIAyhMLhtQ=",
					"dev": true
				},
				"has-flag": {
					"version": "4.0.0",
					"resolved": "https://registry.npmjs.org/has-flag/-/has-flag-4.0.0.tgz",
					"integrity": "sha512-EykJT/Q1KjTWctppgIAgfSO0tKVuZUjhgMr17kqTumMl6Afv3EISleU7qZUzoXDFTAHTDC4NOoG/ZxU3EvlMPQ==",
					"dev": true
				},
				"js-tokens": {
					"version": "4.0.0",
					"resolved": "https://registry.npmjs.org/js-tokens/-/js-tokens-4.0.0.tgz",
					"integrity": "sha512-RdJUflcE3cUzKiMqQgsCu06FPu9UdIJO0beYbPhHN4k6apgJtifcoCtT9bcxOpYBtpD2kCM6Sbzg4CausW/PKQ==",
					"dev": true
				},
				"lz-string": {
					"version": "1.4.4",
					"resolved": "https://registry.npmjs.org/lz-string/-/lz-string-1.4.4.tgz",
					"integrity": "sha1-wNjq82BZ9wV5bh40SBHPTEmNOiY=",
					"dev": true
				},
				"pretty-format": {
					"version": "26.6.2",
					"resolved": "https://registry.npmjs.org/pretty-format/-/pretty-format-26.6.2.tgz",
					"integrity": "sha512-7AeGuCYNGmycyQbCqd/3PWH4eOoX/OiCa0uphp57NVTeAGdJGaAliecxwBDHYQCIvrW7aDBZCYeNTP/WX69mkg==",
					"dev": true,
					"requires": {
						"@jest/types": "^26.6.2",
						"ansi-regex": "^5.0.0",
						"ansi-styles": "^4.0.0",
						"react-is": "^17.0.1"
					}
				},
				"react-is": {
					"version": "17.0.2",
					"resolved": "https://registry.npmjs.org/react-is/-/react-is-17.0.2.tgz",
					"integrity": "sha512-w2GsyukL62IJnlaff/nRegPQR94C/XXamvMWmSHRJ4y7Ts/4ocGRmTHvOs8PSE6pB3dWOrD/nueuU5sduBsQ4w==",
					"dev": true
				},
				"regenerator-runtime": {
					"version": "0.13.9",
					"resolved": "https://registry.npmjs.org/regenerator-runtime/-/regenerator-runtime-0.13.9.tgz",
					"integrity": "sha512-p3VT+cOEgxFsRRA9X4lkI1E+k2/CtnKtU4gcxyaCUreilL/vqI6CdZ3wxVUx3UOUg+gnUOQQcRI7BmSI656MYA==",
					"dev": true
				},
				"supports-color": {
					"version": "7.2.0",
					"resolved": "https://registry.npmjs.org/supports-color/-/supports-color-7.2.0.tgz",
					"integrity": "sha512-qpCAvRl9stuOHveKsn7HncJRvv501qIacKzQlO/+Lwxc9+0q2wLyv4Dfvt80/DPn2pqOBsJdDiogXGR9+OvwRw==",
					"dev": true,
					"requires": {
						"has-flag": "^4.0.0"
					}
				}
			}
		}
	}
}
